// !$*UTF8*$!
{
	archiveVersion = 1;
	classes = {
	};
	objectVersion = 42;
	objects = {

/* Begin PBXBuildFile section */
		3DAACC9114F1C81700F711FE /* vecLib.framework in Frameworks */ = {isa = PBXBuildFile; fileRef = 3DAACC9014F1C81700F711FE /* vecLib.framework */; };
		3DCD462814F2ADE3004D0DF7 /* GStringUtil.cc in Sources */ = {isa = PBXBuildFile; fileRef = 3DCD459814F2ADE2004D0DF7 /* GStringUtil.cc */; };
		3DCD462914F2ADE3004D0DF7 /* gvars2.cc in Sources */ = {isa = PBXBuildFile; fileRef = 3DCD459B14F2ADE2004D0DF7 /* gvars2.cc */; };
		3DCD462A14F2ADE3004D0DF7 /* gvars3.cc in Sources */ = {isa = PBXBuildFile; fileRef = 3DCD459C14F2ADE2004D0DF7 /* gvars3.cc */; };
		3DCD462B14F2ADE3004D0DF7 /* serialize.cc in Sources */ = {isa = PBXBuildFile; fileRef = 3DCD459F14F2ADE2004D0DF7 /* serialize.cc */; };
		3DCD462C14F2ADE3004D0DF7 /* ATANCamera.cc in Sources */ = {isa = PBXBuildFile; fileRef = 3DCD45A314F2ADE2004D0DF7 /* ATANCamera.cc */; };
		3DCD462D14F2ADE3004D0DF7 /* Bundle.cc in Sources */ = {isa = PBXBuildFile; fileRef = 3DCD45A514F2ADE2004D0DF7 /* Bundle.cc */; };
		3DCD462E14F2ADE3004D0DF7 /* CalibCornerPatch.cc in Sources */ = {isa = PBXBuildFile; fileRef = 3DCD45A714F2ADE2004D0DF7 /* CalibCornerPatch.cc */; };
		3DCD462F14F2ADE3004D0DF7 /* HomographyInit.cc in Sources */ = {isa = PBXBuildFile; fileRef = 3DCD45AA14F2ADE2004D0DF7 /* HomographyInit.cc */; };
		3DCD463014F2ADE3004D0DF7 /* KeyFrame.cc in Sources */ = {isa = PBXBuildFile; fileRef = 3DCD45AC14F2ADE2004D0DF7 /* KeyFrame.cc */; };
		3DCD463114F2ADE3004D0DF7 /* Map.cc in Sources */ = {isa = PBXBuildFile; fileRef = 3DCD45B014F2ADE2004D0DF7 /* Map.cc */; };
		3DCD463214F2ADE3004D0DF7 /* MapLockManager.cc in Sources */ = {isa = PBXBuildFile; fileRef = 3DCD45B214F2ADE2004D0DF7 /* MapLockManager.cc */; };
		3DCD463314F2ADE3004D0DF7 /* MapMaker.cc in Sources */ = {isa = PBXBuildFile; fileRef = 3DCD45B414F2ADE2004D0DF7 /* MapMaker.cc */; };
		3DCD463414F2ADE3004D0DF7 /* MapPoint.cc in Sources */ = {isa = PBXBuildFile; fileRef = 3DCD45B614F2ADE2004D0DF7 /* MapPoint.cc */; };
		3DCD463514F2ADE3004D0DF7 /* MapSerializer.cc in Sources */ = {isa = PBXBuildFile; fileRef = 3DCD45B814F2ADE2004D0DF7 /* MapSerializer.cc */; };
		3DCD463614F2ADE3004D0DF7 /* MD5.cc in Sources */ = {isa = PBXBuildFile; fileRef = 3DCD45BA14F2ADE2004D0DF7 /* MD5.cc */; };
		3DCD463714F2ADE3004D0DF7 /* MD5Wrapper.cc in Sources */ = {isa = PBXBuildFile; fileRef = 3DCD45BC14F2ADE2004D0DF7 /* MD5Wrapper.cc */; };
		3DCD463814F2ADE3004D0DF7 /* MiniPatch.cc in Sources */ = {isa = PBXBuildFile; fileRef = 3DCD45BF14F2ADE2004D0DF7 /* MiniPatch.cc */; };
		3DCD463914F2ADE3004D0DF7 /* PatchFinder.cc in Sources */ = {isa = PBXBuildFile; fileRef = 3DCD45C214F2ADE2004D0DF7 /* PatchFinder.cc */; };
		3DCD463A14F2ADE3004D0DF7 /* Relocaliser.cc in Sources */ = {isa = PBXBuildFile; fileRef = 3DCD45C414F2ADE2004D0DF7 /* Relocaliser.cc */; };
		3DCD463B14F2ADE3004D0DF7 /* ShiTomasi.cc in Sources */ = {isa = PBXBuildFile; fileRef = 3DCD45C614F2ADE2004D0DF7 /* ShiTomasi.cc */; };
		3DCD463C14F2ADE3004D0DF7 /* SmallBlurryImage.cc in Sources */ = {isa = PBXBuildFile; fileRef = 3DCD45C814F2ADE2004D0DF7 /* SmallBlurryImage.cc */; };
		3DCD463D14F2ADE3004D0DF7 /* tinyxml.cc in Sources */ = {isa = PBXBuildFile; fileRef = 3DCD45CC14F2ADE2004D0DF7 /* tinyxml.cc */; };
		3DCD463E14F2ADE3004D0DF7 /* tinyxmlerror.cc in Sources */ = {isa = PBXBuildFile; fileRef = 3DCD45CE14F2ADE2004D0DF7 /* tinyxmlerror.cc */; };
		3DCD463F14F2ADE3004D0DF7 /* tinyxmlparser.cc in Sources */ = {isa = PBXBuildFile; fileRef = 3DCD45CF14F2ADE2004D0DF7 /* tinyxmlparser.cc */; };
		3DCD464014F2ADE3004D0DF7 /* Tracker.cc in Sources */ = {isa = PBXBuildFile; fileRef = 3DCD45D014F2ADE2004D0DF7 /* Tracker.cc */; };
		3DCD464114F2ADE3004D0DF7 /* Utils.cc in Sources */ = {isa = PBXBuildFile; fileRef = 3DCD45D314F2ADE2004D0DF7 /* Utils.cc */; };
		3DCD464214F2ADE3004D0DF7 /* libcvd.a in Frameworks */ = {isa = PBXBuildFile; fileRef = 3DCD461214F2ADE2004D0DF7 /* libcvd.a */; };
		3DCD464314F2ADE3004D0DF7 /* libcvd-0.8.dylib in Frameworks */ = {isa = PBXBuildFile; fileRef = 3DCD461414F2ADE2004D0DF7 /* libcvd-0.8.dylib */; };
		3DCD464414F2ADE3004D0DF7 /* ofxATANCamera.cpp in Sources */ = {isa = PBXBuildFile; fileRef = 3DCD461714F2ADE2004D0DF7 /* ofxATANCamera.cpp */; };
		3DCD464514F2ADE3004D0DF7 /* ofxCalibImage.cpp in Sources */ = {isa = PBXBuildFile; fileRef = 3DCD461914F2ADE2004D0DF7 /* ofxCalibImage.cpp */; };
		3DCD464614F2ADE3004D0DF7 /* ofxCameraCalibrator.cpp in Sources */ = {isa = PBXBuildFile; fileRef = 3DCD461B14F2ADE2004D0DF7 /* ofxCameraCalibrator.cpp */; };
		3DCD464714F2ADE3004D0DF7 /* ofxPTAMM.cpp in Sources */ = {isa = PBXBuildFile; fileRef = 3DCD461D14F2ADE2004D0DF7 /* ofxPTAMM.cpp */; };
		3DCD464814F2ADE3004D0DF7 /* ofxTracker.cpp in Sources */ = {isa = PBXBuildFile; fileRef = 3DCD461F14F2ADE2004D0DF7 /* ofxTracker.cpp */; };
		BBAB23CB13894F3D00AA2426 /* GLUT.framework in CopyFiles */ = {isa = PBXBuildFile; fileRef = BBAB23BE13894E4700AA2426 /* GLUT.framework */; };
		E4328149138ABC9F0047C5CB /* openFrameworksDebug.a in Frameworks */ = {isa = PBXBuildFile; fileRef = E4328148138ABC890047C5CB /* openFrameworksDebug.a */; };
		E45BE97B0E8CC7DD009D7055 /* AGL.framework in Frameworks */ = {isa = PBXBuildFile; fileRef = E45BE9710E8CC7DD009D7055 /* AGL.framework */; };
		E45BE97C0E8CC7DD009D7055 /* ApplicationServices.framework in Frameworks */ = {isa = PBXBuildFile; fileRef = E45BE9720E8CC7DD009D7055 /* ApplicationServices.framework */; };
		E45BE97D0E8CC7DD009D7055 /* AudioToolbox.framework in Frameworks */ = {isa = PBXBuildFile; fileRef = E45BE9730E8CC7DD009D7055 /* AudioToolbox.framework */; };
		E45BE97E0E8CC7DD009D7055 /* Carbon.framework in Frameworks */ = {isa = PBXBuildFile; fileRef = E45BE9740E8CC7DD009D7055 /* Carbon.framework */; };
		E45BE97F0E8CC7DD009D7055 /* CoreAudio.framework in Frameworks */ = {isa = PBXBuildFile; fileRef = E45BE9750E8CC7DD009D7055 /* CoreAudio.framework */; };
		E45BE9800E8CC7DD009D7055 /* CoreFoundation.framework in Frameworks */ = {isa = PBXBuildFile; fileRef = E45BE9760E8CC7DD009D7055 /* CoreFoundation.framework */; };
		E45BE9810E8CC7DD009D7055 /* CoreServices.framework in Frameworks */ = {isa = PBXBuildFile; fileRef = E45BE9770E8CC7DD009D7055 /* CoreServices.framework */; };
		E45BE9830E8CC7DD009D7055 /* OpenGL.framework in Frameworks */ = {isa = PBXBuildFile; fileRef = E45BE9790E8CC7DD009D7055 /* OpenGL.framework */; };
		E45BE9840E8CC7DD009D7055 /* QuickTime.framework in Frameworks */ = {isa = PBXBuildFile; fileRef = E45BE97A0E8CC7DD009D7055 /* QuickTime.framework */; };
		E4B69E200A3A1BDC003C02F2 /* main.cpp in Sources */ = {isa = PBXBuildFile; fileRef = E4B69E1D0A3A1BDC003C02F2 /* main.cpp */; };
		E4B69E210A3A1BDC003C02F2 /* testApp.cpp in Sources */ = {isa = PBXBuildFile; fileRef = E4B69E1E0A3A1BDC003C02F2 /* testApp.cpp */; };
		E4C2424710CC5A17004149E2 /* AppKit.framework in Frameworks */ = {isa = PBXBuildFile; fileRef = E4C2424410CC5A17004149E2 /* AppKit.framework */; };
		E4C2424810CC5A17004149E2 /* Cocoa.framework in Frameworks */ = {isa = PBXBuildFile; fileRef = E4C2424510CC5A17004149E2 /* Cocoa.framework */; };
		E4C2424910CC5A17004149E2 /* IOKit.framework in Frameworks */ = {isa = PBXBuildFile; fileRef = E4C2424610CC5A17004149E2 /* IOKit.framework */; };
		E4EB6799138ADC1D00A09F29 /* GLUT.framework in Frameworks */ = {isa = PBXBuildFile; fileRef = BBAB23BE13894E4700AA2426 /* GLUT.framework */; };
/* End PBXBuildFile section */

/* Begin PBXContainerItemProxy section */
		E4328147138ABC890047C5CB /* PBXContainerItemProxy */ = {
			isa = PBXContainerItemProxy;
			containerPortal = E4328143138ABC890047C5CB /* openFrameworksLib.xcodeproj */;
			proxyType = 2;
			remoteGlobalIDString = E4B27C1510CBEB8E00536013;
			remoteInfo = openFrameworks;
		};
		E4EEB9AB138B136A00A80321 /* PBXContainerItemProxy */ = {
			isa = PBXContainerItemProxy;
			containerPortal = E4328143138ABC890047C5CB /* openFrameworksLib.xcodeproj */;
			proxyType = 1;
			remoteGlobalIDString = E4B27C1410CBEB8E00536013;
			remoteInfo = openFrameworks;
		};
/* End PBXContainerItemProxy section */

/* Begin PBXCopyFilesBuildPhase section */
		E4C2427710CC5ABF004149E2 /* CopyFiles */ = {
			isa = PBXCopyFilesBuildPhase;
			buildActionMask = 2147483647;
			dstPath = "";
			dstSubfolderSpec = 10;
			files = (
				BBAB23CB13894F3D00AA2426 /* GLUT.framework in CopyFiles */,
			);
			runOnlyForDeploymentPostprocessing = 0;
		};
/* End PBXCopyFilesBuildPhase section */

/* Begin PBXFileReference section */
		3DAACC9014F1C81700F711FE /* vecLib.framework */ = {isa = PBXFileReference; lastKnownFileType = wrapper.framework; name = vecLib.framework; path = /System/Library/Frameworks/vecLib.framework; sourceTree = "<absolute>"; };
		3DCD451E14F2ADE2004D0DF7 /* abs.h */ = {isa = PBXFileReference; fileEncoding = 4; lastKnownFileType = sourcecode.c.h; path = abs.h; sourceTree = "<group>"; };
		3DCD451F14F2ADE2004D0DF7 /* argb.h */ = {isa = PBXFileReference; fileEncoding = 4; lastKnownFileType = sourcecode.c.h; path = argb.h; sourceTree = "<group>"; };
		3DCD452014F2ADE2004D0DF7 /* bgrx.h */ = {isa = PBXFileReference; fileEncoding = 4; lastKnownFileType = sourcecode.c.h; path = bgrx.h; sourceTree = "<group>"; };
		3DCD452114F2ADE2004D0DF7 /* bresenham.h */ = {isa = PBXFileReference; fileEncoding = 4; lastKnownFileType = sourcecode.c.h; path = bresenham.h; sourceTree = "<group>"; };
		3DCD452214F2ADE2004D0DF7 /* brezenham.h */ = {isa = PBXFileReference; fileEncoding = 4; lastKnownFileType = sourcecode.c.h; path = brezenham.h; sourceTree = "<group>"; };
		3DCD452314F2ADE2004D0DF7 /* byte.h */ = {isa = PBXFileReference; fileEncoding = 4; lastKnownFileType = sourcecode.c.h; path = byte.h; sourceTree = "<group>"; };
		3DCD452414F2ADE2004D0DF7 /* camera.h */ = {isa = PBXFileReference; fileEncoding = 4; lastKnownFileType = sourcecode.c.h; path = camera.h; sourceTree = "<group>"; };
		3DCD452514F2ADE2004D0DF7 /* colourspace.h */ = {isa = PBXFileReference; fileEncoding = 4; lastKnownFileType = sourcecode.c.h; path = colourspace.h; sourceTree = "<group>"; };
		3DCD452614F2ADE2004D0DF7 /* colourspace_convert.h */ = {isa = PBXFileReference; fileEncoding = 4; lastKnownFileType = sourcecode.c.h; path = colourspace_convert.h; sourceTree = "<group>"; };
		3DCD452714F2ADE2004D0DF7 /* colourspace_frame.h */ = {isa = PBXFileReference; fileEncoding = 4; lastKnownFileType = sourcecode.c.h; path = colourspace_frame.h; sourceTree = "<group>"; };
		3DCD452814F2ADE2004D0DF7 /* colourspacebuffer.h */ = {isa = PBXFileReference; fileEncoding = 4; lastKnownFileType = sourcecode.c.h; path = colourspacebuffer.h; sourceTree = "<group>"; };
		3DCD452914F2ADE2004D0DF7 /* colourspaces.h */ = {isa = PBXFileReference; fileEncoding = 4; lastKnownFileType = sourcecode.c.h; path = colourspaces.h; sourceTree = "<group>"; };
		3DCD452A14F2ADE2004D0DF7 /* config.h */ = {isa = PBXFileReference; fileEncoding = 4; lastKnownFileType = sourcecode.c.h; path = config.h; sourceTree = "<group>"; };
		3DCD452B14F2ADE2004D0DF7 /* connected_components.h */ = {isa = PBXFileReference; fileEncoding = 4; lastKnownFileType = sourcecode.c.h; path = connected_components.h; sourceTree = "<group>"; };
		3DCD452C14F2ADE2004D0DF7 /* convolution.h */ = {isa = PBXFileReference; fileEncoding = 4; lastKnownFileType = sourcecode.c.h; path = convolution.h; sourceTree = "<group>"; };
		3DCD452D14F2ADE2004D0DF7 /* cpu_hacks.h */ = {isa = PBXFileReference; fileEncoding = 4; lastKnownFileType = sourcecode.c.h; path = cpu_hacks.h; sourceTree = "<group>"; };
		3DCD452E14F2ADE2004D0DF7 /* cvd_image.h */ = {isa = PBXFileReference; fileEncoding = 4; lastKnownFileType = sourcecode.c.h; path = cvd_image.h; sourceTree = "<group>"; };
		3DCD452F14F2ADE2004D0DF7 /* deinterlacebuffer.h */ = {isa = PBXFileReference; fileEncoding = 4; lastKnownFileType = sourcecode.c.h; path = deinterlacebuffer.h; sourceTree = "<group>"; };
		3DCD453014F2ADE2004D0DF7 /* deinterlaceframe.h */ = {isa = PBXFileReference; fileEncoding = 4; lastKnownFileType = sourcecode.c.h; path = deinterlaceframe.h; sourceTree = "<group>"; };
		3DCD453114F2ADE2004D0DF7 /* diskbuffer2.h */ = {isa = PBXFileReference; fileEncoding = 4; lastKnownFileType = sourcecode.c.h; path = diskbuffer2.h; sourceTree = "<group>"; };
		3DCD453214F2ADE2004D0DF7 /* diskbuffer2_frame.h */ = {isa = PBXFileReference; fileEncoding = 4; lastKnownFileType = sourcecode.c.h; path = diskbuffer2_frame.h; sourceTree = "<group>"; };
		3DCD453314F2ADE2004D0DF7 /* documentation.h */ = {isa = PBXFileReference; fileEncoding = 4; lastKnownFileType = sourcecode.c.h; path = documentation.h; sourceTree = "<group>"; };
		3DCD453414F2ADE2004D0DF7 /* draw.h */ = {isa = PBXFileReference; fileEncoding = 4; lastKnownFileType = sourcecode.c.h; path = draw.h; sourceTree = "<group>"; };
		3DCD453514F2ADE2004D0DF7 /* esm.h */ = {isa = PBXFileReference; fileEncoding = 4; lastKnownFileType = sourcecode.c.h; path = esm.h; sourceTree = "<group>"; };
		3DCD453614F2ADE2004D0DF7 /* eventobject.h */ = {isa = PBXFileReference; fileEncoding = 4; lastKnownFileType = sourcecode.c.h; path = eventobject.h; sourceTree = "<group>"; };
		3DCD453714F2ADE2004D0DF7 /* exceptions.h */ = {isa = PBXFileReference; fileEncoding = 4; lastKnownFileType = sourcecode.c.h; path = exceptions.h; sourceTree = "<group>"; };
		3DCD453814F2ADE2004D0DF7 /* fast_corner.h */ = {isa = PBXFileReference; fileEncoding = 4; lastKnownFileType = sourcecode.c.h; path = fast_corner.h; sourceTree = "<group>"; };
		3DCD453914F2ADE2004D0DF7 /* gl_helpers.h */ = {isa = PBXFileReference; fileEncoding = 4; lastKnownFileType = sourcecode.c.h; path = gl_helpers.h; sourceTree = "<group>"; };
		3DCD453A14F2ADE2004D0DF7 /* gles1_helpers.h */ = {isa = PBXFileReference; fileEncoding = 4; lastKnownFileType = sourcecode.c.h; path = gles1_helpers.h; sourceTree = "<group>"; };
		3DCD453B14F2ADE2004D0DF7 /* glwindow.h */ = {isa = PBXFileReference; fileEncoding = 4; lastKnownFileType = sourcecode.c.h; path = glwindow.h; sourceTree = "<group>"; };
		3DCD453C14F2ADE2004D0DF7 /* haar.h */ = {isa = PBXFileReference; fileEncoding = 4; lastKnownFileType = sourcecode.c.h; path = haar.h; sourceTree = "<group>"; };
		3DCD453D14F2ADE2004D0DF7 /* harris_corner.h */ = {isa = PBXFileReference; fileEncoding = 4; lastKnownFileType = sourcecode.c.h; path = harris_corner.h; sourceTree = "<group>"; };
		3DCD453E14F2ADE2004D0DF7 /* helpers.h */ = {isa = PBXFileReference; fileEncoding = 4; lastKnownFileType = sourcecode.c.h; path = helpers.h; sourceTree = "<group>"; };
		3DCD453F14F2ADE2004D0DF7 /* image.h */ = {isa = PBXFileReference; fileEncoding = 4; lastKnownFileType = sourcecode.c.h; path = image.h; sourceTree = "<group>"; };
		3DCD454014F2ADE2004D0DF7 /* image_convert.h */ = {isa = PBXFileReference; fileEncoding = 4; lastKnownFileType = sourcecode.c.h; path = image_convert.h; sourceTree = "<group>"; };
		3DCD454114F2ADE2004D0DF7 /* image_convert_fwd.h */ = {isa = PBXFileReference; fileEncoding = 4; lastKnownFileType = sourcecode.c.h; path = image_convert_fwd.h; sourceTree = "<group>"; };
		3DCD454214F2ADE2004D0DF7 /* image_interpolate.h */ = {isa = PBXFileReference; fileEncoding = 4; lastKnownFileType = sourcecode.c.h; path = image_interpolate.h; sourceTree = "<group>"; };
		3DCD454314F2ADE2004D0DF7 /* image_io.h */ = {isa = PBXFileReference; fileEncoding = 4; lastKnownFileType = sourcecode.c.h; path = image_io.h; sourceTree = "<group>"; };
		3DCD454414F2ADE2004D0DF7 /* image_ref.h */ = {isa = PBXFileReference; fileEncoding = 4; lastKnownFileType = sourcecode.c.h; path = image_ref.h; sourceTree = "<group>"; };
		3DCD454514F2ADE2004D0DF7 /* integral_image.h */ = {isa = PBXFileReference; fileEncoding = 4; lastKnownFileType = sourcecode.c.h; path = integral_image.h; sourceTree = "<group>"; };
		3DCD454714F2ADE2004D0DF7 /* aligned_mem.h */ = {isa = PBXFileReference; fileEncoding = 4; lastKnownFileType = sourcecode.c.h; path = aligned_mem.h; sourceTree = "<group>"; };
		3DCD454814F2ADE2004D0DF7 /* assembly.h */ = {isa = PBXFileReference; fileEncoding = 4; lastKnownFileType = sourcecode.c.h; path = assembly.h; sourceTree = "<group>"; };
		3DCD454914F2ADE2004D0DF7 /* builtin_components.h */ = {isa = PBXFileReference; fileEncoding = 4; lastKnownFileType = sourcecode.c.h; path = builtin_components.h; sourceTree = "<group>"; };
		3DCD454A14F2ADE2004D0DF7 /* convert_pixel_types.h */ = {isa = PBXFileReference; fileEncoding = 4; lastKnownFileType = sourcecode.c.h; path = convert_pixel_types.h; sourceTree = "<group>"; };
		3DCD454B14F2ADE2004D0DF7 /* gl_types.h */ = {isa = PBXFileReference; fileEncoding = 4; lastKnownFileType = sourcecode.c.h; path = gl_types.h; sourceTree = "<group>"; };
		3DCD454C14F2ADE2004D0DF7 /* gles1_types.h */ = {isa = PBXFileReference; fileEncoding = 4; lastKnownFileType = sourcecode.c.h; path = gles1_types.h; sourceTree = "<group>"; };
		3DCD454D14F2ADE2004D0DF7 /* image_ref_implementation.hh */ = {isa = PBXFileReference; fileEncoding = 4; lastKnownFileType = sourcecode.cpp.h; path = image_ref_implementation.hh; sourceTree = "<group>"; };
		3DCD454F14F2ADE2004D0DF7 /* bmp.h */ = {isa = PBXFileReference; fileEncoding = 4; lastKnownFileType = sourcecode.c.h; path = bmp.h; sourceTree = "<group>"; };
		3DCD455014F2ADE2004D0DF7 /* cvdimage.h */ = {isa = PBXFileReference; fileEncoding = 4; lastKnownFileType = sourcecode.c.h; path = cvdimage.h; sourceTree = "<group>"; };
		3DCD455114F2ADE2004D0DF7 /* fits.h */ = {isa = PBXFileReference; fileEncoding = 4; lastKnownFileType = sourcecode.c.h; path = fits.h; sourceTree = "<group>"; };
		3DCD455214F2ADE2004D0DF7 /* jpeg.h */ = {isa = PBXFileReference; fileEncoding = 4; lastKnownFileType = sourcecode.c.h; path = jpeg.h; sourceTree = "<group>"; };
		3DCD455314F2ADE2004D0DF7 /* parameter.h */ = {isa = PBXFileReference; fileEncoding = 4; lastKnownFileType = sourcecode.c.h; path = parameter.h; sourceTree = "<group>"; };
		3DCD455414F2ADE2004D0DF7 /* png.h */ = {isa = PBXFileReference; fileEncoding = 4; lastKnownFileType = sourcecode.c.h; path = png.h; sourceTree = "<group>"; };
		3DCD455514F2ADE2004D0DF7 /* pnm_grok.h */ = {isa = PBXFileReference; fileEncoding = 4; lastKnownFileType = sourcecode.c.h; path = pnm_grok.h; sourceTree = "<group>"; };
		3DCD455614F2ADE2004D0DF7 /* save_postscript.h */ = {isa = PBXFileReference; fileEncoding = 4; lastKnownFileType = sourcecode.c.h; path = save_postscript.h; sourceTree = "<group>"; };
		3DCD455714F2ADE2004D0DF7 /* text.h */ = {isa = PBXFileReference; fileEncoding = 4; lastKnownFileType = sourcecode.c.h; path = text.h; sourceTree = "<group>"; };
		3DCD455814F2ADE2004D0DF7 /* tiff.h */ = {isa = PBXFileReference; fileEncoding = 4; lastKnownFileType = sourcecode.c.h; path = tiff.h; sourceTree = "<group>"; };
		3DCD455914F2ADE2004D0DF7 /* is_pod.h */ = {isa = PBXFileReference; fileEncoding = 4; lastKnownFileType = sourcecode.c.h; path = is_pod.h; sourceTree = "<group>"; };
		3DCD455A14F2ADE2004D0DF7 /* load_and_save.h */ = {isa = PBXFileReference; fileEncoding = 4; lastKnownFileType = sourcecode.c.h; path = load_and_save.h; sourceTree = "<group>"; };
		3DCD455B14F2ADE2004D0DF7 /* name_builtin_types.h */ = {isa = PBXFileReference; fileEncoding = 4; lastKnownFileType = sourcecode.c.h; path = name_builtin_types.h; sourceTree = "<group>"; };
		3DCD455C14F2ADE2004D0DF7 /* name_CVD_rgb_types.h */ = {isa = PBXFileReference; fileEncoding = 4; lastKnownFileType = sourcecode.c.h; path = name_CVD_rgb_types.h; sourceTree = "<group>"; };
		3DCD455D14F2ADE2004D0DF7 /* pixel_operations.h */ = {isa = PBXFileReference; fileEncoding = 4; lastKnownFileType = sourcecode.c.h; path = pixel_operations.h; sourceTree = "<group>"; };
		3DCD455E14F2ADE2004D0DF7 /* pixel_traits.h */ = {isa = PBXFileReference; fileEncoding = 4; lastKnownFileType = sourcecode.c.h; path = pixel_traits.h; sourceTree = "<group>"; };
		3DCD455F14F2ADE2004D0DF7 /* rgb_components.h */ = {isa = PBXFileReference; fileEncoding = 4; lastKnownFileType = sourcecode.c.h; path = rgb_components.h; sourceTree = "<group>"; };
		3DCD456014F2ADE2004D0DF7 /* scalar_convert.h */ = {isa = PBXFileReference; fileEncoding = 4; lastKnownFileType = sourcecode.c.h; path = scalar_convert.h; sourceTree = "<group>"; };
		3DCD456114F2ADE2004D0DF7 /* simple_vector.h */ = {isa = PBXFileReference; fileEncoding = 4; lastKnownFileType = sourcecode.c.h; path = simple_vector.h; sourceTree = "<group>"; };
		3DCD456214F2ADE2004D0DF7 /* win.h */ = {isa = PBXFileReference; fileEncoding = 4; lastKnownFileType = sourcecode.c.h; path = win.h; sourceTree = "<group>"; };
		3DCD456314F2ADE2004D0DF7 /* interpolate.h */ = {isa = PBXFileReference; fileEncoding = 4; lastKnownFileType = sourcecode.c.h; path = interpolate.h; sourceTree = "<group>"; };
		3DCD456514F2ADE2004D0DF7 /* irls.h */ = {isa = PBXFileReference; fileEncoding = 4; lastKnownFileType = sourcecode.c.h; path = irls.h; sourceTree = "<group>"; };
		3DCD456614F2ADE2004D0DF7 /* la.h */ = {isa = PBXFileReference; fileEncoding = 4; lastKnownFileType = sourcecode.c.h; path = la.h; sourceTree = "<group>"; };
		3DCD456814F2ADE2004D0DF7 /* localvideobuffer.h */ = {isa = PBXFileReference; fileEncoding = 4; lastKnownFileType = sourcecode.c.h; path = localvideobuffer.h; sourceTree = "<group>"; };
		3DCD456914F2ADE2004D0DF7 /* localvideoframe.h */ = {isa = PBXFileReference; fileEncoding = 4; lastKnownFileType = sourcecode.c.h; path = localvideoframe.h; sourceTree = "<group>"; };
		3DCD456A14F2ADE2004D0DF7 /* message_queue.h */ = {isa = PBXFileReference; fileEncoding = 4; lastKnownFileType = sourcecode.c.h; path = message_queue.h; sourceTree = "<group>"; };
		3DCD456B14F2ADE2004D0DF7 /* morphology.h */ = {isa = PBXFileReference; fileEncoding = 4; lastKnownFileType = sourcecode.c.h; path = morphology.h; sourceTree = "<group>"; };
		3DCD456C14F2ADE2004D0DF7 /* nocopy.h */ = {isa = PBXFileReference; fileEncoding = 4; lastKnownFileType = sourcecode.c.h; path = nocopy.h; sourceTree = "<group>"; };
		3DCD456D14F2ADE2004D0DF7 /* nonmax_suppression.h */ = {isa = PBXFileReference; fileEncoding = 4; lastKnownFileType = sourcecode.c.h; path = nonmax_suppression.h; sourceTree = "<group>"; };
		3DCD457014F2ADE2004D0DF7 /* interface.h */ = {isa = PBXFileReference; fileEncoding = 4; lastKnownFileType = sourcecode.c.h; path = interface.h; sourceTree = "<group>"; };
		3DCD457114F2ADE2004D0DF7 /* selector.h */ = {isa = PBXFileReference; fileEncoding = 4; lastKnownFileType = sourcecode.c.h; path = selector.h; sourceTree = "<group>"; };
		3DCD457214F2ADE2004D0DF7 /* types.h */ = {isa = PBXFileReference; fileEncoding = 4; lastKnownFileType = sourcecode.c.h; path = types.h; sourceTree = "<group>"; };
		3DCD457314F2ADE2004D0DF7 /* random.h */ = {isa = PBXFileReference; fileEncoding = 4; lastKnownFileType = sourcecode.c.h; path = random.h; sourceTree = "<group>"; };
		3DCD457414F2ADE2004D0DF7 /* readaheadvideobuffer.h */ = {isa = PBXFileReference; fileEncoding = 4; lastKnownFileType = sourcecode.c.h; path = readaheadvideobuffer.h; sourceTree = "<group>"; };
		3DCD457514F2ADE2004D0DF7 /* rgb.h */ = {isa = PBXFileReference; fileEncoding = 4; lastKnownFileType = sourcecode.c.h; path = rgb.h; sourceTree = "<group>"; };
		3DCD457614F2ADE2004D0DF7 /* rgb8.h */ = {isa = PBXFileReference; fileEncoding = 4; lastKnownFileType = sourcecode.c.h; path = rgb8.h; sourceTree = "<group>"; };
		3DCD457714F2ADE2004D0DF7 /* rgba.h */ = {isa = PBXFileReference; fileEncoding = 4; lastKnownFileType = sourcecode.c.h; path = rgba.h; sourceTree = "<group>"; };
		3DCD457814F2ADE2004D0DF7 /* ringbuffer.h */ = {isa = PBXFileReference; fileEncoding = 4; lastKnownFileType = sourcecode.c.h; path = ringbuffer.h; sourceTree = "<group>"; };
		3DCD457914F2ADE2004D0DF7 /* runnable.h */ = {isa = PBXFileReference; fileEncoding = 4; lastKnownFileType = sourcecode.c.h; path = runnable.h; sourceTree = "<group>"; };
		3DCD457A14F2ADE2004D0DF7 /* runnable_batch.h */ = {isa = PBXFileReference; fileEncoding = 4; lastKnownFileType = sourcecode.c.h; path = runnable_batch.h; sourceTree = "<group>"; };
		3DCD457B14F2ADE2004D0DF7 /* se2.h */ = {isa = PBXFileReference; fileEncoding = 4; lastKnownFileType = sourcecode.c.h; path = se2.h; sourceTree = "<group>"; };
		3DCD457C14F2ADE2004D0DF7 /* se3.h */ = {isa = PBXFileReference; fileEncoding = 4; lastKnownFileType = sourcecode.c.h; path = se3.h; sourceTree = "<group>"; };
		3DCD457D14F2ADE2004D0DF7 /* serverpushjpegbuffer.h */ = {isa = PBXFileReference; fileEncoding = 4; lastKnownFileType = sourcecode.c.h; path = serverpushjpegbuffer.h; sourceTree = "<group>"; };
		3DCD457E14F2ADE2004D0DF7 /* serverpushjpegframe.h */ = {isa = PBXFileReference; fileEncoding = 4; lastKnownFileType = sourcecode.c.h; path = serverpushjpegframe.h; sourceTree = "<group>"; };
		3DCD457F14F2ADE2004D0DF7 /* so2.h */ = {isa = PBXFileReference; fileEncoding = 4; lastKnownFileType = sourcecode.c.h; path = so2.h; sourceTree = "<group>"; };
		3DCD458014F2ADE2004D0DF7 /* so3.h */ = {isa = PBXFileReference; fileEncoding = 4; lastKnownFileType = sourcecode.c.h; path = so3.h; sourceTree = "<group>"; };
		3DCD458114F2ADE2004D0DF7 /* synchronized.h */ = {isa = PBXFileReference; fileEncoding = 4; lastKnownFileType = sourcecode.c.h; path = synchronized.h; sourceTree = "<group>"; };
		3DCD458214F2ADE2004D0DF7 /* tensor_voting.h */ = {isa = PBXFileReference; fileEncoding = 4; lastKnownFileType = sourcecode.c.h; path = tensor_voting.h; sourceTree = "<group>"; };
		3DCD458314F2ADE2004D0DF7 /* thread.h */ = {isa = PBXFileReference; fileEncoding = 4; lastKnownFileType = sourcecode.c.h; path = thread.h; sourceTree = "<group>"; };
		3DCD458414F2ADE2004D0DF7 /* timeddiskbuffer.h */ = {isa = PBXFileReference; fileEncoding = 4; lastKnownFileType = sourcecode.c.h; path = timeddiskbuffer.h; sourceTree = "<group>"; };
		3DCD458514F2ADE2004D0DF7 /* timer.h */ = {isa = PBXFileReference; fileEncoding = 4; lastKnownFileType = sourcecode.c.h; path = timer.h; sourceTree = "<group>"; };
		3DCD458614F2ADE2004D0DF7 /* utility.h */ = {isa = PBXFileReference; fileEncoding = 4; lastKnownFileType = sourcecode.c.h; path = utility.h; sourceTree = "<group>"; };
		3DCD458714F2ADE2004D0DF7 /* vector_image_ref.h */ = {isa = PBXFileReference; fileEncoding = 4; lastKnownFileType = sourcecode.c.h; path = vector_image_ref.h; sourceTree = "<group>"; };
		3DCD458814F2ADE2004D0DF7 /* videobuffer.h */ = {isa = PBXFileReference; fileEncoding = 4; lastKnownFileType = sourcecode.c.h; path = videobuffer.h; sourceTree = "<group>"; };
		3DCD458914F2ADE2004D0DF7 /* videobufferflags.h */ = {isa = PBXFileReference; fileEncoding = 4; lastKnownFileType = sourcecode.c.h; path = videobufferflags.h; sourceTree = "<group>"; };
		3DCD458A14F2ADE2004D0DF7 /* videobufferwithdata.h */ = {isa = PBXFileReference; fileEncoding = 4; lastKnownFileType = sourcecode.c.h; path = videobufferwithdata.h; sourceTree = "<group>"; };
		3DCD458B14F2ADE2004D0DF7 /* videofilebuffer.h */ = {isa = PBXFileReference; fileEncoding = 4; lastKnownFileType = sourcecode.c.h; path = videofilebuffer.h; sourceTree = "<group>"; };
		3DCD458C14F2ADE2004D0DF7 /* videofilebuffer_frame.h */ = {isa = PBXFileReference; fileEncoding = 4; lastKnownFileType = sourcecode.c.h; path = videofilebuffer_frame.h; sourceTree = "<group>"; };
		3DCD458D14F2ADE2004D0DF7 /* videoframe.h */ = {isa = PBXFileReference; fileEncoding = 4; lastKnownFileType = sourcecode.c.h; path = videoframe.h; sourceTree = "<group>"; };
		3DCD458E14F2ADE2004D0DF7 /* videosource.h */ = {isa = PBXFileReference; fileEncoding = 4; lastKnownFileType = sourcecode.c.h; path = videosource.h; sourceTree = "<group>"; };
		3DCD458F14F2ADE2004D0DF7 /* vision.h */ = {isa = PBXFileReference; fileEncoding = 4; lastKnownFileType = sourcecode.c.h; path = vision.h; sourceTree = "<group>"; };
		3DCD459014F2ADE2004D0DF7 /* vision_exceptions.h */ = {isa = PBXFileReference; fileEncoding = 4; lastKnownFileType = sourcecode.c.h; path = vision_exceptions.h; sourceTree = "<group>"; };
		3DCD459114F2ADE2004D0DF7 /* wls.h */ = {isa = PBXFileReference; fileEncoding = 4; lastKnownFileType = sourcecode.c.h; path = wls.h; sourceTree = "<group>"; };
		3DCD459214F2ADE2004D0DF7 /* wls_c.h */ = {isa = PBXFileReference; fileEncoding = 4; lastKnownFileType = sourcecode.c.h; path = wls_c.h; sourceTree = "<group>"; };
		3DCD459314F2ADE2004D0DF7 /* wls_cholesky.h */ = {isa = PBXFileReference; fileEncoding = 4; lastKnownFileType = sourcecode.c.h; path = wls_cholesky.h; sourceTree = "<group>"; };
		3DCD459414F2ADE2004D0DF7 /* yc.h */ = {isa = PBXFileReference; fileEncoding = 4; lastKnownFileType = sourcecode.c.h; path = yc.h; sourceTree = "<group>"; };
		3DCD459614F2ADE2004D0DF7 /* config.h */ = {isa = PBXFileReference; fileEncoding = 4; lastKnownFileType = sourcecode.c.h; path = config.h; sourceTree = "<group>"; };
		3DCD459714F2ADE2004D0DF7 /* default.h */ = {isa = PBXFileReference; fileEncoding = 4; lastKnownFileType = sourcecode.c.h; path = default.h; sourceTree = "<group>"; };
		3DCD459814F2ADE2004D0DF7 /* GStringUtil.cc */ = {isa = PBXFileReference; fileEncoding = 4; lastKnownFileType = sourcecode.cpp.cpp; path = GStringUtil.cc; sourceTree = "<group>"; };
		3DCD459914F2ADE2004D0DF7 /* GStringUtil.h */ = {isa = PBXFileReference; fileEncoding = 4; lastKnownFileType = sourcecode.c.h; path = GStringUtil.h; sourceTree = "<group>"; };
		3DCD459A14F2ADE2004D0DF7 /* gv3_implementation.hh */ = {isa = PBXFileReference; fileEncoding = 4; lastKnownFileType = sourcecode.cpp.h; path = gv3_implementation.hh; sourceTree = "<group>"; };
		3DCD459B14F2ADE2004D0DF7 /* gvars2.cc */ = {isa = PBXFileReference; fileEncoding = 4; lastKnownFileType = sourcecode.cpp.cpp; path = gvars2.cc; sourceTree = "<group>"; };
		3DCD459C14F2ADE2004D0DF7 /* gvars3.cc */ = {isa = PBXFileReference; fileEncoding = 4; lastKnownFileType = sourcecode.cpp.cpp; path = gvars3.cc; sourceTree = "<group>"; };
		3DCD459D14F2ADE2004D0DF7 /* gvars3.h */ = {isa = PBXFileReference; fileEncoding = 4; lastKnownFileType = sourcecode.c.h; path = gvars3.h; sourceTree = "<group>"; };
		3DCD459E14F2ADE2004D0DF7 /* instances.h */ = {isa = PBXFileReference; fileEncoding = 4; lastKnownFileType = sourcecode.c.h; path = instances.h; sourceTree = "<group>"; };
		3DCD459F14F2ADE2004D0DF7 /* serialize.cc */ = {isa = PBXFileReference; fileEncoding = 4; lastKnownFileType = sourcecode.cpp.cpp; path = serialize.cc; sourceTree = "<group>"; };
		3DCD45A014F2ADE2004D0DF7 /* serialize.h */ = {isa = PBXFileReference; fileEncoding = 4; lastKnownFileType = sourcecode.c.h; path = serialize.h; sourceTree = "<group>"; };
		3DCD45A114F2ADE2004D0DF7 /* type_name.h */ = {isa = PBXFileReference; fileEncoding = 4; lastKnownFileType = sourcecode.c.h; path = type_name.h; sourceTree = "<group>"; };
		3DCD45A314F2ADE2004D0DF7 /* ATANCamera.cc */ = {isa = PBXFileReference; fileEncoding = 4; lastKnownFileType = sourcecode.cpp.cpp; path = ATANCamera.cc; sourceTree = "<group>"; };
		3DCD45A414F2ADE2004D0DF7 /* ATANCamera.h */ = {isa = PBXFileReference; fileEncoding = 4; lastKnownFileType = sourcecode.c.h; path = ATANCamera.h; sourceTree = "<group>"; };
		3DCD45A514F2ADE2004D0DF7 /* Bundle.cc */ = {isa = PBXFileReference; fileEncoding = 4; lastKnownFileType = sourcecode.cpp.cpp; path = Bundle.cc; sourceTree = "<group>"; };
		3DCD45A614F2ADE2004D0DF7 /* Bundle.h */ = {isa = PBXFileReference; fileEncoding = 4; lastKnownFileType = sourcecode.c.h; path = Bundle.h; sourceTree = "<group>"; };
		3DCD45A714F2ADE2004D0DF7 /* CalibCornerPatch.cc */ = {isa = PBXFileReference; fileEncoding = 4; lastKnownFileType = sourcecode.cpp.cpp; path = CalibCornerPatch.cc; sourceTree = "<group>"; };
		3DCD45A814F2ADE2004D0DF7 /* CalibCornerPatch.h */ = {isa = PBXFileReference; fileEncoding = 4; lastKnownFileType = sourcecode.c.h; path = CalibCornerPatch.h; sourceTree = "<group>"; };
		3DCD45A914F2ADE2004D0DF7 /* globals.h */ = {isa = PBXFileReference; fileEncoding = 4; lastKnownFileType = sourcecode.c.h; path = globals.h; sourceTree = "<group>"; };
		3DCD45AA14F2ADE2004D0DF7 /* HomographyInit.cc */ = {isa = PBXFileReference; fileEncoding = 4; lastKnownFileType = sourcecode.cpp.cpp; path = HomographyInit.cc; sourceTree = "<group>"; };
		3DCD45AB14F2ADE2004D0DF7 /* HomographyInit.h */ = {isa = PBXFileReference; fileEncoding = 4; lastKnownFileType = sourcecode.c.h; path = HomographyInit.h; sourceTree = "<group>"; };
		3DCD45AC14F2ADE2004D0DF7 /* KeyFrame.cc */ = {isa = PBXFileReference; fileEncoding = 4; lastKnownFileType = sourcecode.cpp.cpp; path = KeyFrame.cc; sourceTree = "<group>"; };
		3DCD45AD14F2ADE2004D0DF7 /* KeyFrame.h */ = {isa = PBXFileReference; fileEncoding = 4; lastKnownFileType = sourcecode.c.h; path = KeyFrame.h; sourceTree = "<group>"; };
		3DCD45AE14F2ADE2004D0DF7 /* LevelHelpers.h */ = {isa = PBXFileReference; fileEncoding = 4; lastKnownFileType = sourcecode.c.h; path = LevelHelpers.h; sourceTree = "<group>"; };
		3DCD45AF14F2ADE2004D0DF7 /* LICENSE.txt */ = {isa = PBXFileReference; fileEncoding = 4; lastKnownFileType = text; path = LICENSE.txt; sourceTree = "<group>"; };
		3DCD45B014F2ADE2004D0DF7 /* Map.cc */ = {isa = PBXFileReference; fileEncoding = 4; lastKnownFileType = sourcecode.cpp.cpp; path = Map.cc; sourceTree = "<group>"; };
		3DCD45B114F2ADE2004D0DF7 /* Map.h */ = {isa = PBXFileReference; fileEncoding = 4; lastKnownFileType = sourcecode.c.h; path = Map.h; sourceTree = "<group>"; };
		3DCD45B214F2ADE2004D0DF7 /* MapLockManager.cc */ = {isa = PBXFileReference; fileEncoding = 4; lastKnownFileType = sourcecode.cpp.cpp; path = MapLockManager.cc; sourceTree = "<group>"; };
		3DCD45B314F2ADE2004D0DF7 /* MapLockManager.h */ = {isa = PBXFileReference; fileEncoding = 4; lastKnownFileType = sourcecode.c.h; path = MapLockManager.h; sourceTree = "<group>"; };
		3DCD45B414F2ADE2004D0DF7 /* MapMaker.cc */ = {isa = PBXFileReference; fileEncoding = 4; lastKnownFileType = sourcecode.cpp.cpp; path = MapMaker.cc; sourceTree = "<group>"; };
		3DCD45B514F2ADE2004D0DF7 /* MapMaker.h */ = {isa = PBXFileReference; fileEncoding = 4; lastKnownFileType = sourcecode.c.h; path = MapMaker.h; sourceTree = "<group>"; };
		3DCD45B614F2ADE2004D0DF7 /* MapPoint.cc */ = {isa = PBXFileReference; fileEncoding = 4; lastKnownFileType = sourcecode.cpp.cpp; path = MapPoint.cc; sourceTree = "<group>"; };
		3DCD45B714F2ADE2004D0DF7 /* MapPoint.h */ = {isa = PBXFileReference; fileEncoding = 4; lastKnownFileType = sourcecode.c.h; path = MapPoint.h; sourceTree = "<group>"; };
		3DCD45B814F2ADE2004D0DF7 /* MapSerializer.cc */ = {isa = PBXFileReference; fileEncoding = 4; lastKnownFileType = sourcecode.cpp.cpp; path = MapSerializer.cc; sourceTree = "<group>"; };
		3DCD45B914F2ADE2004D0DF7 /* MapSerializer.h */ = {isa = PBXFileReference; fileEncoding = 4; lastKnownFileType = sourcecode.c.h; path = MapSerializer.h; sourceTree = "<group>"; };
		3DCD45BA14F2ADE2004D0DF7 /* MD5.cc */ = {isa = PBXFileReference; fileEncoding = 4; lastKnownFileType = sourcecode.cpp.cpp; path = MD5.cc; sourceTree = "<group>"; };
		3DCD45BB14F2ADE2004D0DF7 /* MD5.h */ = {isa = PBXFileReference; fileEncoding = 4; lastKnownFileType = sourcecode.c.h; path = MD5.h; sourceTree = "<group>"; };
		3DCD45BC14F2ADE2004D0DF7 /* MD5Wrapper.cc */ = {isa = PBXFileReference; fileEncoding = 4; lastKnownFileType = sourcecode.cpp.cpp; path = MD5Wrapper.cc; sourceTree = "<group>"; };
		3DCD45BD14F2ADE2004D0DF7 /* MD5Wrapper.h */ = {isa = PBXFileReference; fileEncoding = 4; lastKnownFileType = sourcecode.c.h; path = MD5Wrapper.h; sourceTree = "<group>"; };
		3DCD45BE14F2ADE2004D0DF7 /* MEstimator.h */ = {isa = PBXFileReference; fileEncoding = 4; lastKnownFileType = sourcecode.c.h; path = MEstimator.h; sourceTree = "<group>"; };
		3DCD45BF14F2ADE2004D0DF7 /* MiniPatch.cc */ = {isa = PBXFileReference; fileEncoding = 4; lastKnownFileType = sourcecode.cpp.cpp; path = MiniPatch.cc; sourceTree = "<group>"; };
		3DCD45C014F2ADE2004D0DF7 /* MiniPatch.h */ = {isa = PBXFileReference; fileEncoding = 4; lastKnownFileType = sourcecode.c.h; path = MiniPatch.h; sourceTree = "<group>"; };
		3DCD45C114F2ADE2004D0DF7 /* OpenGL.h */ = {isa = PBXFileReference; fileEncoding = 4; lastKnownFileType = sourcecode.c.h; path = OpenGL.h; sourceTree = "<group>"; };
		3DCD45C214F2ADE2004D0DF7 /* PatchFinder.cc */ = {isa = PBXFileReference; fileEncoding = 4; lastKnownFileType = sourcecode.cpp.cpp; path = PatchFinder.cc; sourceTree = "<group>"; };
		3DCD45C314F2ADE2004D0DF7 /* PatchFinder.h */ = {isa = PBXFileReference; fileEncoding = 4; lastKnownFileType = sourcecode.c.h; path = PatchFinder.h; sourceTree = "<group>"; };
		3DCD45C414F2ADE2004D0DF7 /* Relocaliser.cc */ = {isa = PBXFileReference; fileEncoding = 4; lastKnownFileType = sourcecode.cpp.cpp; path = Relocaliser.cc; sourceTree = "<group>"; };
		3DCD45C514F2ADE2004D0DF7 /* Relocaliser.h */ = {isa = PBXFileReference; fileEncoding = 4; lastKnownFileType = sourcecode.c.h; path = Relocaliser.h; sourceTree = "<group>"; };
		3DCD45C614F2ADE2004D0DF7 /* ShiTomasi.cc */ = {isa = PBXFileReference; fileEncoding = 4; lastKnownFileType = sourcecode.cpp.cpp; path = ShiTomasi.cc; sourceTree = "<group>"; };
		3DCD45C714F2ADE2004D0DF7 /* ShiTomasi.h */ = {isa = PBXFileReference; fileEncoding = 4; lastKnownFileType = sourcecode.c.h; path = ShiTomasi.h; sourceTree = "<group>"; };
		3DCD45C814F2ADE2004D0DF7 /* SmallBlurryImage.cc */ = {isa = PBXFileReference; fileEncoding = 4; lastKnownFileType = sourcecode.cpp.cpp; path = SmallBlurryImage.cc; sourceTree = "<group>"; };
		3DCD45C914F2ADE2004D0DF7 /* SmallBlurryImage.h */ = {isa = PBXFileReference; fileEncoding = 4; lastKnownFileType = sourcecode.c.h; path = SmallBlurryImage.h; sourceTree = "<group>"; };
		3DCD45CA14F2ADE2004D0DF7 /* SmallMatrixOpts.h */ = {isa = PBXFileReference; fileEncoding = 4; lastKnownFileType = sourcecode.c.h; path = SmallMatrixOpts.h; sourceTree = "<group>"; };
		3DCD45CB14F2ADE2004D0DF7 /* tinyxml license.txt */ = {isa = PBXFileReference; fileEncoding = 4; lastKnownFileType = text; path = "tinyxml license.txt"; sourceTree = "<group>"; };
		3DCD45CC14F2ADE2004D0DF7 /* tinyxml.cc */ = {isa = PBXFileReference; fileEncoding = 4; lastKnownFileType = sourcecode.cpp.cpp; path = tinyxml.cc; sourceTree = "<group>"; };
		3DCD45CD14F2ADE2004D0DF7 /* tinyxml.h */ = {isa = PBXFileReference; fileEncoding = 4; lastKnownFileType = sourcecode.c.h; path = tinyxml.h; sourceTree = "<group>"; };
		3DCD45CE14F2ADE2004D0DF7 /* tinyxmlerror.cc */ = {isa = PBXFileReference; fileEncoding = 4; lastKnownFileType = sourcecode.cpp.cpp; path = tinyxmlerror.cc; sourceTree = "<group>"; };
		3DCD45CF14F2ADE2004D0DF7 /* tinyxmlparser.cc */ = {isa = PBXFileReference; fileEncoding = 4; lastKnownFileType = sourcecode.cpp.cpp; path = tinyxmlparser.cc; sourceTree = "<group>"; };
		3DCD45D014F2ADE2004D0DF7 /* Tracker.cc */ = {isa = PBXFileReference; fileEncoding = 4; lastKnownFileType = sourcecode.cpp.cpp; path = Tracker.cc; sourceTree = "<group>"; };
		3DCD45D114F2ADE2004D0DF7 /* Tracker.h */ = {isa = PBXFileReference; fileEncoding = 4; lastKnownFileType = sourcecode.c.h; path = Tracker.h; sourceTree = "<group>"; };
		3DCD45D214F2ADE2004D0DF7 /* TrackerData.h */ = {isa = PBXFileReference; fileEncoding = 4; lastKnownFileType = sourcecode.c.h; path = TrackerData.h; sourceTree = "<group>"; };
		3DCD45D314F2ADE2004D0DF7 /* Utils.cc */ = {isa = PBXFileReference; fileEncoding = 4; lastKnownFileType = sourcecode.cpp.cpp; path = Utils.cc; sourceTree = "<group>"; };
		3DCD45D414F2ADE2004D0DF7 /* Utils.h */ = {isa = PBXFileReference; fileEncoding = 4; lastKnownFileType = sourcecode.c.h; path = Utils.h; sourceTree = "<group>"; };
		3DCD45D814F2ADE2004D0DF7 /* Cholesky.h */ = {isa = PBXFileReference; fileEncoding = 4; lastKnownFileType = sourcecode.c.h; path = Cholesky.h; sourceTree = "<group>"; };
		3DCD45D914F2ADE2004D0DF7 /* determinant.h */ = {isa = PBXFileReference; fileEncoding = 4; lastKnownFileType = sourcecode.c.h; path = determinant.h; sourceTree = "<group>"; };
		3DCD45DB14F2ADE2004D0DF7 /* derivatives.h */ = {isa = PBXFileReference; fileEncoding = 4; lastKnownFileType = sourcecode.c.h; path = derivatives.h; sourceTree = "<group>"; };
		3DCD45DC14F2ADE2004D0DF7 /* fadbad.h */ = {isa = PBXFileReference; fileEncoding = 4; lastKnownFileType = sourcecode.c.h; path = fadbad.h; sourceTree = "<group>"; };
		3DCD45DD14F2ADE2004D0DF7 /* gauss_jordan.h */ = {isa = PBXFileReference; fileEncoding = 4; lastKnownFileType = sourcecode.c.h; path = gauss_jordan.h; sourceTree = "<group>"; };
		3DCD45DE14F2ADE2004D0DF7 /* gaussian_elimination.h */ = {isa = PBXFileReference; fileEncoding = 4; lastKnownFileType = sourcecode.c.h; path = gaussian_elimination.h; sourceTree = "<group>"; };
		3DCD45DF14F2ADE2004D0DF7 /* generated.h */ = {isa = PBXFileReference; fileEncoding = 4; lastKnownFileType = sourcecode.c.h; path = generated.h; sourceTree = "<group>"; };
		3DCD45E014F2ADE2004D0DF7 /* GR_SVD.h */ = {isa = PBXFileReference; fileEncoding = 4; lastKnownFileType = sourcecode.c.h; path = GR_SVD.h; sourceTree = "<group>"; };
		3DCD45E114F2ADE2004D0DF7 /* helpers.h */ = {isa = PBXFileReference; fileEncoding = 4; lastKnownFileType = sourcecode.c.h; path = helpers.h; sourceTree = "<group>"; };
		3DCD45E314F2ADE2004D0DF7 /* allocator.hh */ = {isa = PBXFileReference; fileEncoding = 4; lastKnownFileType = sourcecode.cpp.h; path = allocator.hh; sourceTree = "<group>"; };
		3DCD45E414F2ADE2004D0DF7 /* builtin_typeof.h */ = {isa = PBXFileReference; fileEncoding = 4; lastKnownFileType = sourcecode.c.h; path = builtin_typeof.h; sourceTree = "<group>"; };
		3DCD45E514F2ADE2004D0DF7 /* comma.hh */ = {isa = PBXFileReference; fileEncoding = 4; lastKnownFileType = sourcecode.cpp.h; path = comma.hh; sourceTree = "<group>"; };
		3DCD45E614F2ADE2004D0DF7 /* config.hh */ = {isa = PBXFileReference; fileEncoding = 4; lastKnownFileType = sourcecode.cpp.h; path = config.hh; sourceTree = "<group>"; };
		3DCD45E714F2ADE2004D0DF7 /* config.hh.in */ = {isa = PBXFileReference; fileEncoding = 4; lastKnownFileType = text; path = config.hh.in; sourceTree = "<group>"; };
		3DCD45E814F2ADE2004D0DF7 /* data.hh */ = {isa = PBXFileReference; fileEncoding = 4; lastKnownFileType = sourcecode.cpp.h; path = data.hh; sourceTree = "<group>"; };
		3DCD45E914F2ADE2004D0DF7 /* data_functions.hh */ = {isa = PBXFileReference; fileEncoding = 4; lastKnownFileType = sourcecode.cpp.h; path = data_functions.hh; sourceTree = "<group>"; };
		3DCD45EA14F2ADE2004D0DF7 /* dchecktest.hh */ = {isa = PBXFileReference; fileEncoding = 4; lastKnownFileType = sourcecode.cpp.h; path = dchecktest.hh; sourceTree = "<group>"; };
		3DCD45EB14F2ADE2004D0DF7 /* debug.hh */ = {isa = PBXFileReference; fileEncoding = 4; lastKnownFileType = sourcecode.cpp.h; path = debug.hh; sourceTree = "<group>"; };
		3DCD45EC14F2ADE2004D0DF7 /* deprecated.hh */ = {isa = PBXFileReference; fileEncoding = 4; lastKnownFileType = sourcecode.cpp.h; path = deprecated.hh; sourceTree = "<group>"; };
		3DCD45ED14F2ADE2004D0DF7 /* diagmatrix.h */ = {isa = PBXFileReference; fileEncoding = 4; lastKnownFileType = sourcecode.c.h; path = diagmatrix.h; sourceTree = "<group>"; };
		3DCD45EE14F2ADE2004D0DF7 /* make_vector.hh */ = {isa = PBXFileReference; fileEncoding = 4; lastKnownFileType = sourcecode.cpp.h; path = make_vector.hh; sourceTree = "<group>"; };
		3DCD45EF14F2ADE2004D0DF7 /* matrix.hh */ = {isa = PBXFileReference; fileEncoding = 4; lastKnownFileType = sourcecode.cpp.h; path = matrix.hh; sourceTree = "<group>"; };
		3DCD45F014F2ADE2004D0DF7 /* mbase.hh */ = {isa = PBXFileReference; fileEncoding = 4; lastKnownFileType = sourcecode.cpp.h; path = mbase.hh; sourceTree = "<group>"; };
		3DCD45F114F2ADE2004D0DF7 /* objects.h */ = {isa = PBXFileReference; fileEncoding = 4; lastKnownFileType = sourcecode.c.h; path = objects.h; sourceTree = "<group>"; };
		3DCD45F214F2ADE2004D0DF7 /* operators.hh */ = {isa = PBXFileReference; fileEncoding = 4; lastKnownFileType = sourcecode.cpp.h; path = operators.hh; sourceTree = "<group>"; };
		3DCD45F314F2ADE2004D0DF7 /* overfill_error.hh */ = {isa = PBXFileReference; fileEncoding = 4; lastKnownFileType = sourcecode.cpp.h; path = overfill_error.hh; sourceTree = "<group>"; };
		3DCD45F414F2ADE2004D0DF7 /* planar_complex.hh */ = {isa = PBXFileReference; fileEncoding = 4; lastKnownFileType = sourcecode.cpp.h; path = planar_complex.hh; sourceTree = "<group>"; };
		3DCD45F514F2ADE2004D0DF7 /* reference.hh */ = {isa = PBXFileReference; fileEncoding = 4; lastKnownFileType = sourcecode.cpp.h; path = reference.hh; sourceTree = "<group>"; };
		3DCD45F614F2ADE2004D0DF7 /* size_mismatch.hh */ = {isa = PBXFileReference; fileEncoding = 4; lastKnownFileType = sourcecode.cpp.h; path = size_mismatch.hh; sourceTree = "<group>"; };
		3DCD45F714F2ADE2004D0DF7 /* slice_error.hh */ = {isa = PBXFileReference; fileEncoding = 4; lastKnownFileType = sourcecode.cpp.h; path = slice_error.hh; sourceTree = "<group>"; };
		3DCD45F814F2ADE2004D0DF7 /* typeof.hh */ = {isa = PBXFileReference; fileEncoding = 4; lastKnownFileType = sourcecode.cpp.h; path = typeof.hh; sourceTree = "<group>"; };
		3DCD45F914F2ADE2004D0DF7 /* vbase.hh */ = {isa = PBXFileReference; fileEncoding = 4; lastKnownFileType = sourcecode.cpp.h; path = vbase.hh; sourceTree = "<group>"; };
		3DCD45FA14F2ADE2004D0DF7 /* vector.hh */ = {isa = PBXFileReference; fileEncoding = 4; lastKnownFileType = sourcecode.cpp.h; path = vector.hh; sourceTree = "<group>"; };
		3DCD45FB14F2ADE2004D0DF7 /* irls.h */ = {isa = PBXFileReference; fileEncoding = 4; lastKnownFileType = sourcecode.c.h; path = irls.h; sourceTree = "<group>"; };
		3DCD45FC14F2ADE2004D0DF7 /* lapack.h */ = {isa = PBXFileReference; fileEncoding = 4; lastKnownFileType = sourcecode.c.h; path = lapack.h; sourceTree = "<group>"; };
		3DCD45FD14F2ADE2004D0DF7 /* Lapack_Cholesky.h */ = {isa = PBXFileReference; fileEncoding = 4; lastKnownFileType = sourcecode.c.h; path = Lapack_Cholesky.h; sourceTree = "<group>"; };
		3DCD45FE14F2ADE2004D0DF7 /* LU.h */ = {isa = PBXFileReference; fileEncoding = 4; lastKnownFileType = sourcecode.c.h; path = LU.h; sourceTree = "<group>"; };
		3DCD460014F2ADE2004D0DF7 /* brent.h */ = {isa = PBXFileReference; fileEncoding = 4; lastKnownFileType = sourcecode.c.h; path = brent.h; sourceTree = "<group>"; };
		3DCD460114F2ADE2004D0DF7 /* conjugate_gradient.h */ = {isa = PBXFileReference; fileEncoding = 4; lastKnownFileType = sourcecode.c.h; path = conjugate_gradient.h; sourceTree = "<group>"; };
		3DCD460214F2ADE2004D0DF7 /* downhill_simplex.h */ = {isa = PBXFileReference; fileEncoding = 4; lastKnownFileType = sourcecode.c.h; path = downhill_simplex.h; sourceTree = "<group>"; };
		3DCD460314F2ADE2004D0DF7 /* golden_section.h */ = {isa = PBXFileReference; fileEncoding = 4; lastKnownFileType = sourcecode.c.h; path = golden_section.h; sourceTree = "<group>"; };
		3DCD460414F2ADE2004D0DF7 /* QR_Lapack.h */ = {isa = PBXFileReference; fileEncoding = 4; lastKnownFileType = sourcecode.c.h; path = QR_Lapack.h; sourceTree = "<group>"; };
		3DCD460514F2ADE2004D0DF7 /* se2.h */ = {isa = PBXFileReference; fileEncoding = 4; lastKnownFileType = sourcecode.c.h; path = se2.h; sourceTree = "<group>"; };
		3DCD460614F2ADE2004D0DF7 /* se3.h */ = {isa = PBXFileReference; fileEncoding = 4; lastKnownFileType = sourcecode.c.h; path = se3.h; sourceTree = "<group>"; };
		3DCD460714F2ADE2004D0DF7 /* sim2.h */ = {isa = PBXFileReference; fileEncoding = 4; lastKnownFileType = sourcecode.c.h; path = sim2.h; sourceTree = "<group>"; };
		3DCD460814F2ADE2004D0DF7 /* sim3.h */ = {isa = PBXFileReference; fileEncoding = 4; lastKnownFileType = sourcecode.c.h; path = sim3.h; sourceTree = "<group>"; };
		3DCD460914F2ADE2004D0DF7 /* sl.h */ = {isa = PBXFileReference; fileEncoding = 4; lastKnownFileType = sourcecode.c.h; path = sl.h; sourceTree = "<group>"; };
		3DCD460A14F2ADE2004D0DF7 /* so2.h */ = {isa = PBXFileReference; fileEncoding = 4; lastKnownFileType = sourcecode.c.h; path = so2.h; sourceTree = "<group>"; };
		3DCD460B14F2ADE2004D0DF7 /* so3.h */ = {isa = PBXFileReference; fileEncoding = 4; lastKnownFileType = sourcecode.c.h; path = so3.h; sourceTree = "<group>"; };
		3DCD460C14F2ADE2004D0DF7 /* SVD.h */ = {isa = PBXFileReference; fileEncoding = 4; lastKnownFileType = sourcecode.c.h; path = SVD.h; sourceTree = "<group>"; };
		3DCD460D14F2ADE2004D0DF7 /* SymEigen.h */ = {isa = PBXFileReference; fileEncoding = 4; lastKnownFileType = sourcecode.c.h; path = SymEigen.h; sourceTree = "<group>"; };
		3DCD460E14F2ADE2004D0DF7 /* TooN.h */ = {isa = PBXFileReference; fileEncoding = 4; lastKnownFileType = sourcecode.c.h; path = TooN.h; sourceTree = "<group>"; };
		3DCD460F14F2ADE2004D0DF7 /* wls.h */ = {isa = PBXFileReference; fileEncoding = 4; lastKnownFileType = sourcecode.c.h; path = wls.h; sourceTree = "<group>"; };
		3DCD461214F2ADE2004D0DF7 /* libcvd.a */ = {isa = PBXFileReference; lastKnownFileType = archive.ar; path = libcvd.a; sourceTree = "<group>"; };
		3DCD461414F2ADE2004D0DF7 /* libcvd-0.8.dylib */ = {isa = PBXFileReference; lastKnownFileType = "compiled.mach-o.dylib"; path = "libcvd-0.8.dylib"; sourceTree = "<group>"; };
		3DCD461514F2ADE2004D0DF7 /* README.md */ = {isa = PBXFileReference; fileEncoding = 4; lastKnownFileType = text; path = README.md; sourceTree = "<group>"; };
		3DCD461714F2ADE2004D0DF7 /* ofxATANCamera.cpp */ = {isa = PBXFileReference; fileEncoding = 4; lastKnownFileType = sourcecode.cpp.cpp; path = ofxATANCamera.cpp; sourceTree = "<group>"; };
		3DCD461814F2ADE2004D0DF7 /* ofxATANCamera.h */ = {isa = PBXFileReference; fileEncoding = 4; lastKnownFileType = sourcecode.c.h; path = ofxATANCamera.h; sourceTree = "<group>"; };
		3DCD461914F2ADE2004D0DF7 /* ofxCalibImage.cpp */ = {isa = PBXFileReference; fileEncoding = 4; lastKnownFileType = sourcecode.cpp.cpp; path = ofxCalibImage.cpp; sourceTree = "<group>"; };
		3DCD461A14F2ADE2004D0DF7 /* ofxCalibImage.h */ = {isa = PBXFileReference; fileEncoding = 4; lastKnownFileType = sourcecode.c.h; path = ofxCalibImage.h; sourceTree = "<group>"; };
		3DCD461B14F2ADE2004D0DF7 /* ofxCameraCalibrator.cpp */ = {isa = PBXFileReference; fileEncoding = 4; lastKnownFileType = sourcecode.cpp.cpp; path = ofxCameraCalibrator.cpp; sourceTree = "<group>"; };
		3DCD461C14F2ADE2004D0DF7 /* ofxCameraCalibrator.h */ = {isa = PBXFileReference; fileEncoding = 4; lastKnownFileType = sourcecode.c.h; path = ofxCameraCalibrator.h; sourceTree = "<group>"; };
		3DCD461D14F2ADE2004D0DF7 /* ofxPTAMM.cpp */ = {isa = PBXFileReference; fileEncoding = 4; lastKnownFileType = sourcecode.cpp.cpp; path = ofxPTAMM.cpp; sourceTree = "<group>"; };
		3DCD461E14F2ADE2004D0DF7 /* ofxPTAMM.h */ = {isa = PBXFileReference; fileEncoding = 4; lastKnownFileType = sourcecode.c.h; path = ofxPTAMM.h; sourceTree = "<group>"; };
		3DCD461F14F2ADE2004D0DF7 /* ofxTracker.cpp */ = {isa = PBXFileReference; fileEncoding = 4; lastKnownFileType = sourcecode.cpp.cpp; path = ofxTracker.cpp; sourceTree = "<group>"; };
		3DCD462014F2ADE2004D0DF7 /* ofxTracker.h */ = {isa = PBXFileReference; fileEncoding = 4; lastKnownFileType = sourcecode.c.h; path = ofxTracker.h; sourceTree = "<group>"; };
		BBAB23BE13894E4700AA2426 /* GLUT.framework */ = {isa = PBXFileReference; lastKnownFileType = wrapper.framework; name = GLUT.framework; path = ../../../libs/glut/lib/osx/GLUT.framework; sourceTree = "<group>"; };
		E4328143138ABC890047C5CB /* openFrameworksLib.xcodeproj */ = {isa = PBXFileReference; lastKnownFileType = "wrapper.pb-project"; name = openFrameworksLib.xcodeproj; path = ../../../libs/openFrameworksCompiled/project/osx/openFrameworksLib.xcodeproj; sourceTree = SOURCE_ROOT; };
		E45BE9710E8CC7DD009D7055 /* AGL.framework */ = {isa = PBXFileReference; lastKnownFileType = wrapper.framework; name = AGL.framework; path = /System/Library/Frameworks/AGL.framework; sourceTree = "<absolute>"; };
		E45BE9720E8CC7DD009D7055 /* ApplicationServices.framework */ = {isa = PBXFileReference; lastKnownFileType = wrapper.framework; name = ApplicationServices.framework; path = /System/Library/Frameworks/ApplicationServices.framework; sourceTree = "<absolute>"; };
		E45BE9730E8CC7DD009D7055 /* AudioToolbox.framework */ = {isa = PBXFileReference; lastKnownFileType = wrapper.framework; name = AudioToolbox.framework; path = /System/Library/Frameworks/AudioToolbox.framework; sourceTree = "<absolute>"; };
		E45BE9740E8CC7DD009D7055 /* Carbon.framework */ = {isa = PBXFileReference; lastKnownFileType = wrapper.framework; name = Carbon.framework; path = /System/Library/Frameworks/Carbon.framework; sourceTree = "<absolute>"; };
		E45BE9750E8CC7DD009D7055 /* CoreAudio.framework */ = {isa = PBXFileReference; lastKnownFileType = wrapper.framework; name = CoreAudio.framework; path = /System/Library/Frameworks/CoreAudio.framework; sourceTree = "<absolute>"; };
		E45BE9760E8CC7DD009D7055 /* CoreFoundation.framework */ = {isa = PBXFileReference; lastKnownFileType = wrapper.framework; name = CoreFoundation.framework; path = /System/Library/Frameworks/CoreFoundation.framework; sourceTree = "<absolute>"; };
		E45BE9770E8CC7DD009D7055 /* CoreServices.framework */ = {isa = PBXFileReference; lastKnownFileType = wrapper.framework; name = CoreServices.framework; path = /System/Library/Frameworks/CoreServices.framework; sourceTree = "<absolute>"; };
		E45BE9790E8CC7DD009D7055 /* OpenGL.framework */ = {isa = PBXFileReference; lastKnownFileType = wrapper.framework; name = OpenGL.framework; path = /System/Library/Frameworks/OpenGL.framework; sourceTree = "<absolute>"; };
		E45BE97A0E8CC7DD009D7055 /* QuickTime.framework */ = {isa = PBXFileReference; lastKnownFileType = wrapper.framework; name = QuickTime.framework; path = /System/Library/Frameworks/QuickTime.framework; sourceTree = "<absolute>"; };
		E4B69B5B0A3A1756003C02F2 /* emptyExampleDebug.app */ = {isa = PBXFileReference; explicitFileType = wrapper.application; includeInIndex = 0; path = emptyExampleDebug.app; sourceTree = BUILT_PRODUCTS_DIR; };
		E4B69E1D0A3A1BDC003C02F2 /* main.cpp */ = {isa = PBXFileReference; fileEncoding = 30; lastKnownFileType = sourcecode.cpp.cpp; name = main.cpp; path = src/main.cpp; sourceTree = SOURCE_ROOT; };
		E4B69E1E0A3A1BDC003C02F2 /* testApp.cpp */ = {isa = PBXFileReference; explicitFileType = sourcecode.cpp.cpp; fileEncoding = 30; name = testApp.cpp; path = src/testApp.cpp; sourceTree = SOURCE_ROOT; };
		E4B69E1F0A3A1BDC003C02F2 /* testApp.h */ = {isa = PBXFileReference; fileEncoding = 30; lastKnownFileType = sourcecode.c.h; name = testApp.h; path = src/testApp.h; sourceTree = SOURCE_ROOT; };
		E4B6FCAD0C3E899E008CF71C /* openFrameworks-Info.plist */ = {isa = PBXFileReference; fileEncoding = 30; lastKnownFileType = text.plist.xml; path = "openFrameworks-Info.plist"; sourceTree = "<group>"; };
		E4C2424410CC5A17004149E2 /* AppKit.framework */ = {isa = PBXFileReference; lastKnownFileType = wrapper.framework; name = AppKit.framework; path = /System/Library/Frameworks/AppKit.framework; sourceTree = "<absolute>"; };
		E4C2424510CC5A17004149E2 /* Cocoa.framework */ = {isa = PBXFileReference; lastKnownFileType = wrapper.framework; name = Cocoa.framework; path = /System/Library/Frameworks/Cocoa.framework; sourceTree = "<absolute>"; };
		E4C2424610CC5A17004149E2 /* IOKit.framework */ = {isa = PBXFileReference; lastKnownFileType = wrapper.framework; name = IOKit.framework; path = /System/Library/Frameworks/IOKit.framework; sourceTree = "<absolute>"; };
		E4EB691F138AFCF100A09F29 /* CoreOF.xcconfig */ = {isa = PBXFileReference; fileEncoding = 4; lastKnownFileType = text.xcconfig; name = CoreOF.xcconfig; path = ../../../libs/openFrameworksCompiled/project/osx/CoreOF.xcconfig; sourceTree = SOURCE_ROOT; };
		E4EB6923138AFD0F00A09F29 /* Project.xcconfig */ = {isa = PBXFileReference; fileEncoding = 4; lastKnownFileType = text.xcconfig; path = Project.xcconfig; sourceTree = "<group>"; };
/* End PBXFileReference section */

/* Begin PBXFrameworksBuildPhase section */
		E4B69B590A3A1756003C02F2 /* Frameworks */ = {
			isa = PBXFrameworksBuildPhase;
			buildActionMask = 2147483647;
			files = (
				3DAACC9114F1C81700F711FE /* vecLib.framework in Frameworks */,
				E4EB6799138ADC1D00A09F29 /* GLUT.framework in Frameworks */,
				E4328149138ABC9F0047C5CB /* openFrameworksDebug.a in Frameworks */,
				E45BE97B0E8CC7DD009D7055 /* AGL.framework in Frameworks */,
				E45BE97C0E8CC7DD009D7055 /* ApplicationServices.framework in Frameworks */,
				E45BE97D0E8CC7DD009D7055 /* AudioToolbox.framework in Frameworks */,
				E45BE97E0E8CC7DD009D7055 /* Carbon.framework in Frameworks */,
				E45BE97F0E8CC7DD009D7055 /* CoreAudio.framework in Frameworks */,
				E45BE9800E8CC7DD009D7055 /* CoreFoundation.framework in Frameworks */,
				E45BE9810E8CC7DD009D7055 /* CoreServices.framework in Frameworks */,
				E45BE9830E8CC7DD009D7055 /* OpenGL.framework in Frameworks */,
				E45BE9840E8CC7DD009D7055 /* QuickTime.framework in Frameworks */,
				E4C2424710CC5A17004149E2 /* AppKit.framework in Frameworks */,
				E4C2424810CC5A17004149E2 /* Cocoa.framework in Frameworks */,
				E4C2424910CC5A17004149E2 /* IOKit.framework in Frameworks */,
				3DCD464214F2ADE3004D0DF7 /* libcvd.a in Frameworks */,
				3DCD464314F2ADE3004D0DF7 /* libcvd-0.8.dylib in Frameworks */,
			);
			runOnlyForDeploymentPostprocessing = 0;
		};
/* End PBXFrameworksBuildPhase section */

/* Begin PBXGroup section */
		3DCD450C14F2ADE2004D0DF7 /* ofxPTAMM */ = {
			isa = PBXGroup;
			children = (
				3DCD451C14F2ADE2004D0DF7 /* include */,
				3DCD461014F2ADE2004D0DF7 /* libs */,
				3DCD461514F2ADE2004D0DF7 /* README.md */,
				3DCD461614F2ADE2004D0DF7 /* src */,
			);
			name = ofxPTAMM;
			path = ../../../addons/ofxPTAMM;
			sourceTree = "<group>";
		};
		3DCD451C14F2ADE2004D0DF7 /* include */ = {
			isa = PBXGroup;
			children = (
				3DCD451D14F2ADE2004D0DF7 /* cvd */,
				3DCD459514F2ADE2004D0DF7 /* gvars3 */,
				3DCD45A214F2ADE2004D0DF7 /* PTAMM */,
				3DCD45D714F2ADE2004D0DF7 /* TooN */,
			);
			path = include;
			sourceTree = "<group>";
		};
		3DCD451D14F2ADE2004D0DF7 /* cvd */ = {
			isa = PBXGroup;
			children = (
				3DCD451E14F2ADE2004D0DF7 /* abs.h */,
				3DCD451F14F2ADE2004D0DF7 /* argb.h */,
				3DCD452014F2ADE2004D0DF7 /* bgrx.h */,
				3DCD452114F2ADE2004D0DF7 /* bresenham.h */,
				3DCD452214F2ADE2004D0DF7 /* brezenham.h */,
				3DCD452314F2ADE2004D0DF7 /* byte.h */,
				3DCD452414F2ADE2004D0DF7 /* camera.h */,
				3DCD452514F2ADE2004D0DF7 /* colourspace.h */,
				3DCD452614F2ADE2004D0DF7 /* colourspace_convert.h */,
				3DCD452714F2ADE2004D0DF7 /* colourspace_frame.h */,
				3DCD452814F2ADE2004D0DF7 /* colourspacebuffer.h */,
				3DCD452914F2ADE2004D0DF7 /* colourspaces.h */,
				3DCD452A14F2ADE2004D0DF7 /* config.h */,
				3DCD452B14F2ADE2004D0DF7 /* connected_components.h */,
				3DCD452C14F2ADE2004D0DF7 /* convolution.h */,
				3DCD452D14F2ADE2004D0DF7 /* cpu_hacks.h */,
				3DCD452E14F2ADE2004D0DF7 /* cvd_image.h */,
				3DCD452F14F2ADE2004D0DF7 /* deinterlacebuffer.h */,
				3DCD453014F2ADE2004D0DF7 /* deinterlaceframe.h */,
				3DCD453114F2ADE2004D0DF7 /* diskbuffer2.h */,
				3DCD453214F2ADE2004D0DF7 /* diskbuffer2_frame.h */,
				3DCD453314F2ADE2004D0DF7 /* documentation.h */,
				3DCD453414F2ADE2004D0DF7 /* draw.h */,
				3DCD453514F2ADE2004D0DF7 /* esm.h */,
				3DCD453614F2ADE2004D0DF7 /* eventobject.h */,
				3DCD453714F2ADE2004D0DF7 /* exceptions.h */,
				3DCD453814F2ADE2004D0DF7 /* fast_corner.h */,
				3DCD453914F2ADE2004D0DF7 /* gl_helpers.h */,
				3DCD453A14F2ADE2004D0DF7 /* gles1_helpers.h */,
				3DCD453B14F2ADE2004D0DF7 /* glwindow.h */,
				3DCD453C14F2ADE2004D0DF7 /* haar.h */,
				3DCD453D14F2ADE2004D0DF7 /* harris_corner.h */,
				3DCD453E14F2ADE2004D0DF7 /* helpers.h */,
				3DCD453F14F2ADE2004D0DF7 /* image.h */,
				3DCD454014F2ADE2004D0DF7 /* image_convert.h */,
				3DCD454114F2ADE2004D0DF7 /* image_convert_fwd.h */,
				3DCD454214F2ADE2004D0DF7 /* image_interpolate.h */,
				3DCD454314F2ADE2004D0DF7 /* image_io.h */,
				3DCD454414F2ADE2004D0DF7 /* image_ref.h */,
				3DCD454514F2ADE2004D0DF7 /* integral_image.h */,
				3DCD454614F2ADE2004D0DF7 /* internal */,
				3DCD456314F2ADE2004D0DF7 /* interpolate.h */,
				3DCD456414F2ADE2004D0DF7 /* IRIX */,
				3DCD456514F2ADE2004D0DF7 /* irls.h */,
				3DCD456614F2ADE2004D0DF7 /* la.h */,
				3DCD456714F2ADE2004D0DF7 /* Linux */,
				3DCD456814F2ADE2004D0DF7 /* localvideobuffer.h */,
				3DCD456914F2ADE2004D0DF7 /* localvideoframe.h */,
				3DCD456A14F2ADE2004D0DF7 /* message_queue.h */,
				3DCD456B14F2ADE2004D0DF7 /* morphology.h */,
				3DCD456C14F2ADE2004D0DF7 /* nocopy.h */,
				3DCD456D14F2ADE2004D0DF7 /* nonmax_suppression.h */,
				3DCD456E14F2ADE2004D0DF7 /* OSX */,
				3DCD456F14F2ADE2004D0DF7 /* python */,
				3DCD457314F2ADE2004D0DF7 /* random.h */,
				3DCD457414F2ADE2004D0DF7 /* readaheadvideobuffer.h */,
				3DCD457514F2ADE2004D0DF7 /* rgb.h */,
				3DCD457614F2ADE2004D0DF7 /* rgb8.h */,
				3DCD457714F2ADE2004D0DF7 /* rgba.h */,
				3DCD457814F2ADE2004D0DF7 /* ringbuffer.h */,
				3DCD457914F2ADE2004D0DF7 /* runnable.h */,
				3DCD457A14F2ADE2004D0DF7 /* runnable_batch.h */,
				3DCD457B14F2ADE2004D0DF7 /* se2.h */,
				3DCD457C14F2ADE2004D0DF7 /* se3.h */,
				3DCD457D14F2ADE2004D0DF7 /* serverpushjpegbuffer.h */,
				3DCD457E14F2ADE2004D0DF7 /* serverpushjpegframe.h */,
				3DCD457F14F2ADE2004D0DF7 /* so2.h */,
				3DCD458014F2ADE2004D0DF7 /* so3.h */,
				3DCD458114F2ADE2004D0DF7 /* synchronized.h */,
				3DCD458214F2ADE2004D0DF7 /* tensor_voting.h */,
				3DCD458314F2ADE2004D0DF7 /* thread.h */,
				3DCD458414F2ADE2004D0DF7 /* timeddiskbuffer.h */,
				3DCD458514F2ADE2004D0DF7 /* timer.h */,
				3DCD458614F2ADE2004D0DF7 /* utility.h */,
				3DCD458714F2ADE2004D0DF7 /* vector_image_ref.h */,
				3DCD458814F2ADE2004D0DF7 /* videobuffer.h */,
				3DCD458914F2ADE2004D0DF7 /* videobufferflags.h */,
				3DCD458A14F2ADE2004D0DF7 /* videobufferwithdata.h */,
				3DCD458B14F2ADE2004D0DF7 /* videofilebuffer.h */,
				3DCD458C14F2ADE2004D0DF7 /* videofilebuffer_frame.h */,
				3DCD458D14F2ADE2004D0DF7 /* videoframe.h */,
				3DCD458E14F2ADE2004D0DF7 /* videosource.h */,
				3DCD458F14F2ADE2004D0DF7 /* vision.h */,
				3DCD459014F2ADE2004D0DF7 /* vision_exceptions.h */,
				3DCD459114F2ADE2004D0DF7 /* wls.h */,
				3DCD459214F2ADE2004D0DF7 /* wls_c.h */,
				3DCD459314F2ADE2004D0DF7 /* wls_cholesky.h */,
				3DCD459414F2ADE2004D0DF7 /* yc.h */,
			);
			path = cvd;
			sourceTree = "<group>";
		};
		3DCD454614F2ADE2004D0DF7 /* internal */ = {
			isa = PBXGroup;
			children = (
				3DCD454714F2ADE2004D0DF7 /* aligned_mem.h */,
				3DCD454814F2ADE2004D0DF7 /* assembly.h */,
				3DCD454914F2ADE2004D0DF7 /* builtin_components.h */,
				3DCD454A14F2ADE2004D0DF7 /* convert_pixel_types.h */,
				3DCD454B14F2ADE2004D0DF7 /* gl_types.h */,
				3DCD454C14F2ADE2004D0DF7 /* gles1_types.h */,
				3DCD454D14F2ADE2004D0DF7 /* image_ref_implementation.hh */,
				3DCD454E14F2ADE2004D0DF7 /* io */,
				3DCD455914F2ADE2004D0DF7 /* is_pod.h */,
				3DCD455A14F2ADE2004D0DF7 /* load_and_save.h */,
				3DCD455B14F2ADE2004D0DF7 /* name_builtin_types.h */,
				3DCD455C14F2ADE2004D0DF7 /* name_CVD_rgb_types.h */,
				3DCD455D14F2ADE2004D0DF7 /* pixel_operations.h */,
				3DCD455E14F2ADE2004D0DF7 /* pixel_traits.h */,
				3DCD455F14F2ADE2004D0DF7 /* rgb_components.h */,
				3DCD456014F2ADE2004D0DF7 /* scalar_convert.h */,
				3DCD456114F2ADE2004D0DF7 /* simple_vector.h */,
				3DCD456214F2ADE2004D0DF7 /* win.h */,
			);
			path = internal;
			sourceTree = "<group>";
		};
		3DCD454E14F2ADE2004D0DF7 /* io */ = {
			isa = PBXGroup;
			children = (
				3DCD454F14F2ADE2004D0DF7 /* bmp.h */,
				3DCD455014F2ADE2004D0DF7 /* cvdimage.h */,
				3DCD455114F2ADE2004D0DF7 /* fits.h */,
				3DCD455214F2ADE2004D0DF7 /* jpeg.h */,
				3DCD455314F2ADE2004D0DF7 /* parameter.h */,
				3DCD455414F2ADE2004D0DF7 /* png.h */,
				3DCD455514F2ADE2004D0DF7 /* pnm_grok.h */,
				3DCD455614F2ADE2004D0DF7 /* save_postscript.h */,
				3DCD455714F2ADE2004D0DF7 /* text.h */,
				3DCD455814F2ADE2004D0DF7 /* tiff.h */,
			);
			path = io;
			sourceTree = "<group>";
		};
		3DCD456414F2ADE2004D0DF7 /* IRIX */ = {
			isa = PBXGroup;
			children = (
			);
			path = IRIX;
			sourceTree = "<group>";
		};
		3DCD456714F2ADE2004D0DF7 /* Linux */ = {
			isa = PBXGroup;
			children = (
			);
			path = Linux;
			sourceTree = "<group>";
		};
		3DCD456E14F2ADE2004D0DF7 /* OSX */ = {
			isa = PBXGroup;
			children = (
			);
			path = OSX;
			sourceTree = "<group>";
		};
		3DCD456F14F2ADE2004D0DF7 /* python */ = {
			isa = PBXGroup;
			children = (
				3DCD457014F2ADE2004D0DF7 /* interface.h */,
				3DCD457114F2ADE2004D0DF7 /* selector.h */,
				3DCD457214F2ADE2004D0DF7 /* types.h */,
			);
			path = python;
			sourceTree = "<group>";
		};
		3DCD459514F2ADE2004D0DF7 /* gvars3 */ = {
			isa = PBXGroup;
			children = (
				3DCD459614F2ADE2004D0DF7 /* config.h */,
				3DCD459714F2ADE2004D0DF7 /* default.h */,
				3DCD459814F2ADE2004D0DF7 /* GStringUtil.cc */,
				3DCD459914F2ADE2004D0DF7 /* GStringUtil.h */,
				3DCD459A14F2ADE2004D0DF7 /* gv3_implementation.hh */,
				3DCD459B14F2ADE2004D0DF7 /* gvars2.cc */,
				3DCD459C14F2ADE2004D0DF7 /* gvars3.cc */,
				3DCD459D14F2ADE2004D0DF7 /* gvars3.h */,
				3DCD459E14F2ADE2004D0DF7 /* instances.h */,
				3DCD459F14F2ADE2004D0DF7 /* serialize.cc */,
				3DCD45A014F2ADE2004D0DF7 /* serialize.h */,
				3DCD45A114F2ADE2004D0DF7 /* type_name.h */,
			);
			path = gvars3;
			sourceTree = "<group>";
		};
		3DCD45A214F2ADE2004D0DF7 /* PTAMM */ = {
			isa = PBXGroup;
			children = (
				3DCD45A314F2ADE2004D0DF7 /* ATANCamera.cc */,
				3DCD45A414F2ADE2004D0DF7 /* ATANCamera.h */,
				3DCD45A514F2ADE2004D0DF7 /* Bundle.cc */,
				3DCD45A614F2ADE2004D0DF7 /* Bundle.h */,
				3DCD45A714F2ADE2004D0DF7 /* CalibCornerPatch.cc */,
				3DCD45A814F2ADE2004D0DF7 /* CalibCornerPatch.h */,
				3DCD45A914F2ADE2004D0DF7 /* globals.h */,
				3DCD45AA14F2ADE2004D0DF7 /* HomographyInit.cc */,
				3DCD45AB14F2ADE2004D0DF7 /* HomographyInit.h */,
				3DCD45AC14F2ADE2004D0DF7 /* KeyFrame.cc */,
				3DCD45AD14F2ADE2004D0DF7 /* KeyFrame.h */,
				3DCD45AE14F2ADE2004D0DF7 /* LevelHelpers.h */,
				3DCD45AF14F2ADE2004D0DF7 /* LICENSE.txt */,
				3DCD45B014F2ADE2004D0DF7 /* Map.cc */,
				3DCD45B114F2ADE2004D0DF7 /* Map.h */,
				3DCD45B214F2ADE2004D0DF7 /* MapLockManager.cc */,
				3DCD45B314F2ADE2004D0DF7 /* MapLockManager.h */,
				3DCD45B414F2ADE2004D0DF7 /* MapMaker.cc */,
				3DCD45B514F2ADE2004D0DF7 /* MapMaker.h */,
				3DCD45B614F2ADE2004D0DF7 /* MapPoint.cc */,
				3DCD45B714F2ADE2004D0DF7 /* MapPoint.h */,
				3DCD45B814F2ADE2004D0DF7 /* MapSerializer.cc */,
				3DCD45B914F2ADE2004D0DF7 /* MapSerializer.h */,
				3DCD45BA14F2ADE2004D0DF7 /* MD5.cc */,
				3DCD45BB14F2ADE2004D0DF7 /* MD5.h */,
				3DCD45BC14F2ADE2004D0DF7 /* MD5Wrapper.cc */,
				3DCD45BD14F2ADE2004D0DF7 /* MD5Wrapper.h */,
				3DCD45BE14F2ADE2004D0DF7 /* MEstimator.h */,
				3DCD45BF14F2ADE2004D0DF7 /* MiniPatch.cc */,
				3DCD45C014F2ADE2004D0DF7 /* MiniPatch.h */,
				3DCD45C114F2ADE2004D0DF7 /* OpenGL.h */,
				3DCD45C214F2ADE2004D0DF7 /* PatchFinder.cc */,
				3DCD45C314F2ADE2004D0DF7 /* PatchFinder.h */,
				3DCD45C414F2ADE2004D0DF7 /* Relocaliser.cc */,
				3DCD45C514F2ADE2004D0DF7 /* Relocaliser.h */,
				3DCD45C614F2ADE2004D0DF7 /* ShiTomasi.cc */,
				3DCD45C714F2ADE2004D0DF7 /* ShiTomasi.h */,
				3DCD45C814F2ADE2004D0DF7 /* SmallBlurryImage.cc */,
				3DCD45C914F2ADE2004D0DF7 /* SmallBlurryImage.h */,
				3DCD45CA14F2ADE2004D0DF7 /* SmallMatrixOpts.h */,
				3DCD45CB14F2ADE2004D0DF7 /* tinyxml license.txt */,
				3DCD45CC14F2ADE2004D0DF7 /* tinyxml.cc */,
				3DCD45CD14F2ADE2004D0DF7 /* tinyxml.h */,
				3DCD45CE14F2ADE2004D0DF7 /* tinyxmlerror.cc */,
				3DCD45CF14F2ADE2004D0DF7 /* tinyxmlparser.cc */,
				3DCD45D014F2ADE2004D0DF7 /* Tracker.cc */,
				3DCD45D114F2ADE2004D0DF7 /* Tracker.h */,
				3DCD45D214F2ADE2004D0DF7 /* TrackerData.h */,
				3DCD45D314F2ADE2004D0DF7 /* Utils.cc */,
				3DCD45D414F2ADE2004D0DF7 /* Utils.h */,
			);
			path = PTAMM;
			sourceTree = "<group>";
		};
		3DCD45D714F2ADE2004D0DF7 /* TooN */ = {
			isa = PBXGroup;
			children = (
				3DCD45D814F2ADE2004D0DF7 /* Cholesky.h */,
				3DCD45D914F2ADE2004D0DF7 /* determinant.h */,
				3DCD45DA14F2ADE2004D0DF7 /* functions */,
				3DCD45DD14F2ADE2004D0DF7 /* gauss_jordan.h */,
				3DCD45DE14F2ADE2004D0DF7 /* gaussian_elimination.h */,
				3DCD45DF14F2ADE2004D0DF7 /* generated.h */,
				3DCD45E014F2ADE2004D0DF7 /* GR_SVD.h */,
				3DCD45E114F2ADE2004D0DF7 /* helpers.h */,
				3DCD45E214F2ADE2004D0DF7 /* internal */,
				3DCD45FB14F2ADE2004D0DF7 /* irls.h */,
				3DCD45FC14F2ADE2004D0DF7 /* lapack.h */,
				3DCD45FD14F2ADE2004D0DF7 /* Lapack_Cholesky.h */,
				3DCD45FE14F2ADE2004D0DF7 /* LU.h */,
				3DCD45FF14F2ADE2004D0DF7 /* optimization */,
				3DCD460414F2ADE2004D0DF7 /* QR_Lapack.h */,
				3DCD460514F2ADE2004D0DF7 /* se2.h */,
				3DCD460614F2ADE2004D0DF7 /* se3.h */,
				3DCD460714F2ADE2004D0DF7 /* sim2.h */,
				3DCD460814F2ADE2004D0DF7 /* sim3.h */,
				3DCD460914F2ADE2004D0DF7 /* sl.h */,
				3DCD460A14F2ADE2004D0DF7 /* so2.h */,
				3DCD460B14F2ADE2004D0DF7 /* so3.h */,
				3DCD460C14F2ADE2004D0DF7 /* SVD.h */,
				3DCD460D14F2ADE2004D0DF7 /* SymEigen.h */,
				3DCD460E14F2ADE2004D0DF7 /* TooN.h */,
				3DCD460F14F2ADE2004D0DF7 /* wls.h */,
			);
			path = TooN;
			sourceTree = "<group>";
		};
		3DCD45DA14F2ADE2004D0DF7 /* functions */ = {
			isa = PBXGroup;
			children = (
				3DCD45DB14F2ADE2004D0DF7 /* derivatives.h */,
				3DCD45DC14F2ADE2004D0DF7 /* fadbad.h */,
			);
			path = functions;
			sourceTree = "<group>";
		};
		3DCD45E214F2ADE2004D0DF7 /* internal */ = {
			isa = PBXGroup;
			children = (
				3DCD45E314F2ADE2004D0DF7 /* allocator.hh */,
				3DCD45E414F2ADE2004D0DF7 /* builtin_typeof.h */,
				3DCD45E514F2ADE2004D0DF7 /* comma.hh */,
				3DCD45E614F2ADE2004D0DF7 /* config.hh */,
				3DCD45E714F2ADE2004D0DF7 /* config.hh.in */,
				3DCD45E814F2ADE2004D0DF7 /* data.hh */,
				3DCD45E914F2ADE2004D0DF7 /* data_functions.hh */,
				3DCD45EA14F2ADE2004D0DF7 /* dchecktest.hh */,
				3DCD45EB14F2ADE2004D0DF7 /* debug.hh */,
				3DCD45EC14F2ADE2004D0DF7 /* deprecated.hh */,
				3DCD45ED14F2ADE2004D0DF7 /* diagmatrix.h */,
				3DCD45EE14F2ADE2004D0DF7 /* make_vector.hh */,
				3DCD45EF14F2ADE2004D0DF7 /* matrix.hh */,
				3DCD45F014F2ADE2004D0DF7 /* mbase.hh */,
				3DCD45F114F2ADE2004D0DF7 /* objects.h */,
				3DCD45F214F2ADE2004D0DF7 /* operators.hh */,
				3DCD45F314F2ADE2004D0DF7 /* overfill_error.hh */,
				3DCD45F414F2ADE2004D0DF7 /* planar_complex.hh */,
				3DCD45F514F2ADE2004D0DF7 /* reference.hh */,
				3DCD45F614F2ADE2004D0DF7 /* size_mismatch.hh */,
				3DCD45F714F2ADE2004D0DF7 /* slice_error.hh */,
				3DCD45F814F2ADE2004D0DF7 /* typeof.hh */,
				3DCD45F914F2ADE2004D0DF7 /* vbase.hh */,
				3DCD45FA14F2ADE2004D0DF7 /* vector.hh */,
			);
			path = internal;
			sourceTree = "<group>";
		};
		3DCD45FF14F2ADE2004D0DF7 /* optimization */ = {
			isa = PBXGroup;
			children = (
				3DCD460014F2ADE2004D0DF7 /* brent.h */,
				3DCD460114F2ADE2004D0DF7 /* conjugate_gradient.h */,
				3DCD460214F2ADE2004D0DF7 /* downhill_simplex.h */,
				3DCD460314F2ADE2004D0DF7 /* golden_section.h */,
			);
			path = optimization;
			sourceTree = "<group>";
		};
		3DCD461014F2ADE2004D0DF7 /* libs */ = {
			isa = PBXGroup;
			children = (
				3DCD461114F2ADE2004D0DF7 /* iphone */,
				3DCD461314F2ADE2004D0DF7 /* osx */,
			);
			path = libs;
			sourceTree = "<group>";
		};
		3DCD461114F2ADE2004D0DF7 /* iphone */ = {
			isa = PBXGroup;
			children = (
				3DCD461214F2ADE2004D0DF7 /* libcvd.a */,
			);
			path = iphone;
			sourceTree = "<group>";
		};
		3DCD461314F2ADE2004D0DF7 /* osx */ = {
			isa = PBXGroup;
			children = (
				3DCD461414F2ADE2004D0DF7 /* libcvd-0.8.dylib */,
			);
			path = osx;
			sourceTree = "<group>";
		};
		3DCD461614F2ADE2004D0DF7 /* src */ = {
			isa = PBXGroup;
			children = (
				3DCD461E14F2ADE2004D0DF7 /* ofxPTAMM.h */,
				3DCD461D14F2ADE2004D0DF7 /* ofxPTAMM.cpp */,
				3DCD462014F2ADE2004D0DF7 /* ofxTracker.h */,
				3DCD461F14F2ADE2004D0DF7 /* ofxTracker.cpp */,
				3DCD461814F2ADE2004D0DF7 /* ofxATANCamera.h */,
				3DCD461714F2ADE2004D0DF7 /* ofxATANCamera.cpp */,
				3DCD461A14F2ADE2004D0DF7 /* ofxCalibImage.h */,
				3DCD461914F2ADE2004D0DF7 /* ofxCalibImage.cpp */,
				3DCD461C14F2ADE2004D0DF7 /* ofxCameraCalibrator.h */,
				3DCD461B14F2ADE2004D0DF7 /* ofxCameraCalibrator.cpp */,
			);
			path = src;
			sourceTree = "<group>";
		};
		BB4B014C10F69532006C3DED /* addons */ = {
			isa = PBXGroup;
			children = (
				3DCD450C14F2ADE2004D0DF7 /* ofxPTAMM */,
			);
			name = addons;
			sourceTree = "<group>";
		};
		BBAB23C913894ECA00AA2426 /* system frameworks */ = {
			isa = PBXGroup;
			children = (
				E4C2424410CC5A17004149E2 /* AppKit.framework */,
				E4C2424510CC5A17004149E2 /* Cocoa.framework */,
				E4C2424610CC5A17004149E2 /* IOKit.framework */,
				E45BE9710E8CC7DD009D7055 /* AGL.framework */,
				E45BE9720E8CC7DD009D7055 /* ApplicationServices.framework */,
				E45BE9730E8CC7DD009D7055 /* AudioToolbox.framework */,
				E45BE9740E8CC7DD009D7055 /* Carbon.framework */,
				E45BE9750E8CC7DD009D7055 /* CoreAudio.framework */,
				E45BE9760E8CC7DD009D7055 /* CoreFoundation.framework */,
				E45BE9770E8CC7DD009D7055 /* CoreServices.framework */,
				E45BE9790E8CC7DD009D7055 /* OpenGL.framework */,
				E45BE97A0E8CC7DD009D7055 /* QuickTime.framework */,
			);
			name = "system frameworks";
			sourceTree = "<group>";
		};
		BBAB23CA13894EDB00AA2426 /* 3rd party frameworks */ = {
			isa = PBXGroup;
			children = (
				3DAACC9014F1C81700F711FE /* vecLib.framework */,
				BBAB23BE13894E4700AA2426 /* GLUT.framework */,
			);
			name = "3rd party frameworks";
			sourceTree = "<group>";
		};
		E4328144138ABC890047C5CB /* Products */ = {
			isa = PBXGroup;
			children = (
				E4328148138ABC890047C5CB /* openFrameworksDebug.a */,
			);
			name = Products;
			sourceTree = "<group>";
		};
		E45BE5980E8CC70C009D7055 /* frameworks */ = {
			isa = PBXGroup;
			children = (
				BBAB23CA13894EDB00AA2426 /* 3rd party frameworks */,
				BBAB23C913894ECA00AA2426 /* system frameworks */,
			);
			name = frameworks;
			sourceTree = "<group>";
		};
		E4B69B4A0A3A1720003C02F2 = {
			isa = PBXGroup;
			children = (
				E4B6FCAD0C3E899E008CF71C /* openFrameworks-Info.plist */,
				E4EB6923138AFD0F00A09F29 /* Project.xcconfig */,
				E4B69E1C0A3A1BDC003C02F2 /* src */,
				E4EEC9E9138DF44700A80321 /* openFrameworks */,
				BB4B014C10F69532006C3DED /* addons */,
				E45BE5980E8CC70C009D7055 /* frameworks */,
				E4B69B5B0A3A1756003C02F2 /* emptyExampleDebug.app */,
			);
			sourceTree = "<group>";
		};
		E4B69E1C0A3A1BDC003C02F2 /* src */ = {
			isa = PBXGroup;
			children = (
				E4B69E1D0A3A1BDC003C02F2 /* main.cpp */,
				E4B69E1F0A3A1BDC003C02F2 /* testApp.h */,
				E4B69E1E0A3A1BDC003C02F2 /* testApp.cpp */,
			);
			path = src;
			sourceTree = SOURCE_ROOT;
		};
		E4EEC9E9138DF44700A80321 /* openFrameworks */ = {
			isa = PBXGroup;
			children = (
				E4EB691F138AFCF100A09F29 /* CoreOF.xcconfig */,
				E4328143138ABC890047C5CB /* openFrameworksLib.xcodeproj */,
			);
			name = openFrameworks;
			sourceTree = "<group>";
		};
/* End PBXGroup section */

/* Begin PBXNativeTarget section */
		E4B69B5A0A3A1756003C02F2 /* emptyExample */ = {
			isa = PBXNativeTarget;
			buildConfigurationList = E4B69B5F0A3A1757003C02F2 /* Build configuration list for PBXNativeTarget "emptyExample" */;
			buildPhases = (
				E4B69B580A3A1756003C02F2 /* Sources */,
				E4B69B590A3A1756003C02F2 /* Frameworks */,
				E4B6FFFD0C3F9AB9008CF71C /* ShellScript */,
				E4C2427710CC5ABF004149E2 /* CopyFiles */,
			);
			buildRules = (
			);
			dependencies = (
				E4EEB9AC138B136A00A80321 /* PBXTargetDependency */,
			);
			name = emptyExample;
			productName = myOFApp;
			productReference = E4B69B5B0A3A1756003C02F2 /* emptyExampleDebug.app */;
			productType = "com.apple.product-type.application";
		};
/* End PBXNativeTarget section */

/* Begin PBXProject section */
		E4B69B4C0A3A1720003C02F2 /* Project object */ = {
			isa = PBXProject;
			buildConfigurationList = E4B69B4D0A3A1720003C02F2 /* Build configuration list for PBXProject "emptyExample" */;
			compatibilityVersion = "Xcode 2.4";
			developmentRegion = English;
			hasScannedForEncodings = 0;
			knownRegions = (
				English,
				Japanese,
				French,
				German,
			);
			mainGroup = E4B69B4A0A3A1720003C02F2;
			productRefGroup = E4B69B4A0A3A1720003C02F2;
			projectDirPath = "";
			projectReferences = (
				{
					ProductGroup = E4328144138ABC890047C5CB /* Products */;
					ProjectRef = E4328143138ABC890047C5CB /* openFrameworksLib.xcodeproj */;
				},
			);
			projectRoot = "";
			targets = (
				E4B69B5A0A3A1756003C02F2 /* emptyExample */,
			);
		};
/* End PBXProject section */

/* Begin PBXReferenceProxy section */
		E4328148138ABC890047C5CB /* openFrameworksDebug.a */ = {
			isa = PBXReferenceProxy;
			fileType = archive.ar;
			path = openFrameworksDebug.a;
			remoteRef = E4328147138ABC890047C5CB /* PBXContainerItemProxy */;
			sourceTree = BUILT_PRODUCTS_DIR;
		};
/* End PBXReferenceProxy section */

/* Begin PBXShellScriptBuildPhase section */
		E4B6FFFD0C3F9AB9008CF71C /* ShellScript */ = {
			isa = PBXShellScriptBuildPhase;
			buildActionMask = 2147483647;
			files = (
			);
			inputPaths = (
			);
			outputPaths = (
			);
			runOnlyForDeploymentPostprocessing = 0;
			shellPath = /bin/sh;
			shellScript = "cp -f ../../../libs/fmodex/lib/osx/libfmodex.dylib \"$TARGET_BUILD_DIR/$PRODUCT_NAME.app/Contents/MacOS/libfmodex.dylib\"; install_name_tool -change ./libfmodex.dylib @executable_path/libfmodex.dylib \"$TARGET_BUILD_DIR/$PRODUCT_NAME.app/Contents/MacOS/$PRODUCT_NAME\";";
		};
/* End PBXShellScriptBuildPhase section */

/* Begin PBXSourcesBuildPhase section */
		E4B69B580A3A1756003C02F2 /* Sources */ = {
			isa = PBXSourcesBuildPhase;
			buildActionMask = 2147483647;
			files = (
				E4B69E200A3A1BDC003C02F2 /* main.cpp in Sources */,
				E4B69E210A3A1BDC003C02F2 /* testApp.cpp in Sources */,
				3DCD462814F2ADE3004D0DF7 /* GStringUtil.cc in Sources */,
				3DCD462914F2ADE3004D0DF7 /* gvars2.cc in Sources */,
				3DCD462A14F2ADE3004D0DF7 /* gvars3.cc in Sources */,
				3DCD462B14F2ADE3004D0DF7 /* serialize.cc in Sources */,
				3DCD462C14F2ADE3004D0DF7 /* ATANCamera.cc in Sources */,
				3DCD462D14F2ADE3004D0DF7 /* Bundle.cc in Sources */,
				3DCD462E14F2ADE3004D0DF7 /* CalibCornerPatch.cc in Sources */,
				3DCD462F14F2ADE3004D0DF7 /* HomographyInit.cc in Sources */,
				3DCD463014F2ADE3004D0DF7 /* KeyFrame.cc in Sources */,
				3DCD463114F2ADE3004D0DF7 /* Map.cc in Sources */,
				3DCD463214F2ADE3004D0DF7 /* MapLockManager.cc in Sources */,
				3DCD463314F2ADE3004D0DF7 /* MapMaker.cc in Sources */,
				3DCD463414F2ADE3004D0DF7 /* MapPoint.cc in Sources */,
				3DCD463514F2ADE3004D0DF7 /* MapSerializer.cc in Sources */,
				3DCD463614F2ADE3004D0DF7 /* MD5.cc in Sources */,
				3DCD463714F2ADE3004D0DF7 /* MD5Wrapper.cc in Sources */,
				3DCD463814F2ADE3004D0DF7 /* MiniPatch.cc in Sources */,
				3DCD463914F2ADE3004D0DF7 /* PatchFinder.cc in Sources */,
				3DCD463A14F2ADE3004D0DF7 /* Relocaliser.cc in Sources */,
				3DCD463B14F2ADE3004D0DF7 /* ShiTomasi.cc in Sources */,
				3DCD463C14F2ADE3004D0DF7 /* SmallBlurryImage.cc in Sources */,
				3DCD463D14F2ADE3004D0DF7 /* tinyxml.cc in Sources */,
				3DCD463E14F2ADE3004D0DF7 /* tinyxmlerror.cc in Sources */,
				3DCD463F14F2ADE3004D0DF7 /* tinyxmlparser.cc in Sources */,
				3DCD464014F2ADE3004D0DF7 /* Tracker.cc in Sources */,
				3DCD464114F2ADE3004D0DF7 /* Utils.cc in Sources */,
				3DCD464414F2ADE3004D0DF7 /* ofxATANCamera.cpp in Sources */,
				3DCD464514F2ADE3004D0DF7 /* ofxCalibImage.cpp in Sources */,
				3DCD464614F2ADE3004D0DF7 /* ofxCameraCalibrator.cpp in Sources */,
				3DCD464714F2ADE3004D0DF7 /* ofxPTAMM.cpp in Sources */,
				3DCD464814F2ADE3004D0DF7 /* ofxTracker.cpp in Sources */,
			);
			runOnlyForDeploymentPostprocessing = 0;
		};
/* End PBXSourcesBuildPhase section */

/* Begin PBXTargetDependency section */
		E4EEB9AC138B136A00A80321 /* PBXTargetDependency */ = {
			isa = PBXTargetDependency;
			name = openFrameworks;
			targetProxy = E4EEB9AB138B136A00A80321 /* PBXContainerItemProxy */;
		};
/* End PBXTargetDependency section */

/* Begin XCBuildConfiguration section */
		E4B69B4E0A3A1720003C02F2 /* Debug */ = {
			isa = XCBuildConfiguration;
			baseConfigurationReference = E4EB6923138AFD0F00A09F29 /* Project.xcconfig */;
			buildSettings = {
				ARCHS = "$(NATIVE_ARCH)";
				CONFIGURATION_BUILD_DIR = "$(SRCROOT)/bin/";
				COPY_PHASE_STRIP = NO;
				DEAD_CODE_STRIPPING = YES;
				GCC_AUTO_VECTORIZATION = YES;
				GCC_ENABLE_SSE3_EXTENSIONS = YES;
				GCC_ENABLE_SUPPLEMENTAL_SSE3_INSTRUCTIONS = YES;
				GCC_INLINES_ARE_PRIVATE_EXTERN = NO;
				GCC_MODEL_TUNING = G5;
				GCC_SYMBOLS_PRIVATE_EXTERN = NO;
				GCC_WARN_ABOUT_DEPRECATED_FUNCTIONS = NO;
				GCC_WARN_ABOUT_INVALID_OFFSETOF_MACRO = NO;
				GCC_WARN_ALLOW_INCOMPLETE_PROTOCOL = NO;
				GCC_WARN_UNINITIALIZED_AUTOS = NO;
				GCC_WARN_UNUSED_VALUE = NO;
				GCC_WARN_UNUSED_VARIABLE = NO;
				OTHER_CPLUSPLUSFLAGS = (
					"-D__MACOSX_CORE__",
					"-lpthread",
				);
			};
			name = Debug;
		};
		E4B69B4F0A3A1720003C02F2 /* Release */ = {
			isa = XCBuildConfiguration;
			baseConfigurationReference = E4EB6923138AFD0F00A09F29 /* Project.xcconfig */;
			buildSettings = {
				ARCHS = "$(NATIVE_ARCH)";
				CONFIGURATION_BUILD_DIR = "$(SRCROOT)/bin/";
				COPY_PHASE_STRIP = YES;
				DEAD_CODE_STRIPPING = YES;
				GCC_AUTO_VECTORIZATION = YES;
				GCC_ENABLE_SSE3_EXTENSIONS = YES;
				GCC_ENABLE_SUPPLEMENTAL_SSE3_INSTRUCTIONS = YES;
				GCC_INLINES_ARE_PRIVATE_EXTERN = NO;
				GCC_MODEL_TUNING = G5;
				GCC_OPTIMIZATION_LEVEL = 3;
				GCC_SYMBOLS_PRIVATE_EXTERN = NO;
				GCC_UNROLL_LOOPS = YES;
				GCC_WARN_ABOUT_DEPRECATED_FUNCTIONS = NO;
				GCC_WARN_ABOUT_INVALID_OFFSETOF_MACRO = NO;
				GCC_WARN_ALLOW_INCOMPLETE_PROTOCOL = NO;
				GCC_WARN_UNINITIALIZED_AUTOS = NO;
				GCC_WARN_UNUSED_VALUE = NO;
				GCC_WARN_UNUSED_VARIABLE = NO;
				OTHER_CPLUSPLUSFLAGS = (
					"-D__MACOSX_CORE__",
					"-lpthread",
				);
			};
			name = Release;
		};
		E4B69B600A3A1757003C02F2 /* Debug */ = {
			isa = XCBuildConfiguration;
			buildSettings = {
				COPY_PHASE_STRIP = NO;
				FRAMEWORK_SEARCH_PATHS = (
					"$(inherited)",
					"$(FRAMEWORK_SEARCH_PATHS_QUOTED_FOR_TARGET_1)",
				);
				FRAMEWORK_SEARCH_PATHS_QUOTED_FOR_TARGET_1 = "\"$(SRCROOT)/../../../libs/glut/lib/osx\"";
				GCC_DYNAMIC_NO_PIC = NO;
				GCC_ENABLE_FIX_AND_CONTINUE = YES;
				GCC_GENERATE_DEBUGGING_SYMBOLS = YES;
				GCC_MODEL_TUNING = G4;
				GCC_PRECOMPILE_PREFIX_HEADER = YES;
				GCC_PREFIX_HEADER = "$(SYSTEM_LIBRARY_DIR)/Frameworks/Carbon.framework/Headers/Carbon.h";
				INFOPLIST_FILE = "openFrameworks-Info.plist";
				INSTALL_PATH = "$(HOME)/Applications";
				LIBRARY_SEARCH_PATHS = (
					"$(inherited)",
					"$(LIBRARY_SEARCH_PATHS_QUOTED_FOR_TARGET_1)",
					"$(LIBRARY_SEARCH_PATHS_QUOTED_FOR_TARGET_2)",
					"$(LIBRARY_SEARCH_PATHS_QUOTED_FOR_TARGET_3)",
					"$(LIBRARY_SEARCH_PATHS_QUOTED_FOR_TARGET_4)",
					"$(LIBRARY_SEARCH_PATHS_QUOTED_FOR_TARGET_5)",
				);
				LIBRARY_SEARCH_PATHS_QUOTED_FOR_TARGET_1 = "\"$(SRCROOT)/../../../addons/ofxPTAMM/libs/osx\"";
				LIBRARY_SEARCH_PATHS_QUOTED_FOR_TARGET_2 = "\"$(SRCROOT)/../../../addons/ofxPTAMM/libs/iphone\"";
				LIBRARY_SEARCH_PATHS_QUOTED_FOR_TARGET_3 = "\"$(SRCROOT)/../../../addons/ofxPTAMM/libs/osx\"";
				LIBRARY_SEARCH_PATHS_QUOTED_FOR_TARGET_4 = "\"$(SRCROOT)/../../../addons/ofxPTAMM/libs/iphone\"";
				LIBRARY_SEARCH_PATHS_QUOTED_FOR_TARGET_5 = "\"$(SRCROOT)/../../../addons/ofxPTAMM/libs/osx\"";
				PREBINDING = NO;
				PRODUCT_NAME = "$(TARGET_NAME)Debug";
				WRAPPER_EXTENSION = app;
			};
			name = Debug;
		};
		E4B69B610A3A1757003C02F2 /* Release */ = {
			isa = XCBuildConfiguration;
			buildSettings = {
				COPY_PHASE_STRIP = YES;
				FRAMEWORK_SEARCH_PATHS = (
					"$(inherited)",
					"$(FRAMEWORK_SEARCH_PATHS_QUOTED_FOR_TARGET_1)",
				);
				FRAMEWORK_SEARCH_PATHS_QUOTED_FOR_TARGET_1 = "\"$(SRCROOT)/../../../libs/glut/lib/osx\"";
				GCC_ENABLE_FIX_AND_CONTINUE = NO;
				GCC_GENERATE_DEBUGGING_SYMBOLS = NO;
				GCC_MODEL_TUNING = G4;
				GCC_PRECOMPILE_PREFIX_HEADER = YES;
				GCC_PREFIX_HEADER = "$(SYSTEM_LIBRARY_DIR)/Frameworks/Carbon.framework/Headers/Carbon.h";
				INFOPLIST_FILE = "openFrameworks-Info.plist";
				INSTALL_PATH = "$(HOME)/Applications";
				LIBRARY_SEARCH_PATHS = (
					"$(inherited)",
					"$(LIBRARY_SEARCH_PATHS_QUOTED_FOR_TARGET_1)",
					"$(LIBRARY_SEARCH_PATHS_QUOTED_FOR_TARGET_2)",
					"$(LIBRARY_SEARCH_PATHS_QUOTED_FOR_TARGET_3)",
					"$(LIBRARY_SEARCH_PATHS_QUOTED_FOR_TARGET_4)",
					"$(LIBRARY_SEARCH_PATHS_QUOTED_FOR_TARGET_5)",
				);
				LIBRARY_SEARCH_PATHS_QUOTED_FOR_TARGET_1 = "\"$(SRCROOT)/../../../addons/ofxPTAMM/libs/osx\"";
				LIBRARY_SEARCH_PATHS_QUOTED_FOR_TARGET_2 = "\"$(SRCROOT)/../../../addons/ofxPTAMM/libs/iphone\"";
				LIBRARY_SEARCH_PATHS_QUOTED_FOR_TARGET_3 = "\"$(SRCROOT)/../../../addons/ofxPTAMM/libs/osx\"";
				LIBRARY_SEARCH_PATHS_QUOTED_FOR_TARGET_4 = "\"$(SRCROOT)/../../../addons/ofxPTAMM/libs/iphone\"";
				LIBRARY_SEARCH_PATHS_QUOTED_FOR_TARGET_5 = "\"$(SRCROOT)/../../../addons/ofxPTAMM/libs/osx\"";
				PREBINDING = NO;
				PRODUCT_NAME = "$(TARGET_NAME)";
				WRAPPER_EXTENSION = app;
			};
			name = Release;
		};
/* End XCBuildConfiguration section */

/* Begin XCConfigurationList section */
		E4B69B4D0A3A1720003C02F2 /* Build configuration list for PBXProject "emptyExample" */ = {
			isa = XCConfigurationList;
			buildConfigurations = (
				E4B69B4E0A3A1720003C02F2 /* Debug */,
				E4B69B4F0A3A1720003C02F2 /* Release */,
			);
			defaultConfigurationIsVisible = 0;
			defaultConfigurationName = Release;
		};
		E4B69B5F0A3A1757003C02F2 /* Build configuration list for PBXNativeTarget "emptyExample" */ = {
			isa = XCConfigurationList;
			buildConfigurations = (
				E4B69B600A3A1757003C02F2 /* Debug */,
				E4B69B610A3A1757003C02F2 /* Release */,
			);
			defaultConfigurationIsVisible = 0;
			defaultConfigurationName = Release;
		};
/* End XCConfigurationList section */
	};
	rootObject = E4B69B4C0A3A1720003C02F2 /* Project object */;
}
