// !$*UTF8*$!
{
	archiveVersion = 1;
	classes = {
	};
	objectVersion = 42;
	objects = {

/* Begin PBXBuildFile section */
		3D1E051014F73FFC00BF8C44 /* libcvd.a in Frameworks */ = {isa = PBXBuildFile; fileRef = 3D1E047B14F73FFB00BF8C44 /* libcvd.a */; };
		3D1E051114F73FFC00BF8C44 /* libcvd-0.8.dylib in Frameworks */ = {isa = PBXBuildFile; fileRef = 3D1E047D14F73FFB00BF8C44 /* libcvd-0.8.dylib */; };
		3D1E051214F73FFC00BF8C44 /* GStringUtil.cc in Sources */ = {isa = PBXBuildFile; fileRef = 3D1E048314F73FFB00BF8C44 /* GStringUtil.cc */; };
		3D1E051314F73FFC00BF8C44 /* gvars2.cc in Sources */ = {isa = PBXBuildFile; fileRef = 3D1E048614F73FFB00BF8C44 /* gvars2.cc */; };
		3D1E051414F73FFC00BF8C44 /* gvars3.cc in Sources */ = {isa = PBXBuildFile; fileRef = 3D1E048714F73FFB00BF8C44 /* gvars3.cc */; };
		3D1E051514F73FFC00BF8C44 /* serialize.cc in Sources */ = {isa = PBXBuildFile; fileRef = 3D1E048A14F73FFB00BF8C44 /* serialize.cc */; };
		3D1E051614F73FFC00BF8C44 /* ATANCamera.cc in Sources */ = {isa = PBXBuildFile; fileRef = 3D1E049014F73FFB00BF8C44 /* ATANCamera.cc */; };
		3D1E051714F73FFC00BF8C44 /* Bundle.cc in Sources */ = {isa = PBXBuildFile; fileRef = 3D1E049214F73FFB00BF8C44 /* Bundle.cc */; };
		3D1E051814F73FFC00BF8C44 /* CalibCornerPatch.cc in Sources */ = {isa = PBXBuildFile; fileRef = 3D1E049414F73FFB00BF8C44 /* CalibCornerPatch.cc */; };
		3D1E051914F73FFC00BF8C44 /* HomographyInit.cc in Sources */ = {isa = PBXBuildFile; fileRef = 3D1E049714F73FFB00BF8C44 /* HomographyInit.cc */; };
		3D1E051A14F73FFC00BF8C44 /* KeyFrame.cc in Sources */ = {isa = PBXBuildFile; fileRef = 3D1E049914F73FFB00BF8C44 /* KeyFrame.cc */; };
		3D1E051B14F73FFC00BF8C44 /* Map.cc in Sources */ = {isa = PBXBuildFile; fileRef = 3D1E049D14F73FFB00BF8C44 /* Map.cc */; };
		3D1E051C14F73FFC00BF8C44 /* MapLockManager.cc in Sources */ = {isa = PBXBuildFile; fileRef = 3D1E049F14F73FFB00BF8C44 /* MapLockManager.cc */; };
		3D1E051D14F73FFC00BF8C44 /* MapMaker.cc in Sources */ = {isa = PBXBuildFile; fileRef = 3D1E04A114F73FFB00BF8C44 /* MapMaker.cc */; };
		3D1E051E14F73FFC00BF8C44 /* MapPoint.cc in Sources */ = {isa = PBXBuildFile; fileRef = 3D1E04A314F73FFB00BF8C44 /* MapPoint.cc */; };
		3D1E051F14F73FFC00BF8C44 /* MapSerializer.cc in Sources */ = {isa = PBXBuildFile; fileRef = 3D1E04A514F73FFB00BF8C44 /* MapSerializer.cc */; };
		3D1E052014F73FFC00BF8C44 /* MD5.cc in Sources */ = {isa = PBXBuildFile; fileRef = 3D1E04A714F73FFB00BF8C44 /* MD5.cc */; };
		3D1E052114F73FFC00BF8C44 /* MD5Wrapper.cc in Sources */ = {isa = PBXBuildFile; fileRef = 3D1E04A914F73FFB00BF8C44 /* MD5Wrapper.cc */; };
		3D1E052214F73FFC00BF8C44 /* MiniPatch.cc in Sources */ = {isa = PBXBuildFile; fileRef = 3D1E04AC14F73FFB00BF8C44 /* MiniPatch.cc */; };
		3D1E052314F73FFC00BF8C44 /* PatchFinder.cc in Sources */ = {isa = PBXBuildFile; fileRef = 3D1E04AF14F73FFB00BF8C44 /* PatchFinder.cc */; };
		3D1E052414F73FFC00BF8C44 /* Relocaliser.cc in Sources */ = {isa = PBXBuildFile; fileRef = 3D1E04B114F73FFB00BF8C44 /* Relocaliser.cc */; };
		3D1E052514F73FFC00BF8C44 /* ShiTomasi.cc in Sources */ = {isa = PBXBuildFile; fileRef = 3D1E04B314F73FFB00BF8C44 /* ShiTomasi.cc */; };
		3D1E052614F73FFC00BF8C44 /* SmallBlurryImage.cc in Sources */ = {isa = PBXBuildFile; fileRef = 3D1E04B514F73FFB00BF8C44 /* SmallBlurryImage.cc */; };
		3D1E052714F73FFC00BF8C44 /* tinyxml.cc in Sources */ = {isa = PBXBuildFile; fileRef = 3D1E04B914F73FFB00BF8C44 /* tinyxml.cc */; };
		3D1E052814F73FFC00BF8C44 /* tinyxmlerror.cc in Sources */ = {isa = PBXBuildFile; fileRef = 3D1E04BB14F73FFB00BF8C44 /* tinyxmlerror.cc */; };
		3D1E052914F73FFC00BF8C44 /* tinyxmlparser.cc in Sources */ = {isa = PBXBuildFile; fileRef = 3D1E04BC14F73FFB00BF8C44 /* tinyxmlparser.cc */; };
		3D1E052A14F73FFC00BF8C44 /* Tracker.cc in Sources */ = {isa = PBXBuildFile; fileRef = 3D1E04BD14F73FFB00BF8C44 /* Tracker.cc */; };
		3D1E052B14F73FFC00BF8C44 /* Utils.cc in Sources */ = {isa = PBXBuildFile; fileRef = 3D1E04C014F73FFB00BF8C44 /* Utils.cc */; };
		3D1E052C14F73FFC00BF8C44 /* ofxATANCamera.cpp in Sources */ = {isa = PBXBuildFile; fileRef = 3D1E04FF14F73FFB00BF8C44 /* ofxATANCamera.cpp */; };
		3D1E052D14F73FFC00BF8C44 /* ofxCalibImage.cpp in Sources */ = {isa = PBXBuildFile; fileRef = 3D1E050114F73FFB00BF8C44 /* ofxCalibImage.cpp */; };
		3D1E052E14F73FFC00BF8C44 /* ofxCameraCalibrator.cpp in Sources */ = {isa = PBXBuildFile; fileRef = 3D1E050314F73FFB00BF8C44 /* ofxCameraCalibrator.cpp */; };
		3D1E052F14F73FFC00BF8C44 /* ofxPTAMM.cpp in Sources */ = {isa = PBXBuildFile; fileRef = 3D1E050514F73FFB00BF8C44 /* ofxPTAMM.cpp */; };
		3D1E053014F73FFC00BF8C44 /* ofxTracker.cpp in Sources */ = {isa = PBXBuildFile; fileRef = 3D1E050714F73FFB00BF8C44 /* ofxTracker.cpp */; };
		3DAACC9114F1C81700F711FE /* vecLib.framework in Frameworks */ = {isa = PBXBuildFile; fileRef = 3DAACC9014F1C81700F711FE /* vecLib.framework */; };
		BBAB23CB13894F3D00AA2426 /* GLUT.framework in CopyFiles */ = {isa = PBXBuildFile; fileRef = BBAB23BE13894E4700AA2426 /* GLUT.framework */; };
		E4328149138ABC9F0047C5CB /* openFrameworksDebug.a in Frameworks */ = {isa = PBXBuildFile; fileRef = E4328148138ABC890047C5CB /* openFrameworksDebug.a */; };
		E45BE97B0E8CC7DD009D7055 /* AGL.framework in Frameworks */ = {isa = PBXBuildFile; fileRef = E45BE9710E8CC7DD009D7055 /* AGL.framework */; };
		E45BE97C0E8CC7DD009D7055 /* ApplicationServices.framework in Frameworks */ = {isa = PBXBuildFile; fileRef = E45BE9720E8CC7DD009D7055 /* ApplicationServices.framework */; };
		E45BE97D0E8CC7DD009D7055 /* AudioToolbox.framework in Frameworks */ = {isa = PBXBuildFile; fileRef = E45BE9730E8CC7DD009D7055 /* AudioToolbox.framework */; };
		E45BE97E0E8CC7DD009D7055 /* Carbon.framework in Frameworks */ = {isa = PBXBuildFile; fileRef = E45BE9740E8CC7DD009D7055 /* Carbon.framework */; };
		E45BE97F0E8CC7DD009D7055 /* CoreAudio.framework in Frameworks */ = {isa = PBXBuildFile; fileRef = E45BE9750E8CC7DD009D7055 /* CoreAudio.framework */; };
		E45BE9800E8CC7DD009D7055 /* CoreFoundation.framework in Frameworks */ = {isa = PBXBuildFile; fileRef = E45BE9760E8CC7DD009D7055 /* CoreFoundation.framework */; };
		E45BE9810E8CC7DD009D7055 /* CoreServices.framework in Frameworks */ = {isa = PBXBuildFile; fileRef = E45BE9770E8CC7DD009D7055 /* CoreServices.framework */; };
		E45BE9830E8CC7DD009D7055 /* OpenGL.framework in Frameworks */ = {isa = PBXBuildFile; fileRef = E45BE9790E8CC7DD009D7055 /* OpenGL.framework */; };
		E45BE9840E8CC7DD009D7055 /* QuickTime.framework in Frameworks */ = {isa = PBXBuildFile; fileRef = E45BE97A0E8CC7DD009D7055 /* QuickTime.framework */; };
		E4B69E200A3A1BDC003C02F2 /* main.cpp in Sources */ = {isa = PBXBuildFile; fileRef = E4B69E1D0A3A1BDC003C02F2 /* main.cpp */; };
		E4B69E210A3A1BDC003C02F2 /* testApp.cpp in Sources */ = {isa = PBXBuildFile; fileRef = E4B69E1E0A3A1BDC003C02F2 /* testApp.cpp */; };
		E4C2424710CC5A17004149E2 /* AppKit.framework in Frameworks */ = {isa = PBXBuildFile; fileRef = E4C2424410CC5A17004149E2 /* AppKit.framework */; };
		E4C2424810CC5A17004149E2 /* Cocoa.framework in Frameworks */ = {isa = PBXBuildFile; fileRef = E4C2424510CC5A17004149E2 /* Cocoa.framework */; };
		E4C2424910CC5A17004149E2 /* IOKit.framework in Frameworks */ = {isa = PBXBuildFile; fileRef = E4C2424610CC5A17004149E2 /* IOKit.framework */; };
		E4EB6799138ADC1D00A09F29 /* GLUT.framework in Frameworks */ = {isa = PBXBuildFile; fileRef = BBAB23BE13894E4700AA2426 /* GLUT.framework */; };
/* End PBXBuildFile section */

/* Begin PBXContainerItemProxy section */
		E4328147138ABC890047C5CB /* PBXContainerItemProxy */ = {
			isa = PBXContainerItemProxy;
			containerPortal = E4328143138ABC890047C5CB /* openFrameworksLib.xcodeproj */;
			proxyType = 2;
			remoteGlobalIDString = E4B27C1510CBEB8E00536013;
			remoteInfo = openFrameworks;
		};
		E4EEB9AB138B136A00A80321 /* PBXContainerItemProxy */ = {
			isa = PBXContainerItemProxy;
			containerPortal = E4328143138ABC890047C5CB /* openFrameworksLib.xcodeproj */;
			proxyType = 1;
			remoteGlobalIDString = E4B27C1410CBEB8E00536013;
			remoteInfo = openFrameworks;
		};
/* End PBXContainerItemProxy section */

/* Begin PBXCopyFilesBuildPhase section */
		E4C2427710CC5ABF004149E2 /* CopyFiles */ = {
			isa = PBXCopyFilesBuildPhase;
			buildActionMask = 2147483647;
			dstPath = "";
			dstSubfolderSpec = 10;
			files = (
				BBAB23CB13894F3D00AA2426 /* GLUT.framework in CopyFiles */,
			);
			runOnlyForDeploymentPostprocessing = 0;
		};
/* End PBXCopyFilesBuildPhase section */

/* Begin PBXFileReference section */
		3D1E040214F73FFB00BF8C44 /* abs.h */ = {isa = PBXFileReference; fileEncoding = 4; lastKnownFileType = sourcecode.c.h; path = abs.h; sourceTree = "<group>"; };
		3D1E040314F73FFB00BF8C44 /* argb.h */ = {isa = PBXFileReference; fileEncoding = 4; lastKnownFileType = sourcecode.c.h; path = argb.h; sourceTree = "<group>"; };
		3D1E040414F73FFB00BF8C44 /* bgrx.h */ = {isa = PBXFileReference; fileEncoding = 4; lastKnownFileType = sourcecode.c.h; path = bgrx.h; sourceTree = "<group>"; };
		3D1E040514F73FFB00BF8C44 /* bresenham.h */ = {isa = PBXFileReference; fileEncoding = 4; lastKnownFileType = sourcecode.c.h; path = bresenham.h; sourceTree = "<group>"; };
		3D1E040614F73FFB00BF8C44 /* brezenham.h */ = {isa = PBXFileReference; fileEncoding = 4; lastKnownFileType = sourcecode.c.h; path = brezenham.h; sourceTree = "<group>"; };
		3D1E040714F73FFB00BF8C44 /* byte.h */ = {isa = PBXFileReference; fileEncoding = 4; lastKnownFileType = sourcecode.c.h; path = byte.h; sourceTree = "<group>"; };
		3D1E040814F73FFB00BF8C44 /* camera.h */ = {isa = PBXFileReference; fileEncoding = 4; lastKnownFileType = sourcecode.c.h; path = camera.h; sourceTree = "<group>"; };
		3D1E040914F73FFB00BF8C44 /* colourspace.h */ = {isa = PBXFileReference; fileEncoding = 4; lastKnownFileType = sourcecode.c.h; path = colourspace.h; sourceTree = "<group>"; };
		3D1E040A14F73FFB00BF8C44 /* colourspace_convert.h */ = {isa = PBXFileReference; fileEncoding = 4; lastKnownFileType = sourcecode.c.h; path = colourspace_convert.h; sourceTree = "<group>"; };
		3D1E040B14F73FFB00BF8C44 /* colourspace_frame.h */ = {isa = PBXFileReference; fileEncoding = 4; lastKnownFileType = sourcecode.c.h; path = colourspace_frame.h; sourceTree = "<group>"; };
		3D1E040C14F73FFB00BF8C44 /* colourspacebuffer.h */ = {isa = PBXFileReference; fileEncoding = 4; lastKnownFileType = sourcecode.c.h; path = colourspacebuffer.h; sourceTree = "<group>"; };
		3D1E040D14F73FFB00BF8C44 /* colourspaces.h */ = {isa = PBXFileReference; fileEncoding = 4; lastKnownFileType = sourcecode.c.h; path = colourspaces.h; sourceTree = "<group>"; };
		3D1E040E14F73FFB00BF8C44 /* config.h */ = {isa = PBXFileReference; fileEncoding = 4; lastKnownFileType = sourcecode.c.h; path = config.h; sourceTree = "<group>"; };
		3D1E040F14F73FFB00BF8C44 /* connected_components.h */ = {isa = PBXFileReference; fileEncoding = 4; lastKnownFileType = sourcecode.c.h; path = connected_components.h; sourceTree = "<group>"; };
		3D1E041014F73FFB00BF8C44 /* convolution.h */ = {isa = PBXFileReference; fileEncoding = 4; lastKnownFileType = sourcecode.c.h; path = convolution.h; sourceTree = "<group>"; };
		3D1E041114F73FFB00BF8C44 /* cpu_hacks.h */ = {isa = PBXFileReference; fileEncoding = 4; lastKnownFileType = sourcecode.c.h; path = cpu_hacks.h; sourceTree = "<group>"; };
		3D1E041214F73FFB00BF8C44 /* cvd_image.h */ = {isa = PBXFileReference; fileEncoding = 4; lastKnownFileType = sourcecode.c.h; path = cvd_image.h; sourceTree = "<group>"; };
		3D1E041314F73FFB00BF8C44 /* deinterlacebuffer.h */ = {isa = PBXFileReference; fileEncoding = 4; lastKnownFileType = sourcecode.c.h; path = deinterlacebuffer.h; sourceTree = "<group>"; };
		3D1E041414F73FFB00BF8C44 /* deinterlaceframe.h */ = {isa = PBXFileReference; fileEncoding = 4; lastKnownFileType = sourcecode.c.h; path = deinterlaceframe.h; sourceTree = "<group>"; };
		3D1E041514F73FFB00BF8C44 /* diskbuffer2.h */ = {isa = PBXFileReference; fileEncoding = 4; lastKnownFileType = sourcecode.c.h; path = diskbuffer2.h; sourceTree = "<group>"; };
		3D1E041614F73FFB00BF8C44 /* diskbuffer2_frame.h */ = {isa = PBXFileReference; fileEncoding = 4; lastKnownFileType = sourcecode.c.h; path = diskbuffer2_frame.h; sourceTree = "<group>"; };
		3D1E041714F73FFB00BF8C44 /* documentation.h */ = {isa = PBXFileReference; fileEncoding = 4; lastKnownFileType = sourcecode.c.h; path = documentation.h; sourceTree = "<group>"; };
		3D1E041814F73FFB00BF8C44 /* draw.h */ = {isa = PBXFileReference; fileEncoding = 4; lastKnownFileType = sourcecode.c.h; path = draw.h; sourceTree = "<group>"; };
		3D1E041914F73FFB00BF8C44 /* esm.h */ = {isa = PBXFileReference; fileEncoding = 4; lastKnownFileType = sourcecode.c.h; path = esm.h; sourceTree = "<group>"; };
		3D1E041A14F73FFB00BF8C44 /* eventobject.h */ = {isa = PBXFileReference; fileEncoding = 4; lastKnownFileType = sourcecode.c.h; path = eventobject.h; sourceTree = "<group>"; };
		3D1E041B14F73FFB00BF8C44 /* exceptions.h */ = {isa = PBXFileReference; fileEncoding = 4; lastKnownFileType = sourcecode.c.h; path = exceptions.h; sourceTree = "<group>"; };
		3D1E041C14F73FFB00BF8C44 /* fast_corner.h */ = {isa = PBXFileReference; fileEncoding = 4; lastKnownFileType = sourcecode.c.h; path = fast_corner.h; sourceTree = "<group>"; };
		3D1E041D14F73FFB00BF8C44 /* gl_helpers.h */ = {isa = PBXFileReference; fileEncoding = 4; lastKnownFileType = sourcecode.c.h; path = gl_helpers.h; sourceTree = "<group>"; };
		3D1E041E14F73FFB00BF8C44 /* gles1_helpers.h */ = {isa = PBXFileReference; fileEncoding = 4; lastKnownFileType = sourcecode.c.h; path = gles1_helpers.h; sourceTree = "<group>"; };
		3D1E041F14F73FFB00BF8C44 /* glwindow.h */ = {isa = PBXFileReference; fileEncoding = 4; lastKnownFileType = sourcecode.c.h; path = glwindow.h; sourceTree = "<group>"; };
		3D1E042014F73FFB00BF8C44 /* haar.h */ = {isa = PBXFileReference; fileEncoding = 4; lastKnownFileType = sourcecode.c.h; path = haar.h; sourceTree = "<group>"; };
		3D1E042114F73FFB00BF8C44 /* harris_corner.h */ = {isa = PBXFileReference; fileEncoding = 4; lastKnownFileType = sourcecode.c.h; path = harris_corner.h; sourceTree = "<group>"; };
		3D1E042214F73FFB00BF8C44 /* helpers.h */ = {isa = PBXFileReference; fileEncoding = 4; lastKnownFileType = sourcecode.c.h; path = helpers.h; sourceTree = "<group>"; };
		3D1E042314F73FFB00BF8C44 /* image.h */ = {isa = PBXFileReference; fileEncoding = 4; lastKnownFileType = sourcecode.c.h; path = image.h; sourceTree = "<group>"; };
		3D1E042414F73FFB00BF8C44 /* image_convert.h */ = {isa = PBXFileReference; fileEncoding = 4; lastKnownFileType = sourcecode.c.h; path = image_convert.h; sourceTree = "<group>"; };
		3D1E042514F73FFB00BF8C44 /* image_convert_fwd.h */ = {isa = PBXFileReference; fileEncoding = 4; lastKnownFileType = sourcecode.c.h; path = image_convert_fwd.h; sourceTree = "<group>"; };
		3D1E042614F73FFB00BF8C44 /* image_interpolate.h */ = {isa = PBXFileReference; fileEncoding = 4; lastKnownFileType = sourcecode.c.h; path = image_interpolate.h; sourceTree = "<group>"; };
		3D1E042714F73FFB00BF8C44 /* image_io.h */ = {isa = PBXFileReference; fileEncoding = 4; lastKnownFileType = sourcecode.c.h; path = image_io.h; sourceTree = "<group>"; };
		3D1E042814F73FFB00BF8C44 /* image_ref.h */ = {isa = PBXFileReference; fileEncoding = 4; lastKnownFileType = sourcecode.c.h; path = image_ref.h; sourceTree = "<group>"; };
		3D1E042914F73FFB00BF8C44 /* integral_image.h */ = {isa = PBXFileReference; fileEncoding = 4; lastKnownFileType = sourcecode.c.h; path = integral_image.h; sourceTree = "<group>"; };
		3D1E042B14F73FFB00BF8C44 /* aligned_mem.h */ = {isa = PBXFileReference; fileEncoding = 4; lastKnownFileType = sourcecode.c.h; path = aligned_mem.h; sourceTree = "<group>"; };
		3D1E042C14F73FFB00BF8C44 /* assembly.h */ = {isa = PBXFileReference; fileEncoding = 4; lastKnownFileType = sourcecode.c.h; path = assembly.h; sourceTree = "<group>"; };
		3D1E042D14F73FFB00BF8C44 /* builtin_components.h */ = {isa = PBXFileReference; fileEncoding = 4; lastKnownFileType = sourcecode.c.h; path = builtin_components.h; sourceTree = "<group>"; };
		3D1E042E14F73FFB00BF8C44 /* convert_pixel_types.h */ = {isa = PBXFileReference; fileEncoding = 4; lastKnownFileType = sourcecode.c.h; path = convert_pixel_types.h; sourceTree = "<group>"; };
		3D1E042F14F73FFB00BF8C44 /* gl_types.h */ = {isa = PBXFileReference; fileEncoding = 4; lastKnownFileType = sourcecode.c.h; path = gl_types.h; sourceTree = "<group>"; };
		3D1E043014F73FFB00BF8C44 /* gles1_types.h */ = {isa = PBXFileReference; fileEncoding = 4; lastKnownFileType = sourcecode.c.h; path = gles1_types.h; sourceTree = "<group>"; };
		3D1E043114F73FFB00BF8C44 /* image_ref_implementation.hh */ = {isa = PBXFileReference; fileEncoding = 4; lastKnownFileType = sourcecode.cpp.h; path = image_ref_implementation.hh; sourceTree = "<group>"; };
		3D1E043314F73FFB00BF8C44 /* bmp.h */ = {isa = PBXFileReference; fileEncoding = 4; lastKnownFileType = sourcecode.c.h; path = bmp.h; sourceTree = "<group>"; };
		3D1E043414F73FFB00BF8C44 /* cvdimage.h */ = {isa = PBXFileReference; fileEncoding = 4; lastKnownFileType = sourcecode.c.h; path = cvdimage.h; sourceTree = "<group>"; };
		3D1E043514F73FFB00BF8C44 /* fits.h */ = {isa = PBXFileReference; fileEncoding = 4; lastKnownFileType = sourcecode.c.h; path = fits.h; sourceTree = "<group>"; };
		3D1E043614F73FFB00BF8C44 /* jpeg.h */ = {isa = PBXFileReference; fileEncoding = 4; lastKnownFileType = sourcecode.c.h; path = jpeg.h; sourceTree = "<group>"; };
		3D1E043714F73FFB00BF8C44 /* parameter.h */ = {isa = PBXFileReference; fileEncoding = 4; lastKnownFileType = sourcecode.c.h; path = parameter.h; sourceTree = "<group>"; };
		3D1E043814F73FFB00BF8C44 /* png.h */ = {isa = PBXFileReference; fileEncoding = 4; lastKnownFileType = sourcecode.c.h; path = png.h; sourceTree = "<group>"; };
		3D1E043914F73FFB00BF8C44 /* pnm_grok.h */ = {isa = PBXFileReference; fileEncoding = 4; lastKnownFileType = sourcecode.c.h; path = pnm_grok.h; sourceTree = "<group>"; };
		3D1E043A14F73FFB00BF8C44 /* save_postscript.h */ = {isa = PBXFileReference; fileEncoding = 4; lastKnownFileType = sourcecode.c.h; path = save_postscript.h; sourceTree = "<group>"; };
		3D1E043B14F73FFB00BF8C44 /* text.h */ = {isa = PBXFileReference; fileEncoding = 4; lastKnownFileType = sourcecode.c.h; path = text.h; sourceTree = "<group>"; };
		3D1E043C14F73FFB00BF8C44 /* tiff.h */ = {isa = PBXFileReference; fileEncoding = 4; lastKnownFileType = sourcecode.c.h; path = tiff.h; sourceTree = "<group>"; };
		3D1E043D14F73FFB00BF8C44 /* is_pod.h */ = {isa = PBXFileReference; fileEncoding = 4; lastKnownFileType = sourcecode.c.h; path = is_pod.h; sourceTree = "<group>"; };
		3D1E043E14F73FFB00BF8C44 /* load_and_save.h */ = {isa = PBXFileReference; fileEncoding = 4; lastKnownFileType = sourcecode.c.h; path = load_and_save.h; sourceTree = "<group>"; };
		3D1E043F14F73FFB00BF8C44 /* name_builtin_types.h */ = {isa = PBXFileReference; fileEncoding = 4; lastKnownFileType = sourcecode.c.h; path = name_builtin_types.h; sourceTree = "<group>"; };
		3D1E044014F73FFB00BF8C44 /* name_CVD_rgb_types.h */ = {isa = PBXFileReference; fileEncoding = 4; lastKnownFileType = sourcecode.c.h; path = name_CVD_rgb_types.h; sourceTree = "<group>"; };
		3D1E044114F73FFB00BF8C44 /* pixel_operations.h */ = {isa = PBXFileReference; fileEncoding = 4; lastKnownFileType = sourcecode.c.h; path = pixel_operations.h; sourceTree = "<group>"; };
		3D1E044214F73FFB00BF8C44 /* pixel_traits.h */ = {isa = PBXFileReference; fileEncoding = 4; lastKnownFileType = sourcecode.c.h; path = pixel_traits.h; sourceTree = "<group>"; };
		3D1E044314F73FFB00BF8C44 /* rgb_components.h */ = {isa = PBXFileReference; fileEncoding = 4; lastKnownFileType = sourcecode.c.h; path = rgb_components.h; sourceTree = "<group>"; };
		3D1E044414F73FFB00BF8C44 /* scalar_convert.h */ = {isa = PBXFileReference; fileEncoding = 4; lastKnownFileType = sourcecode.c.h; path = scalar_convert.h; sourceTree = "<group>"; };
		3D1E044514F73FFB00BF8C44 /* simple_vector.h */ = {isa = PBXFileReference; fileEncoding = 4; lastKnownFileType = sourcecode.c.h; path = simple_vector.h; sourceTree = "<group>"; };
		3D1E044614F73FFB00BF8C44 /* win.h */ = {isa = PBXFileReference; fileEncoding = 4; lastKnownFileType = sourcecode.c.h; path = win.h; sourceTree = "<group>"; };
		3D1E044714F73FFB00BF8C44 /* interpolate.h */ = {isa = PBXFileReference; fileEncoding = 4; lastKnownFileType = sourcecode.c.h; path = interpolate.h; sourceTree = "<group>"; };
		3D1E044914F73FFB00BF8C44 /* irls.h */ = {isa = PBXFileReference; fileEncoding = 4; lastKnownFileType = sourcecode.c.h; path = irls.h; sourceTree = "<group>"; };
		3D1E044A14F73FFB00BF8C44 /* la.h */ = {isa = PBXFileReference; fileEncoding = 4; lastKnownFileType = sourcecode.c.h; path = la.h; sourceTree = "<group>"; };
		3D1E044C14F73FFB00BF8C44 /* localvideobuffer.h */ = {isa = PBXFileReference; fileEncoding = 4; lastKnownFileType = sourcecode.c.h; path = localvideobuffer.h; sourceTree = "<group>"; };
		3D1E044D14F73FFB00BF8C44 /* localvideoframe.h */ = {isa = PBXFileReference; fileEncoding = 4; lastKnownFileType = sourcecode.c.h; path = localvideoframe.h; sourceTree = "<group>"; };
		3D1E044E14F73FFB00BF8C44 /* message_queue.h */ = {isa = PBXFileReference; fileEncoding = 4; lastKnownFileType = sourcecode.c.h; path = message_queue.h; sourceTree = "<group>"; };
		3D1E044F14F73FFB00BF8C44 /* morphology.h */ = {isa = PBXFileReference; fileEncoding = 4; lastKnownFileType = sourcecode.c.h; path = morphology.h; sourceTree = "<group>"; };
		3D1E045014F73FFB00BF8C44 /* nocopy.h */ = {isa = PBXFileReference; fileEncoding = 4; lastKnownFileType = sourcecode.c.h; path = nocopy.h; sourceTree = "<group>"; };
		3D1E045114F73FFB00BF8C44 /* nonmax_suppression.h */ = {isa = PBXFileReference; fileEncoding = 4; lastKnownFileType = sourcecode.c.h; path = nonmax_suppression.h; sourceTree = "<group>"; };
		3D1E045414F73FFB00BF8C44 /* interface.h */ = {isa = PBXFileReference; fileEncoding = 4; lastKnownFileType = sourcecode.c.h; path = interface.h; sourceTree = "<group>"; };
		3D1E045514F73FFB00BF8C44 /* selector.h */ = {isa = PBXFileReference; fileEncoding = 4; lastKnownFileType = sourcecode.c.h; path = selector.h; sourceTree = "<group>"; };
		3D1E045614F73FFB00BF8C44 /* types.h */ = {isa = PBXFileReference; fileEncoding = 4; lastKnownFileType = sourcecode.c.h; path = types.h; sourceTree = "<group>"; };
		3D1E045714F73FFB00BF8C44 /* random.h */ = {isa = PBXFileReference; fileEncoding = 4; lastKnownFileType = sourcecode.c.h; path = random.h; sourceTree = "<group>"; };
		3D1E045814F73FFB00BF8C44 /* readaheadvideobuffer.h */ = {isa = PBXFileReference; fileEncoding = 4; lastKnownFileType = sourcecode.c.h; path = readaheadvideobuffer.h; sourceTree = "<group>"; };
		3D1E045914F73FFB00BF8C44 /* rgb.h */ = {isa = PBXFileReference; fileEncoding = 4; lastKnownFileType = sourcecode.c.h; path = rgb.h; sourceTree = "<group>"; };
		3D1E045A14F73FFB00BF8C44 /* rgb8.h */ = {isa = PBXFileReference; fileEncoding = 4; lastKnownFileType = sourcecode.c.h; path = rgb8.h; sourceTree = "<group>"; };
		3D1E045B14F73FFB00BF8C44 /* rgba.h */ = {isa = PBXFileReference; fileEncoding = 4; lastKnownFileType = sourcecode.c.h; path = rgba.h; sourceTree = "<group>"; };
		3D1E045C14F73FFB00BF8C44 /* ringbuffer.h */ = {isa = PBXFileReference; fileEncoding = 4; lastKnownFileType = sourcecode.c.h; path = ringbuffer.h; sourceTree = "<group>"; };
		3D1E045D14F73FFB00BF8C44 /* runnable.h */ = {isa = PBXFileReference; fileEncoding = 4; lastKnownFileType = sourcecode.c.h; path = runnable.h; sourceTree = "<group>"; };
		3D1E045E14F73FFB00BF8C44 /* runnable_batch.h */ = {isa = PBXFileReference; fileEncoding = 4; lastKnownFileType = sourcecode.c.h; path = runnable_batch.h; sourceTree = "<group>"; };
		3D1E045F14F73FFB00BF8C44 /* se2.h */ = {isa = PBXFileReference; fileEncoding = 4; lastKnownFileType = sourcecode.c.h; path = se2.h; sourceTree = "<group>"; };
		3D1E046014F73FFB00BF8C44 /* se3.h */ = {isa = PBXFileReference; fileEncoding = 4; lastKnownFileType = sourcecode.c.h; path = se3.h; sourceTree = "<group>"; };
		3D1E046114F73FFB00BF8C44 /* serverpushjpegbuffer.h */ = {isa = PBXFileReference; fileEncoding = 4; lastKnownFileType = sourcecode.c.h; path = serverpushjpegbuffer.h; sourceTree = "<group>"; };
		3D1E046214F73FFB00BF8C44 /* serverpushjpegframe.h */ = {isa = PBXFileReference; fileEncoding = 4; lastKnownFileType = sourcecode.c.h; path = serverpushjpegframe.h; sourceTree = "<group>"; };
		3D1E046314F73FFB00BF8C44 /* so2.h */ = {isa = PBXFileReference; fileEncoding = 4; lastKnownFileType = sourcecode.c.h; path = so2.h; sourceTree = "<group>"; };
		3D1E046414F73FFB00BF8C44 /* so3.h */ = {isa = PBXFileReference; fileEncoding = 4; lastKnownFileType = sourcecode.c.h; path = so3.h; sourceTree = "<group>"; };
		3D1E046514F73FFB00BF8C44 /* synchronized.h */ = {isa = PBXFileReference; fileEncoding = 4; lastKnownFileType = sourcecode.c.h; path = synchronized.h; sourceTree = "<group>"; };
		3D1E046614F73FFB00BF8C44 /* tensor_voting.h */ = {isa = PBXFileReference; fileEncoding = 4; lastKnownFileType = sourcecode.c.h; path = tensor_voting.h; sourceTree = "<group>"; };
		3D1E046714F73FFB00BF8C44 /* thread.h */ = {isa = PBXFileReference; fileEncoding = 4; lastKnownFileType = sourcecode.c.h; path = thread.h; sourceTree = "<group>"; };
		3D1E046814F73FFB00BF8C44 /* timeddiskbuffer.h */ = {isa = PBXFileReference; fileEncoding = 4; lastKnownFileType = sourcecode.c.h; path = timeddiskbuffer.h; sourceTree = "<group>"; };
		3D1E046914F73FFB00BF8C44 /* timer.h */ = {isa = PBXFileReference; fileEncoding = 4; lastKnownFileType = sourcecode.c.h; path = timer.h; sourceTree = "<group>"; };
		3D1E046A14F73FFB00BF8C44 /* utility.h */ = {isa = PBXFileReference; fileEncoding = 4; lastKnownFileType = sourcecode.c.h; path = utility.h; sourceTree = "<group>"; };
		3D1E046B14F73FFB00BF8C44 /* vector_image_ref.h */ = {isa = PBXFileReference; fileEncoding = 4; lastKnownFileType = sourcecode.c.h; path = vector_image_ref.h; sourceTree = "<group>"; };
		3D1E046C14F73FFB00BF8C44 /* videobuffer.h */ = {isa = PBXFileReference; fileEncoding = 4; lastKnownFileType = sourcecode.c.h; path = videobuffer.h; sourceTree = "<group>"; };
		3D1E046D14F73FFB00BF8C44 /* videobufferflags.h */ = {isa = PBXFileReference; fileEncoding = 4; lastKnownFileType = sourcecode.c.h; path = videobufferflags.h; sourceTree = "<group>"; };
		3D1E046E14F73FFB00BF8C44 /* videobufferwithdata.h */ = {isa = PBXFileReference; fileEncoding = 4; lastKnownFileType = sourcecode.c.h; path = videobufferwithdata.h; sourceTree = "<group>"; };
		3D1E046F14F73FFB00BF8C44 /* videofilebuffer.h */ = {isa = PBXFileReference; fileEncoding = 4; lastKnownFileType = sourcecode.c.h; path = videofilebuffer.h; sourceTree = "<group>"; };
		3D1E047014F73FFB00BF8C44 /* videofilebuffer_frame.h */ = {isa = PBXFileReference; fileEncoding = 4; lastKnownFileType = sourcecode.c.h; path = videofilebuffer_frame.h; sourceTree = "<group>"; };
		3D1E047114F73FFB00BF8C44 /* videoframe.h */ = {isa = PBXFileReference; fileEncoding = 4; lastKnownFileType = sourcecode.c.h; path = videoframe.h; sourceTree = "<group>"; };
		3D1E047214F73FFB00BF8C44 /* videosource.h */ = {isa = PBXFileReference; fileEncoding = 4; lastKnownFileType = sourcecode.c.h; path = videosource.h; sourceTree = "<group>"; };
		3D1E047314F73FFB00BF8C44 /* vision.h */ = {isa = PBXFileReference; fileEncoding = 4; lastKnownFileType = sourcecode.c.h; path = vision.h; sourceTree = "<group>"; };
		3D1E047414F73FFB00BF8C44 /* vision_exceptions.h */ = {isa = PBXFileReference; fileEncoding = 4; lastKnownFileType = sourcecode.c.h; path = vision_exceptions.h; sourceTree = "<group>"; };
		3D1E047514F73FFB00BF8C44 /* wls.h */ = {isa = PBXFileReference; fileEncoding = 4; lastKnownFileType = sourcecode.c.h; path = wls.h; sourceTree = "<group>"; };
		3D1E047614F73FFB00BF8C44 /* wls_c.h */ = {isa = PBXFileReference; fileEncoding = 4; lastKnownFileType = sourcecode.c.h; path = wls_c.h; sourceTree = "<group>"; };
		3D1E047714F73FFB00BF8C44 /* wls_cholesky.h */ = {isa = PBXFileReference; fileEncoding = 4; lastKnownFileType = sourcecode.c.h; path = wls_cholesky.h; sourceTree = "<group>"; };
		3D1E047814F73FFB00BF8C44 /* yc.h */ = {isa = PBXFileReference; fileEncoding = 4; lastKnownFileType = sourcecode.c.h; path = yc.h; sourceTree = "<group>"; };
		3D1E047B14F73FFB00BF8C44 /* libcvd.a */ = {isa = PBXFileReference; lastKnownFileType = archive.ar; path = libcvd.a; sourceTree = "<group>"; };
		3D1E047D14F73FFB00BF8C44 /* libcvd-0.8.dylib */ = {isa = PBXFileReference; lastKnownFileType = "compiled.mach-o.dylib"; path = "libcvd-0.8.dylib"; sourceTree = "<group>"; };
		3D1E048114F73FFB00BF8C44 /* config.h */ = {isa = PBXFileReference; fileEncoding = 4; lastKnownFileType = sourcecode.c.h; path = config.h; sourceTree = "<group>"; };
		3D1E048214F73FFB00BF8C44 /* default.h */ = {isa = PBXFileReference; fileEncoding = 4; lastKnownFileType = sourcecode.c.h; path = default.h; sourceTree = "<group>"; };
		3D1E048314F73FFB00BF8C44 /* GStringUtil.cc */ = {isa = PBXFileReference; fileEncoding = 4; lastKnownFileType = sourcecode.cpp.cpp; path = GStringUtil.cc; sourceTree = "<group>"; };
		3D1E048414F73FFB00BF8C44 /* GStringUtil.h */ = {isa = PBXFileReference; fileEncoding = 4; lastKnownFileType = sourcecode.c.h; path = GStringUtil.h; sourceTree = "<group>"; };
		3D1E048514F73FFB00BF8C44 /* gv3_implementation.hh */ = {isa = PBXFileReference; fileEncoding = 4; lastKnownFileType = sourcecode.cpp.h; path = gv3_implementation.hh; sourceTree = "<group>"; };
		3D1E048614F73FFB00BF8C44 /* gvars2.cc */ = {isa = PBXFileReference; fileEncoding = 4; lastKnownFileType = sourcecode.cpp.cpp; path = gvars2.cc; sourceTree = "<group>"; };
		3D1E048714F73FFB00BF8C44 /* gvars3.cc */ = {isa = PBXFileReference; fileEncoding = 4; lastKnownFileType = sourcecode.cpp.cpp; path = gvars3.cc; sourceTree = "<group>"; };
		3D1E048814F73FFB00BF8C44 /* gvars3.h */ = {isa = PBXFileReference; fileEncoding = 4; lastKnownFileType = sourcecode.c.h; path = gvars3.h; sourceTree = "<group>"; };
		3D1E048914F73FFB00BF8C44 /* instances.h */ = {isa = PBXFileReference; fileEncoding = 4; lastKnownFileType = sourcecode.c.h; path = instances.h; sourceTree = "<group>"; };
		3D1E048A14F73FFB00BF8C44 /* serialize.cc */ = {isa = PBXFileReference; fileEncoding = 4; lastKnownFileType = sourcecode.cpp.cpp; path = serialize.cc; sourceTree = "<group>"; };
		3D1E048B14F73FFB00BF8C44 /* serialize.h */ = {isa = PBXFileReference; fileEncoding = 4; lastKnownFileType = sourcecode.c.h; path = serialize.h; sourceTree = "<group>"; };
		3D1E048C14F73FFB00BF8C44 /* type_name.h */ = {isa = PBXFileReference; fileEncoding = 4; lastKnownFileType = sourcecode.c.h; path = type_name.h; sourceTree = "<group>"; };
		3D1E049014F73FFB00BF8C44 /* ATANCamera.cc */ = {isa = PBXFileReference; fileEncoding = 4; lastKnownFileType = sourcecode.cpp.cpp; path = ATANCamera.cc; sourceTree = "<group>"; };
		3D1E049114F73FFB00BF8C44 /* ATANCamera.h */ = {isa = PBXFileReference; fileEncoding = 4; lastKnownFileType = sourcecode.c.h; path = ATANCamera.h; sourceTree = "<group>"; };
		3D1E049214F73FFB00BF8C44 /* Bundle.cc */ = {isa = PBXFileReference; fileEncoding = 4; lastKnownFileType = sourcecode.cpp.cpp; path = Bundle.cc; sourceTree = "<group>"; };
		3D1E049314F73FFB00BF8C44 /* Bundle.h */ = {isa = PBXFileReference; fileEncoding = 4; lastKnownFileType = sourcecode.c.h; path = Bundle.h; sourceTree = "<group>"; };
		3D1E049414F73FFB00BF8C44 /* CalibCornerPatch.cc */ = {isa = PBXFileReference; fileEncoding = 4; lastKnownFileType = sourcecode.cpp.cpp; path = CalibCornerPatch.cc; sourceTree = "<group>"; };
		3D1E049514F73FFB00BF8C44 /* CalibCornerPatch.h */ = {isa = PBXFileReference; fileEncoding = 4; lastKnownFileType = sourcecode.c.h; path = CalibCornerPatch.h; sourceTree = "<group>"; };
		3D1E049614F73FFB00BF8C44 /* globals.h */ = {isa = PBXFileReference; fileEncoding = 4; lastKnownFileType = sourcecode.c.h; path = globals.h; sourceTree = "<group>"; };
		3D1E049714F73FFB00BF8C44 /* HomographyInit.cc */ = {isa = PBXFileReference; fileEncoding = 4; lastKnownFileType = sourcecode.cpp.cpp; path = HomographyInit.cc; sourceTree = "<group>"; };
		3D1E049814F73FFB00BF8C44 /* HomographyInit.h */ = {isa = PBXFileReference; fileEncoding = 4; lastKnownFileType = sourcecode.c.h; path = HomographyInit.h; sourceTree = "<group>"; };
		3D1E049914F73FFB00BF8C44 /* KeyFrame.cc */ = {isa = PBXFileReference; fileEncoding = 4; lastKnownFileType = sourcecode.cpp.cpp; path = KeyFrame.cc; sourceTree = "<group>"; };
		3D1E049A14F73FFB00BF8C44 /* KeyFrame.h */ = {isa = PBXFileReference; fileEncoding = 4; lastKnownFileType = sourcecode.c.h; path = KeyFrame.h; sourceTree = "<group>"; };
		3D1E049B14F73FFB00BF8C44 /* LevelHelpers.h */ = {isa = PBXFileReference; fileEncoding = 4; lastKnownFileType = sourcecode.c.h; path = LevelHelpers.h; sourceTree = "<group>"; };
		3D1E049C14F73FFB00BF8C44 /* LICENSE.txt */ = {isa = PBXFileReference; fileEncoding = 4; lastKnownFileType = text; path = LICENSE.txt; sourceTree = "<group>"; };
		3D1E049D14F73FFB00BF8C44 /* Map.cc */ = {isa = PBXFileReference; fileEncoding = 4; lastKnownFileType = sourcecode.cpp.cpp; path = Map.cc; sourceTree = "<group>"; };
		3D1E049E14F73FFB00BF8C44 /* Map.h */ = {isa = PBXFileReference; fileEncoding = 4; lastKnownFileType = sourcecode.c.h; path = Map.h; sourceTree = "<group>"; };
		3D1E049F14F73FFB00BF8C44 /* MapLockManager.cc */ = {isa = PBXFileReference; fileEncoding = 4; lastKnownFileType = sourcecode.cpp.cpp; path = MapLockManager.cc; sourceTree = "<group>"; };
		3D1E04A014F73FFB00BF8C44 /* MapLockManager.h */ = {isa = PBXFileReference; fileEncoding = 4; lastKnownFileType = sourcecode.c.h; path = MapLockManager.h; sourceTree = "<group>"; };
		3D1E04A114F73FFB00BF8C44 /* MapMaker.cc */ = {isa = PBXFileReference; fileEncoding = 4; lastKnownFileType = sourcecode.cpp.cpp; path = MapMaker.cc; sourceTree = "<group>"; };
		3D1E04A214F73FFB00BF8C44 /* MapMaker.h */ = {isa = PBXFileReference; fileEncoding = 4; lastKnownFileType = sourcecode.c.h; path = MapMaker.h; sourceTree = "<group>"; };
		3D1E04A314F73FFB00BF8C44 /* MapPoint.cc */ = {isa = PBXFileReference; fileEncoding = 4; lastKnownFileType = sourcecode.cpp.cpp; path = MapPoint.cc; sourceTree = "<group>"; };
		3D1E04A414F73FFB00BF8C44 /* MapPoint.h */ = {isa = PBXFileReference; fileEncoding = 4; lastKnownFileType = sourcecode.c.h; path = MapPoint.h; sourceTree = "<group>"; };
		3D1E04A514F73FFB00BF8C44 /* MapSerializer.cc */ = {isa = PBXFileReference; fileEncoding = 4; lastKnownFileType = sourcecode.cpp.cpp; path = MapSerializer.cc; sourceTree = "<group>"; };
		3D1E04A614F73FFB00BF8C44 /* MapSerializer.h */ = {isa = PBXFileReference; fileEncoding = 4; lastKnownFileType = sourcecode.c.h; path = MapSerializer.h; sourceTree = "<group>"; };
		3D1E04A714F73FFB00BF8C44 /* MD5.cc */ = {isa = PBXFileReference; fileEncoding = 4; lastKnownFileType = sourcecode.cpp.cpp; path = MD5.cc; sourceTree = "<group>"; };
		3D1E04A814F73FFB00BF8C44 /* MD5.h */ = {isa = PBXFileReference; fileEncoding = 4; lastKnownFileType = sourcecode.c.h; path = MD5.h; sourceTree = "<group>"; };
		3D1E04A914F73FFB00BF8C44 /* MD5Wrapper.cc */ = {isa = PBXFileReference; fileEncoding = 4; lastKnownFileType = sourcecode.cpp.cpp; path = MD5Wrapper.cc; sourceTree = "<group>"; };
		3D1E04AA14F73FFB00BF8C44 /* MD5Wrapper.h */ = {isa = PBXFileReference; fileEncoding = 4; lastKnownFileType = sourcecode.c.h; path = MD5Wrapper.h; sourceTree = "<group>"; };
		3D1E04AB14F73FFB00BF8C44 /* MEstimator.h */ = {isa = PBXFileReference; fileEncoding = 4; lastKnownFileType = sourcecode.c.h; path = MEstimator.h; sourceTree = "<group>"; };
		3D1E04AC14F73FFB00BF8C44 /* MiniPatch.cc */ = {isa = PBXFileReference; fileEncoding = 4; lastKnownFileType = sourcecode.cpp.cpp; path = MiniPatch.cc; sourceTree = "<group>"; };
		3D1E04AD14F73FFB00BF8C44 /* MiniPatch.h */ = {isa = PBXFileReference; fileEncoding = 4; lastKnownFileType = sourcecode.c.h; path = MiniPatch.h; sourceTree = "<group>"; };
		3D1E04AE14F73FFB00BF8C44 /* OpenGL.h */ = {isa = PBXFileReference; fileEncoding = 4; lastKnownFileType = sourcecode.c.h; path = OpenGL.h; sourceTree = "<group>"; };
		3D1E04AF14F73FFB00BF8C44 /* PatchFinder.cc */ = {isa = PBXFileReference; fileEncoding = 4; lastKnownFileType = sourcecode.cpp.cpp; path = PatchFinder.cc; sourceTree = "<group>"; };
		3D1E04B014F73FFB00BF8C44 /* PatchFinder.h */ = {isa = PBXFileReference; fileEncoding = 4; lastKnownFileType = sourcecode.c.h; path = PatchFinder.h; sourceTree = "<group>"; };
		3D1E04B114F73FFB00BF8C44 /* Relocaliser.cc */ = {isa = PBXFileReference; fileEncoding = 4; lastKnownFileType = sourcecode.cpp.cpp; path = Relocaliser.cc; sourceTree = "<group>"; };
		3D1E04B214F73FFB00BF8C44 /* Relocaliser.h */ = {isa = PBXFileReference; fileEncoding = 4; lastKnownFileType = sourcecode.c.h; path = Relocaliser.h; sourceTree = "<group>"; };
		3D1E04B314F73FFB00BF8C44 /* ShiTomasi.cc */ = {isa = PBXFileReference; fileEncoding = 4; lastKnownFileType = sourcecode.cpp.cpp; path = ShiTomasi.cc; sourceTree = "<group>"; };
		3D1E04B414F73FFB00BF8C44 /* ShiTomasi.h */ = {isa = PBXFileReference; fileEncoding = 4; lastKnownFileType = sourcecode.c.h; path = ShiTomasi.h; sourceTree = "<group>"; };
		3D1E04B514F73FFB00BF8C44 /* SmallBlurryImage.cc */ = {isa = PBXFileReference; fileEncoding = 4; lastKnownFileType = sourcecode.cpp.cpp; path = SmallBlurryImage.cc; sourceTree = "<group>"; };
		3D1E04B614F73FFB00BF8C44 /* SmallBlurryImage.h */ = {isa = PBXFileReference; fileEncoding = 4; lastKnownFileType = sourcecode.c.h; path = SmallBlurryImage.h; sourceTree = "<group>"; };
		3D1E04B714F73FFB00BF8C44 /* SmallMatrixOpts.h */ = {isa = PBXFileReference; fileEncoding = 4; lastKnownFileType = sourcecode.c.h; path = SmallMatrixOpts.h; sourceTree = "<group>"; };
		3D1E04B814F73FFB00BF8C44 /* tinyxml license.txt */ = {isa = PBXFileReference; fileEncoding = 4; lastKnownFileType = text; path = "tinyxml license.txt"; sourceTree = "<group>"; };
		3D1E04B914F73FFB00BF8C44 /* tinyxml.cc */ = {isa = PBXFileReference; fileEncoding = 4; lastKnownFileType = sourcecode.cpp.cpp; path = tinyxml.cc; sourceTree = "<group>"; };
		3D1E04BA14F73FFB00BF8C44 /* tinyxml.h */ = {isa = PBXFileReference; fileEncoding = 4; lastKnownFileType = sourcecode.c.h; path = tinyxml.h; sourceTree = "<group>"; };
		3D1E04BB14F73FFB00BF8C44 /* tinyxmlerror.cc */ = {isa = PBXFileReference; fileEncoding = 4; lastKnownFileType = sourcecode.cpp.cpp; path = tinyxmlerror.cc; sourceTree = "<group>"; };
		3D1E04BC14F73FFB00BF8C44 /* tinyxmlparser.cc */ = {isa = PBXFileReference; fileEncoding = 4; lastKnownFileType = sourcecode.cpp.cpp; path = tinyxmlparser.cc; sourceTree = "<group>"; };
		3D1E04BD14F73FFB00BF8C44 /* Tracker.cc */ = {isa = PBXFileReference; fileEncoding = 4; lastKnownFileType = sourcecode.cpp.cpp; path = Tracker.cc; sourceTree = "<group>"; };
		3D1E04BE14F73FFB00BF8C44 /* Tracker.h */ = {isa = PBXFileReference; fileEncoding = 4; lastKnownFileType = sourcecode.c.h; path = Tracker.h; sourceTree = "<group>"; };
		3D1E04BF14F73FFB00BF8C44 /* TrackerData.h */ = {isa = PBXFileReference; fileEncoding = 4; lastKnownFileType = sourcecode.c.h; path = TrackerData.h; sourceTree = "<group>"; };
		3D1E04C014F73FFB00BF8C44 /* Utils.cc */ = {isa = PBXFileReference; fileEncoding = 4; lastKnownFileType = sourcecode.cpp.cpp; path = Utils.cc; sourceTree = "<group>"; };
		3D1E04C114F73FFB00BF8C44 /* Utils.h */ = {isa = PBXFileReference; fileEncoding = 4; lastKnownFileType = sourcecode.c.h; path = Utils.h; sourceTree = "<group>"; };
		3D1E04C514F73FFB00BF8C44 /* Cholesky.h */ = {isa = PBXFileReference; fileEncoding = 4; lastKnownFileType = sourcecode.c.h; path = Cholesky.h; sourceTree = "<group>"; };
		3D1E04C614F73FFB00BF8C44 /* determinant.h */ = {isa = PBXFileReference; fileEncoding = 4; lastKnownFileType = sourcecode.c.h; path = determinant.h; sourceTree = "<group>"; };
		3D1E04C814F73FFB00BF8C44 /* derivatives.h */ = {isa = PBXFileReference; fileEncoding = 4; lastKnownFileType = sourcecode.c.h; path = derivatives.h; sourceTree = "<group>"; };
		3D1E04C914F73FFB00BF8C44 /* fadbad.h */ = {isa = PBXFileReference; fileEncoding = 4; lastKnownFileType = sourcecode.c.h; path = fadbad.h; sourceTree = "<group>"; };
		3D1E04CA14F73FFB00BF8C44 /* gauss_jordan.h */ = {isa = PBXFileReference; fileEncoding = 4; lastKnownFileType = sourcecode.c.h; path = gauss_jordan.h; sourceTree = "<group>"; };
		3D1E04CB14F73FFB00BF8C44 /* gaussian_elimination.h */ = {isa = PBXFileReference; fileEncoding = 4; lastKnownFileType = sourcecode.c.h; path = gaussian_elimination.h; sourceTree = "<group>"; };
		3D1E04CC14F73FFB00BF8C44 /* generated.h */ = {isa = PBXFileReference; fileEncoding = 4; lastKnownFileType = sourcecode.c.h; path = generated.h; sourceTree = "<group>"; };
		3D1E04CD14F73FFB00BF8C44 /* GR_SVD.h */ = {isa = PBXFileReference; fileEncoding = 4; lastKnownFileType = sourcecode.c.h; path = GR_SVD.h; sourceTree = "<group>"; };
		3D1E04CE14F73FFB00BF8C44 /* helpers.h */ = {isa = PBXFileReference; fileEncoding = 4; lastKnownFileType = sourcecode.c.h; path = helpers.h; sourceTree = "<group>"; };
		3D1E04D014F73FFB00BF8C44 /* allocator.hh */ = {isa = PBXFileReference; fileEncoding = 4; lastKnownFileType = sourcecode.cpp.h; path = allocator.hh; sourceTree = "<group>"; };
		3D1E04D114F73FFB00BF8C44 /* builtin_typeof.h */ = {isa = PBXFileReference; fileEncoding = 4; lastKnownFileType = sourcecode.c.h; path = builtin_typeof.h; sourceTree = "<group>"; };
		3D1E04D214F73FFB00BF8C44 /* comma.hh */ = {isa = PBXFileReference; fileEncoding = 4; lastKnownFileType = sourcecode.cpp.h; path = comma.hh; sourceTree = "<group>"; };
		3D1E04D314F73FFB00BF8C44 /* config.hh */ = {isa = PBXFileReference; fileEncoding = 4; lastKnownFileType = sourcecode.cpp.h; path = config.hh; sourceTree = "<group>"; };
		3D1E04D414F73FFB00BF8C44 /* config.hh.in */ = {isa = PBXFileReference; fileEncoding = 4; lastKnownFileType = text; path = config.hh.in; sourceTree = "<group>"; };
		3D1E04D514F73FFB00BF8C44 /* data.hh */ = {isa = PBXFileReference; fileEncoding = 4; lastKnownFileType = sourcecode.cpp.h; path = data.hh; sourceTree = "<group>"; };
		3D1E04D614F73FFB00BF8C44 /* data_functions.hh */ = {isa = PBXFileReference; fileEncoding = 4; lastKnownFileType = sourcecode.cpp.h; path = data_functions.hh; sourceTree = "<group>"; };
		3D1E04D714F73FFB00BF8C44 /* dchecktest.hh */ = {isa = PBXFileReference; fileEncoding = 4; lastKnownFileType = sourcecode.cpp.h; path = dchecktest.hh; sourceTree = "<group>"; };
		3D1E04D814F73FFB00BF8C44 /* debug.hh */ = {isa = PBXFileReference; fileEncoding = 4; lastKnownFileType = sourcecode.cpp.h; path = debug.hh; sourceTree = "<group>"; };
		3D1E04D914F73FFB00BF8C44 /* deprecated.hh */ = {isa = PBXFileReference; fileEncoding = 4; lastKnownFileType = sourcecode.cpp.h; path = deprecated.hh; sourceTree = "<group>"; };
		3D1E04DA14F73FFB00BF8C44 /* diagmatrix.h */ = {isa = PBXFileReference; fileEncoding = 4; lastKnownFileType = sourcecode.c.h; path = diagmatrix.h; sourceTree = "<group>"; };
		3D1E04DB14F73FFB00BF8C44 /* make_vector.hh */ = {isa = PBXFileReference; fileEncoding = 4; lastKnownFileType = sourcecode.cpp.h; path = make_vector.hh; sourceTree = "<group>"; };
		3D1E04DC14F73FFB00BF8C44 /* matrix.hh */ = {isa = PBXFileReference; fileEncoding = 4; lastKnownFileType = sourcecode.cpp.h; path = matrix.hh; sourceTree = "<group>"; };
		3D1E04DD14F73FFB00BF8C44 /* mbase.hh */ = {isa = PBXFileReference; fileEncoding = 4; lastKnownFileType = sourcecode.cpp.h; path = mbase.hh; sourceTree = "<group>"; };
		3D1E04DE14F73FFB00BF8C44 /* objects.h */ = {isa = PBXFileReference; fileEncoding = 4; lastKnownFileType = sourcecode.c.h; path = objects.h; sourceTree = "<group>"; };
		3D1E04DF14F73FFB00BF8C44 /* operators.hh */ = {isa = PBXFileReference; fileEncoding = 4; lastKnownFileType = sourcecode.cpp.h; path = operators.hh; sourceTree = "<group>"; };
		3D1E04E014F73FFB00BF8C44 /* overfill_error.hh */ = {isa = PBXFileReference; fileEncoding = 4; lastKnownFileType = sourcecode.cpp.h; path = overfill_error.hh; sourceTree = "<group>"; };
		3D1E04E114F73FFB00BF8C44 /* planar_complex.hh */ = {isa = PBXFileReference; fileEncoding = 4; lastKnownFileType = sourcecode.cpp.h; path = planar_complex.hh; sourceTree = "<group>"; };
		3D1E04E214F73FFB00BF8C44 /* reference.hh */ = {isa = PBXFileReference; fileEncoding = 4; lastKnownFileType = sourcecode.cpp.h; path = reference.hh; sourceTree = "<group>"; };
		3D1E04E314F73FFB00BF8C44 /* size_mismatch.hh */ = {isa = PBXFileReference; fileEncoding = 4; lastKnownFileType = sourcecode.cpp.h; path = size_mismatch.hh; sourceTree = "<group>"; };
		3D1E04E414F73FFB00BF8C44 /* slice_error.hh */ = {isa = PBXFileReference; fileEncoding = 4; lastKnownFileType = sourcecode.cpp.h; path = slice_error.hh; sourceTree = "<group>"; };
		3D1E04E514F73FFB00BF8C44 /* typeof.hh */ = {isa = PBXFileReference; fileEncoding = 4; lastKnownFileType = sourcecode.cpp.h; path = typeof.hh; sourceTree = "<group>"; };
		3D1E04E614F73FFB00BF8C44 /* vbase.hh */ = {isa = PBXFileReference; fileEncoding = 4; lastKnownFileType = sourcecode.cpp.h; path = vbase.hh; sourceTree = "<group>"; };
		3D1E04E714F73FFB00BF8C44 /* vector.hh */ = {isa = PBXFileReference; fileEncoding = 4; lastKnownFileType = sourcecode.cpp.h; path = vector.hh; sourceTree = "<group>"; };
		3D1E04E814F73FFB00BF8C44 /* irls.h */ = {isa = PBXFileReference; fileEncoding = 4; lastKnownFileType = sourcecode.c.h; path = irls.h; sourceTree = "<group>"; };
		3D1E04E914F73FFB00BF8C44 /* lapack.h */ = {isa = PBXFileReference; fileEncoding = 4; lastKnownFileType = sourcecode.c.h; path = lapack.h; sourceTree = "<group>"; };
		3D1E04EA14F73FFB00BF8C44 /* Lapack_Cholesky.h */ = {isa = PBXFileReference; fileEncoding = 4; lastKnownFileType = sourcecode.c.h; path = Lapack_Cholesky.h; sourceTree = "<group>"; };
		3D1E04EB14F73FFB00BF8C44 /* LU.h */ = {isa = PBXFileReference; fileEncoding = 4; lastKnownFileType = sourcecode.c.h; path = LU.h; sourceTree = "<group>"; };
		3D1E04ED14F73FFB00BF8C44 /* brent.h */ = {isa = PBXFileReference; fileEncoding = 4; lastKnownFileType = sourcecode.c.h; path = brent.h; sourceTree = "<group>"; };
		3D1E04EE14F73FFB00BF8C44 /* conjugate_gradient.h */ = {isa = PBXFileReference; fileEncoding = 4; lastKnownFileType = sourcecode.c.h; path = conjugate_gradient.h; sourceTree = "<group>"; };
		3D1E04EF14F73FFB00BF8C44 /* downhill_simplex.h */ = {isa = PBXFileReference; fileEncoding = 4; lastKnownFileType = sourcecode.c.h; path = downhill_simplex.h; sourceTree = "<group>"; };
		3D1E04F014F73FFB00BF8C44 /* golden_section.h */ = {isa = PBXFileReference; fileEncoding = 4; lastKnownFileType = sourcecode.c.h; path = golden_section.h; sourceTree = "<group>"; };
		3D1E04F114F73FFB00BF8C44 /* QR_Lapack.h */ = {isa = PBXFileReference; fileEncoding = 4; lastKnownFileType = sourcecode.c.h; path = QR_Lapack.h; sourceTree = "<group>"; };
		3D1E04F214F73FFB00BF8C44 /* se2.h */ = {isa = PBXFileReference; fileEncoding = 4; lastKnownFileType = sourcecode.c.h; path = se2.h; sourceTree = "<group>"; };
		3D1E04F314F73FFB00BF8C44 /* se3.h */ = {isa = PBXFileReference; fileEncoding = 4; lastKnownFileType = sourcecode.c.h; path = se3.h; sourceTree = "<group>"; };
		3D1E04F414F73FFB00BF8C44 /* sim2.h */ = {isa = PBXFileReference; fileEncoding = 4; lastKnownFileType = sourcecode.c.h; path = sim2.h; sourceTree = "<group>"; };
		3D1E04F514F73FFB00BF8C44 /* sim3.h */ = {isa = PBXFileReference; fileEncoding = 4; lastKnownFileType = sourcecode.c.h; path = sim3.h; sourceTree = "<group>"; };
		3D1E04F614F73FFB00BF8C44 /* sl.h */ = {isa = PBXFileReference; fileEncoding = 4; lastKnownFileType = sourcecode.c.h; path = sl.h; sourceTree = "<group>"; };
		3D1E04F714F73FFB00BF8C44 /* so2.h */ = {isa = PBXFileReference; fileEncoding = 4; lastKnownFileType = sourcecode.c.h; path = so2.h; sourceTree = "<group>"; };
		3D1E04F814F73FFB00BF8C44 /* so3.h */ = {isa = PBXFileReference; fileEncoding = 4; lastKnownFileType = sourcecode.c.h; path = so3.h; sourceTree = "<group>"; };
		3D1E04F914F73FFB00BF8C44 /* SVD.h */ = {isa = PBXFileReference; fileEncoding = 4; lastKnownFileType = sourcecode.c.h; path = SVD.h; sourceTree = "<group>"; };
		3D1E04FA14F73FFB00BF8C44 /* SymEigen.h */ = {isa = PBXFileReference; fileEncoding = 4; lastKnownFileType = sourcecode.c.h; path = SymEigen.h; sourceTree = "<group>"; };
		3D1E04FB14F73FFB00BF8C44 /* TooN.h */ = {isa = PBXFileReference; fileEncoding = 4; lastKnownFileType = sourcecode.c.h; path = TooN.h; sourceTree = "<group>"; };
		3D1E04FC14F73FFB00BF8C44 /* wls.h */ = {isa = PBXFileReference; fileEncoding = 4; lastKnownFileType = sourcecode.c.h; path = wls.h; sourceTree = "<group>"; };
		3D1E04FD14F73FFB00BF8C44 /* README.md */ = {isa = PBXFileReference; fileEncoding = 4; lastKnownFileType = text; path = README.md; sourceTree = "<group>"; };
		3D1E04FF14F73FFB00BF8C44 /* ofxATANCamera.cpp */ = {isa = PBXFileReference; fileEncoding = 4; lastKnownFileType = sourcecode.cpp.cpp; path = ofxATANCamera.cpp; sourceTree = "<group>"; };
		3D1E050014F73FFB00BF8C44 /* ofxATANCamera.h */ = {isa = PBXFileReference; fileEncoding = 4; lastKnownFileType = sourcecode.c.h; path = ofxATANCamera.h; sourceTree = "<group>"; };
		3D1E050114F73FFB00BF8C44 /* ofxCalibImage.cpp */ = {isa = PBXFileReference; fileEncoding = 4; lastKnownFileType = sourcecode.cpp.cpp; path = ofxCalibImage.cpp; sourceTree = "<group>"; };
		3D1E050214F73FFB00BF8C44 /* ofxCalibImage.h */ = {isa = PBXFileReference; fileEncoding = 4; lastKnownFileType = sourcecode.c.h; path = ofxCalibImage.h; sourceTree = "<group>"; };
		3D1E050314F73FFB00BF8C44 /* ofxCameraCalibrator.cpp */ = {isa = PBXFileReference; fileEncoding = 4; lastKnownFileType = sourcecode.cpp.cpp; path = ofxCameraCalibrator.cpp; sourceTree = "<group>"; };
		3D1E050414F73FFB00BF8C44 /* ofxCameraCalibrator.h */ = {isa = PBXFileReference; fileEncoding = 4; lastKnownFileType = sourcecode.c.h; path = ofxCameraCalibrator.h; sourceTree = "<group>"; };
		3D1E050514F73FFB00BF8C44 /* ofxPTAMM.cpp */ = {isa = PBXFileReference; fileEncoding = 4; lastKnownFileType = sourcecode.cpp.cpp; path = ofxPTAMM.cpp; sourceTree = "<group>"; };
		3D1E050614F73FFB00BF8C44 /* ofxPTAMM.h */ = {isa = PBXFileReference; fileEncoding = 4; lastKnownFileType = sourcecode.c.h; path = ofxPTAMM.h; sourceTree = "<group>"; };
		3D1E050714F73FFB00BF8C44 /* ofxTracker.cpp */ = {isa = PBXFileReference; fileEncoding = 4; lastKnownFileType = sourcecode.cpp.cpp; path = ofxTracker.cpp; sourceTree = "<group>"; };
		3D1E050814F73FFB00BF8C44 /* ofxTracker.h */ = {isa = PBXFileReference; fileEncoding = 4; lastKnownFileType = sourcecode.c.h; path = ofxTracker.h; sourceTree = "<group>"; };
		3DAACC9014F1C81700F711FE /* vecLib.framework */ = {isa = PBXFileReference; lastKnownFileType = wrapper.framework; name = vecLib.framework; path = /System/Library/Frameworks/vecLib.framework; sourceTree = "<absolute>"; };
		BBAB23BE13894E4700AA2426 /* GLUT.framework */ = {isa = PBXFileReference; lastKnownFileType = wrapper.framework; name = GLUT.framework; path = ../../../libs/glut/lib/osx/GLUT.framework; sourceTree = "<group>"; };
		E4328143138ABC890047C5CB /* openFrameworksLib.xcodeproj */ = {isa = PBXFileReference; lastKnownFileType = "wrapper.pb-project"; name = openFrameworksLib.xcodeproj; path = ../../../libs/openFrameworksCompiled/project/osx/openFrameworksLib.xcodeproj; sourceTree = SOURCE_ROOT; };
		E45BE9710E8CC7DD009D7055 /* AGL.framework */ = {isa = PBXFileReference; lastKnownFileType = wrapper.framework; name = AGL.framework; path = /System/Library/Frameworks/AGL.framework; sourceTree = "<absolute>"; };
		E45BE9720E8CC7DD009D7055 /* ApplicationServices.framework */ = {isa = PBXFileReference; lastKnownFileType = wrapper.framework; name = ApplicationServices.framework; path = /System/Library/Frameworks/ApplicationServices.framework; sourceTree = "<absolute>"; };
		E45BE9730E8CC7DD009D7055 /* AudioToolbox.framework */ = {isa = PBXFileReference; lastKnownFileType = wrapper.framework; name = AudioToolbox.framework; path = /System/Library/Frameworks/AudioToolbox.framework; sourceTree = "<absolute>"; };
		E45BE9740E8CC7DD009D7055 /* Carbon.framework */ = {isa = PBXFileReference; lastKnownFileType = wrapper.framework; name = Carbon.framework; path = /System/Library/Frameworks/Carbon.framework; sourceTree = "<absolute>"; };
		E45BE9750E8CC7DD009D7055 /* CoreAudio.framework */ = {isa = PBXFileReference; lastKnownFileType = wrapper.framework; name = CoreAudio.framework; path = /System/Library/Frameworks/CoreAudio.framework; sourceTree = "<absolute>"; };
		E45BE9760E8CC7DD009D7055 /* CoreFoundation.framework */ = {isa = PBXFileReference; lastKnownFileType = wrapper.framework; name = CoreFoundation.framework; path = /System/Library/Frameworks/CoreFoundation.framework; sourceTree = "<absolute>"; };
		E45BE9770E8CC7DD009D7055 /* CoreServices.framework */ = {isa = PBXFileReference; lastKnownFileType = wrapper.framework; name = CoreServices.framework; path = /System/Library/Frameworks/CoreServices.framework; sourceTree = "<absolute>"; };
		E45BE9790E8CC7DD009D7055 /* OpenGL.framework */ = {isa = PBXFileReference; lastKnownFileType = wrapper.framework; name = OpenGL.framework; path = /System/Library/Frameworks/OpenGL.framework; sourceTree = "<absolute>"; };
		E45BE97A0E8CC7DD009D7055 /* QuickTime.framework */ = {isa = PBXFileReference; lastKnownFileType = wrapper.framework; name = QuickTime.framework; path = /System/Library/Frameworks/QuickTime.framework; sourceTree = "<absolute>"; };
		E4B69B5B0A3A1756003C02F2 /* emptyExampleDebug.app */ = {isa = PBXFileReference; explicitFileType = wrapper.application; includeInIndex = 0; path = emptyExampleDebug.app; sourceTree = BUILT_PRODUCTS_DIR; };
		E4B69E1D0A3A1BDC003C02F2 /* main.cpp */ = {isa = PBXFileReference; fileEncoding = 30; lastKnownFileType = sourcecode.cpp.cpp; name = main.cpp; path = src/main.cpp; sourceTree = SOURCE_ROOT; };
		E4B69E1E0A3A1BDC003C02F2 /* testApp.cpp */ = {isa = PBXFileReference; explicitFileType = sourcecode.cpp.cpp; fileEncoding = 30; name = testApp.cpp; path = src/testApp.cpp; sourceTree = SOURCE_ROOT; };
		E4B69E1F0A3A1BDC003C02F2 /* testApp.h */ = {isa = PBXFileReference; fileEncoding = 30; lastKnownFileType = sourcecode.c.h; name = testApp.h; path = src/testApp.h; sourceTree = SOURCE_ROOT; };
		E4B6FCAD0C3E899E008CF71C /* openFrameworks-Info.plist */ = {isa = PBXFileReference; fileEncoding = 30; lastKnownFileType = text.plist.xml; path = "openFrameworks-Info.plist"; sourceTree = "<group>"; };
		E4C2424410CC5A17004149E2 /* AppKit.framework */ = {isa = PBXFileReference; lastKnownFileType = wrapper.framework; name = AppKit.framework; path = /System/Library/Frameworks/AppKit.framework; sourceTree = "<absolute>"; };
		E4C2424510CC5A17004149E2 /* Cocoa.framework */ = {isa = PBXFileReference; lastKnownFileType = wrapper.framework; name = Cocoa.framework; path = /System/Library/Frameworks/Cocoa.framework; sourceTree = "<absolute>"; };
		E4C2424610CC5A17004149E2 /* IOKit.framework */ = {isa = PBXFileReference; lastKnownFileType = wrapper.framework; name = IOKit.framework; path = /System/Library/Frameworks/IOKit.framework; sourceTree = "<absolute>"; };
		E4EB691F138AFCF100A09F29 /* CoreOF.xcconfig */ = {isa = PBXFileReference; fileEncoding = 4; lastKnownFileType = text.xcconfig; name = CoreOF.xcconfig; path = ../../../libs/openFrameworksCompiled/project/osx/CoreOF.xcconfig; sourceTree = SOURCE_ROOT; };
		E4EB6923138AFD0F00A09F29 /* Project.xcconfig */ = {isa = PBXFileReference; fileEncoding = 4; lastKnownFileType = text.xcconfig; path = Project.xcconfig; sourceTree = "<group>"; };
/* End PBXFileReference section */

/* Begin PBXFrameworksBuildPhase section */
		E4B69B590A3A1756003C02F2 /* Frameworks */ = {
			isa = PBXFrameworksBuildPhase;
			buildActionMask = 2147483647;
			files = (
				3DAACC9114F1C81700F711FE /* vecLib.framework in Frameworks */,
				E4EB6799138ADC1D00A09F29 /* GLUT.framework in Frameworks */,
				E4328149138ABC9F0047C5CB /* openFrameworksDebug.a in Frameworks */,
				E45BE97B0E8CC7DD009D7055 /* AGL.framework in Frameworks */,
				E45BE97C0E8CC7DD009D7055 /* ApplicationServices.framework in Frameworks */,
				E45BE97D0E8CC7DD009D7055 /* AudioToolbox.framework in Frameworks */,
				E45BE97E0E8CC7DD009D7055 /* Carbon.framework in Frameworks */,
				E45BE97F0E8CC7DD009D7055 /* CoreAudio.framework in Frameworks */,
				E45BE9800E8CC7DD009D7055 /* CoreFoundation.framework in Frameworks */,
				E45BE9810E8CC7DD009D7055 /* CoreServices.framework in Frameworks */,
				E45BE9830E8CC7DD009D7055 /* OpenGL.framework in Frameworks */,
				E45BE9840E8CC7DD009D7055 /* QuickTime.framework in Frameworks */,
				E4C2424710CC5A17004149E2 /* AppKit.framework in Frameworks */,
				E4C2424810CC5A17004149E2 /* Cocoa.framework in Frameworks */,
				E4C2424910CC5A17004149E2 /* IOKit.framework in Frameworks */,
				3D1E051014F73FFC00BF8C44 /* libcvd.a in Frameworks */,
				3D1E051114F73FFC00BF8C44 /* libcvd-0.8.dylib in Frameworks */,
			);
			runOnlyForDeploymentPostprocessing = 0;
		};
/* End PBXFrameworksBuildPhase section */

/* Begin PBXGroup section */
		3D1E03EE14F73FFB00BF8C44 /* ofxPTAMM */ = {
			isa = PBXGroup;
			children = (
				3D1E03FE14F73FFB00BF8C44 /* libs */,
				3D1E04FD14F73FFB00BF8C44 /* README.md */,
				3D1E04FE14F73FFB00BF8C44 /* src */,
			);
			name = ofxPTAMM;
			path = ../../../addons/ofxPTAMM;
			sourceTree = "<group>";
		};
		3D1E03FE14F73FFB00BF8C44 /* libs */ = {
			isa = PBXGroup;
			children = (
				3D1E03FF14F73FFB00BF8C44 /* cvd */,
				3D1E047E14F73FFB00BF8C44 /* gvars3 */,
				3D1E048D14F73FFB00BF8C44 /* PTAMM */,
				3D1E04C214F73FFB00BF8C44 /* TooN */,
			);
			path = libs;
			sourceTree = "<group>";
		};
		3D1E03FF14F73FFB00BF8C44 /* cvd */ = {
			isa = PBXGroup;
			children = (
				3D1E040014F73FFB00BF8C44 /* include */,
				3D1E047914F73FFB00BF8C44 /* lib */,
			);
			path = cvd;
			sourceTree = "<group>";
		};
		3D1E040014F73FFB00BF8C44 /* include */ = {
			isa = PBXGroup;
			children = (
				3D1E040114F73FFB00BF8C44 /* cvd */,
			);
			path = include;
			sourceTree = "<group>";
		};
		3D1E040114F73FFB00BF8C44 /* cvd */ = {
			isa = PBXGroup;
			children = (
				3D1E040214F73FFB00BF8C44 /* abs.h */,
				3D1E040314F73FFB00BF8C44 /* argb.h */,
				3D1E040414F73FFB00BF8C44 /* bgrx.h */,
				3D1E040514F73FFB00BF8C44 /* bresenham.h */,
				3D1E040614F73FFB00BF8C44 /* brezenham.h */,
				3D1E040714F73FFB00BF8C44 /* byte.h */,
				3D1E040814F73FFB00BF8C44 /* camera.h */,
				3D1E040914F73FFB00BF8C44 /* colourspace.h */,
				3D1E040A14F73FFB00BF8C44 /* colourspace_convert.h */,
				3D1E040B14F73FFB00BF8C44 /* colourspace_frame.h */,
				3D1E040C14F73FFB00BF8C44 /* colourspacebuffer.h */,
				3D1E040D14F73FFB00BF8C44 /* colourspaces.h */,
				3D1E040E14F73FFB00BF8C44 /* config.h */,
				3D1E040F14F73FFB00BF8C44 /* connected_components.h */,
				3D1E041014F73FFB00BF8C44 /* convolution.h */,
				3D1E041114F73FFB00BF8C44 /* cpu_hacks.h */,
				3D1E041214F73FFB00BF8C44 /* cvd_image.h */,
				3D1E041314F73FFB00BF8C44 /* deinterlacebuffer.h */,
				3D1E041414F73FFB00BF8C44 /* deinterlaceframe.h */,
				3D1E041514F73FFB00BF8C44 /* diskbuffer2.h */,
				3D1E041614F73FFB00BF8C44 /* diskbuffer2_frame.h */,
				3D1E041714F73FFB00BF8C44 /* documentation.h */,
				3D1E041814F73FFB00BF8C44 /* draw.h */,
				3D1E041914F73FFB00BF8C44 /* esm.h */,
				3D1E041A14F73FFB00BF8C44 /* eventobject.h */,
				3D1E041B14F73FFB00BF8C44 /* exceptions.h */,
				3D1E041C14F73FFB00BF8C44 /* fast_corner.h */,
				3D1E041D14F73FFB00BF8C44 /* gl_helpers.h */,
				3D1E041E14F73FFB00BF8C44 /* gles1_helpers.h */,
				3D1E041F14F73FFB00BF8C44 /* glwindow.h */,
				3D1E042014F73FFB00BF8C44 /* haar.h */,
				3D1E042114F73FFB00BF8C44 /* harris_corner.h */,
				3D1E042214F73FFB00BF8C44 /* helpers.h */,
				3D1E042314F73FFB00BF8C44 /* image.h */,
				3D1E042414F73FFB00BF8C44 /* image_convert.h */,
				3D1E042514F73FFB00BF8C44 /* image_convert_fwd.h */,
				3D1E042614F73FFB00BF8C44 /* image_interpolate.h */,
				3D1E042714F73FFB00BF8C44 /* image_io.h */,
				3D1E042814F73FFB00BF8C44 /* image_ref.h */,
				3D1E042914F73FFB00BF8C44 /* integral_image.h */,
				3D1E042A14F73FFB00BF8C44 /* internal */,
				3D1E044714F73FFB00BF8C44 /* interpolate.h */,
				3D1E044814F73FFB00BF8C44 /* IRIX */,
				3D1E044914F73FFB00BF8C44 /* irls.h */,
				3D1E044A14F73FFB00BF8C44 /* la.h */,
				3D1E044B14F73FFB00BF8C44 /* Linux */,
				3D1E044C14F73FFB00BF8C44 /* localvideobuffer.h */,
				3D1E044D14F73FFB00BF8C44 /* localvideoframe.h */,
				3D1E044E14F73FFB00BF8C44 /* message_queue.h */,
				3D1E044F14F73FFB00BF8C44 /* morphology.h */,
				3D1E045014F73FFB00BF8C44 /* nocopy.h */,
				3D1E045114F73FFB00BF8C44 /* nonmax_suppression.h */,
				3D1E045214F73FFB00BF8C44 /* OSX */,
				3D1E045314F73FFB00BF8C44 /* python */,
				3D1E045714F73FFB00BF8C44 /* random.h */,
				3D1E045814F73FFB00BF8C44 /* readaheadvideobuffer.h */,
				3D1E045914F73FFB00BF8C44 /* rgb.h */,
				3D1E045A14F73FFB00BF8C44 /* rgb8.h */,
				3D1E045B14F73FFB00BF8C44 /* rgba.h */,
				3D1E045C14F73FFB00BF8C44 /* ringbuffer.h */,
				3D1E045D14F73FFB00BF8C44 /* runnable.h */,
				3D1E045E14F73FFB00BF8C44 /* runnable_batch.h */,
				3D1E045F14F73FFB00BF8C44 /* se2.h */,
				3D1E046014F73FFB00BF8C44 /* se3.h */,
				3D1E046114F73FFB00BF8C44 /* serverpushjpegbuffer.h */,
				3D1E046214F73FFB00BF8C44 /* serverpushjpegframe.h */,
				3D1E046314F73FFB00BF8C44 /* so2.h */,
				3D1E046414F73FFB00BF8C44 /* so3.h */,
				3D1E046514F73FFB00BF8C44 /* synchronized.h */,
				3D1E046614F73FFB00BF8C44 /* tensor_voting.h */,
				3D1E046714F73FFB00BF8C44 /* thread.h */,
				3D1E046814F73FFB00BF8C44 /* timeddiskbuffer.h */,
				3D1E046914F73FFB00BF8C44 /* timer.h */,
				3D1E046A14F73FFB00BF8C44 /* utility.h */,
				3D1E046B14F73FFB00BF8C44 /* vector_image_ref.h */,
				3D1E046C14F73FFB00BF8C44 /* videobuffer.h */,
				3D1E046D14F73FFB00BF8C44 /* videobufferflags.h */,
				3D1E046E14F73FFB00BF8C44 /* videobufferwithdata.h */,
				3D1E046F14F73FFB00BF8C44 /* videofilebuffer.h */,
				3D1E047014F73FFB00BF8C44 /* videofilebuffer_frame.h */,
				3D1E047114F73FFB00BF8C44 /* videoframe.h */,
				3D1E047214F73FFB00BF8C44 /* videosource.h */,
				3D1E047314F73FFB00BF8C44 /* vision.h */,
				3D1E047414F73FFB00BF8C44 /* vision_exceptions.h */,
				3D1E047514F73FFB00BF8C44 /* wls.h */,
				3D1E047614F73FFB00BF8C44 /* wls_c.h */,
				3D1E047714F73FFB00BF8C44 /* wls_cholesky.h */,
				3D1E047814F73FFB00BF8C44 /* yc.h */,
			);
			path = cvd;
			sourceTree = "<group>";
		};
		3D1E042A14F73FFB00BF8C44 /* internal */ = {
			isa = PBXGroup;
			children = (
				3D1E042B14F73FFB00BF8C44 /* aligned_mem.h */,
				3D1E042C14F73FFB00BF8C44 /* assembly.h */,
				3D1E042D14F73FFB00BF8C44 /* builtin_components.h */,
				3D1E042E14F73FFB00BF8C44 /* convert_pixel_types.h */,
				3D1E042F14F73FFB00BF8C44 /* gl_types.h */,
				3D1E043014F73FFB00BF8C44 /* gles1_types.h */,
				3D1E043114F73FFB00BF8C44 /* image_ref_implementation.hh */,
				3D1E043214F73FFB00BF8C44 /* io */,
				3D1E043D14F73FFB00BF8C44 /* is_pod.h */,
				3D1E043E14F73FFB00BF8C44 /* load_and_save.h */,
				3D1E043F14F73FFB00BF8C44 /* name_builtin_types.h */,
				3D1E044014F73FFB00BF8C44 /* name_CVD_rgb_types.h */,
				3D1E044114F73FFB00BF8C44 /* pixel_operations.h */,
				3D1E044214F73FFB00BF8C44 /* pixel_traits.h */,
				3D1E044314F73FFB00BF8C44 /* rgb_components.h */,
				3D1E044414F73FFB00BF8C44 /* scalar_convert.h */,
				3D1E044514F73FFB00BF8C44 /* simple_vector.h */,
				3D1E044614F73FFB00BF8C44 /* win.h */,
			);
			path = internal;
			sourceTree = "<group>";
		};
		3D1E043214F73FFB00BF8C44 /* io */ = {
			isa = PBXGroup;
			children = (
				3D1E043314F73FFB00BF8C44 /* bmp.h */,
				3D1E043414F73FFB00BF8C44 /* cvdimage.h */,
				3D1E043514F73FFB00BF8C44 /* fits.h */,
				3D1E043614F73FFB00BF8C44 /* jpeg.h */,
				3D1E043714F73FFB00BF8C44 /* parameter.h */,
				3D1E043814F73FFB00BF8C44 /* png.h */,
				3D1E043914F73FFB00BF8C44 /* pnm_grok.h */,
				3D1E043A14F73FFB00BF8C44 /* save_postscript.h */,
				3D1E043B14F73FFB00BF8C44 /* text.h */,
				3D1E043C14F73FFB00BF8C44 /* tiff.h */,
			);
			path = io;
			sourceTree = "<group>";
		};
		3D1E044814F73FFB00BF8C44 /* IRIX */ = {
			isa = PBXGroup;
			children = (
			);
			path = IRIX;
			sourceTree = "<group>";
		};
		3D1E044B14F73FFB00BF8C44 /* Linux */ = {
			isa = PBXGroup;
			children = (
			);
			path = Linux;
			sourceTree = "<group>";
		};
		3D1E045214F73FFB00BF8C44 /* OSX */ = {
			isa = PBXGroup;
			children = (
			);
			path = OSX;
			sourceTree = "<group>";
		};
		3D1E045314F73FFB00BF8C44 /* python */ = {
			isa = PBXGroup;
			children = (
				3D1E045414F73FFB00BF8C44 /* interface.h */,
				3D1E045514F73FFB00BF8C44 /* selector.h */,
				3D1E045614F73FFB00BF8C44 /* types.h */,
			);
			path = python;
			sourceTree = "<group>";
		};
		3D1E047914F73FFB00BF8C44 /* lib */ = {
			isa = PBXGroup;
			children = (
				3D1E047A14F73FFB00BF8C44 /* iphone */,
				3D1E047C14F73FFB00BF8C44 /* osx */,
			);
			path = lib;
			sourceTree = "<group>";
		};
		3D1E047A14F73FFB00BF8C44 /* iphone */ = {
			isa = PBXGroup;
			children = (
				3D1E047B14F73FFB00BF8C44 /* libcvd.a */,
			);
			path = iphone;
			sourceTree = "<group>";
		};
		3D1E047C14F73FFB00BF8C44 /* osx */ = {
			isa = PBXGroup;
			children = (
				3D1E047D14F73FFB00BF8C44 /* libcvd-0.8.dylib */,
			);
			path = osx;
			sourceTree = "<group>";
		};
		3D1E047E14F73FFB00BF8C44 /* gvars3 */ = {
			isa = PBXGroup;
			children = (
				3D1E047F14F73FFB00BF8C44 /* include */,
			);
			path = gvars3;
			sourceTree = "<group>";
		};
		3D1E047F14F73FFB00BF8C44 /* include */ = {
			isa = PBXGroup;
			children = (
				3D1E048014F73FFB00BF8C44 /* gvars3 */,
			);
			path = include;
			sourceTree = "<group>";
		};
		3D1E048014F73FFB00BF8C44 /* gvars3 */ = {
			isa = PBXGroup;
			children = (
				3D1E048114F73FFB00BF8C44 /* config.h */,
				3D1E048214F73FFB00BF8C44 /* default.h */,
				3D1E048314F73FFB00BF8C44 /* GStringUtil.cc */,
				3D1E048414F73FFB00BF8C44 /* GStringUtil.h */,
				3D1E048514F73FFB00BF8C44 /* gv3_implementation.hh */,
				3D1E048614F73FFB00BF8C44 /* gvars2.cc */,
				3D1E048714F73FFB00BF8C44 /* gvars3.cc */,
				3D1E048814F73FFB00BF8C44 /* gvars3.h */,
				3D1E048914F73FFB00BF8C44 /* instances.h */,
				3D1E048A14F73FFB00BF8C44 /* serialize.cc */,
				3D1E048B14F73FFB00BF8C44 /* serialize.h */,
				3D1E048C14F73FFB00BF8C44 /* type_name.h */,
			);
			path = gvars3;
			sourceTree = "<group>";
		};
		3D1E048D14F73FFB00BF8C44 /* PTAMM */ = {
			isa = PBXGroup;
			children = (
				3D1E048E14F73FFB00BF8C44 /* include */,
			);
			path = PTAMM;
			sourceTree = "<group>";
		};
		3D1E048E14F73FFB00BF8C44 /* include */ = {
			isa = PBXGroup;
			children = (
				3D1E048F14F73FFB00BF8C44 /* PTAMM */,
			);
			path = include;
			sourceTree = "<group>";
		};
		3D1E048F14F73FFB00BF8C44 /* PTAMM */ = {
			isa = PBXGroup;
			children = (
				3D1E049014F73FFB00BF8C44 /* ATANCamera.cc */,
				3D1E049114F73FFB00BF8C44 /* ATANCamera.h */,
				3D1E049214F73FFB00BF8C44 /* Bundle.cc */,
				3D1E049314F73FFB00BF8C44 /* Bundle.h */,
				3D1E049414F73FFB00BF8C44 /* CalibCornerPatch.cc */,
				3D1E049514F73FFB00BF8C44 /* CalibCornerPatch.h */,
				3D1E049614F73FFB00BF8C44 /* globals.h */,
				3D1E049714F73FFB00BF8C44 /* HomographyInit.cc */,
				3D1E049814F73FFB00BF8C44 /* HomographyInit.h */,
				3D1E049914F73FFB00BF8C44 /* KeyFrame.cc */,
				3D1E049A14F73FFB00BF8C44 /* KeyFrame.h */,
				3D1E049B14F73FFB00BF8C44 /* LevelHelpers.h */,
				3D1E049C14F73FFB00BF8C44 /* LICENSE.txt */,
				3D1E049D14F73FFB00BF8C44 /* Map.cc */,
				3D1E049E14F73FFB00BF8C44 /* Map.h */,
				3D1E049F14F73FFB00BF8C44 /* MapLockManager.cc */,
				3D1E04A014F73FFB00BF8C44 /* MapLockManager.h */,
				3D1E04A114F73FFB00BF8C44 /* MapMaker.cc */,
				3D1E04A214F73FFB00BF8C44 /* MapMaker.h */,
				3D1E04A314F73FFB00BF8C44 /* MapPoint.cc */,
				3D1E04A414F73FFB00BF8C44 /* MapPoint.h */,
				3D1E04A514F73FFB00BF8C44 /* MapSerializer.cc */,
				3D1E04A614F73FFB00BF8C44 /* MapSerializer.h */,
				3D1E04A714F73FFB00BF8C44 /* MD5.cc */,
				3D1E04A814F73FFB00BF8C44 /* MD5.h */,
				3D1E04A914F73FFB00BF8C44 /* MD5Wrapper.cc */,
				3D1E04AA14F73FFB00BF8C44 /* MD5Wrapper.h */,
				3D1E04AB14F73FFB00BF8C44 /* MEstimator.h */,
				3D1E04AC14F73FFB00BF8C44 /* MiniPatch.cc */,
				3D1E04AD14F73FFB00BF8C44 /* MiniPatch.h */,
				3D1E04AE14F73FFB00BF8C44 /* OpenGL.h */,
				3D1E04AF14F73FFB00BF8C44 /* PatchFinder.cc */,
				3D1E04B014F73FFB00BF8C44 /* PatchFinder.h */,
				3D1E04B114F73FFB00BF8C44 /* Relocaliser.cc */,
				3D1E04B214F73FFB00BF8C44 /* Relocaliser.h */,
				3D1E04B314F73FFB00BF8C44 /* ShiTomasi.cc */,
				3D1E04B414F73FFB00BF8C44 /* ShiTomasi.h */,
				3D1E04B514F73FFB00BF8C44 /* SmallBlurryImage.cc */,
				3D1E04B614F73FFB00BF8C44 /* SmallBlurryImage.h */,
				3D1E04B714F73FFB00BF8C44 /* SmallMatrixOpts.h */,
				3D1E04B814F73FFB00BF8C44 /* tinyxml license.txt */,
				3D1E04B914F73FFB00BF8C44 /* tinyxml.cc */,
				3D1E04BA14F73FFB00BF8C44 /* tinyxml.h */,
				3D1E04BB14F73FFB00BF8C44 /* tinyxmlerror.cc */,
				3D1E04BC14F73FFB00BF8C44 /* tinyxmlparser.cc */,
				3D1E04BD14F73FFB00BF8C44 /* Tracker.cc */,
				3D1E04BE14F73FFB00BF8C44 /* Tracker.h */,
				3D1E04BF14F73FFB00BF8C44 /* TrackerData.h */,
				3D1E04C014F73FFB00BF8C44 /* Utils.cc */,
				3D1E04C114F73FFB00BF8C44 /* Utils.h */,
			);
			path = PTAMM;
			sourceTree = "<group>";
		};
		3D1E04C214F73FFB00BF8C44 /* TooN */ = {
			isa = PBXGroup;
			children = (
				3D1E04C314F73FFB00BF8C44 /* include */,
			);
			path = TooN;
			sourceTree = "<group>";
		};
		3D1E04C314F73FFB00BF8C44 /* include */ = {
			isa = PBXGroup;
			children = (
				3D1E04C414F73FFB00BF8C44 /* TooN */,
			);
			path = include;
			sourceTree = "<group>";
		};
		3D1E04C414F73FFB00BF8C44 /* TooN */ = {
			isa = PBXGroup;
			children = (
				3D1E04C514F73FFB00BF8C44 /* Cholesky.h */,
				3D1E04C614F73FFB00BF8C44 /* determinant.h */,
				3D1E04C714F73FFB00BF8C44 /* functions */,
				3D1E04CA14F73FFB00BF8C44 /* gauss_jordan.h */,
				3D1E04CB14F73FFB00BF8C44 /* gaussian_elimination.h */,
				3D1E04CC14F73FFB00BF8C44 /* generated.h */,
				3D1E04CD14F73FFB00BF8C44 /* GR_SVD.h */,
				3D1E04CE14F73FFB00BF8C44 /* helpers.h */,
				3D1E04CF14F73FFB00BF8C44 /* internal */,
				3D1E04E814F73FFB00BF8C44 /* irls.h */,
				3D1E04E914F73FFB00BF8C44 /* lapack.h */,
				3D1E04EA14F73FFB00BF8C44 /* Lapack_Cholesky.h */,
				3D1E04EB14F73FFB00BF8C44 /* LU.h */,
				3D1E04EC14F73FFB00BF8C44 /* optimization */,
				3D1E04F114F73FFB00BF8C44 /* QR_Lapack.h */,
				3D1E04F214F73FFB00BF8C44 /* se2.h */,
				3D1E04F314F73FFB00BF8C44 /* se3.h */,
				3D1E04F414F73FFB00BF8C44 /* sim2.h */,
				3D1E04F514F73FFB00BF8C44 /* sim3.h */,
				3D1E04F614F73FFB00BF8C44 /* sl.h */,
				3D1E04F714F73FFB00BF8C44 /* so2.h */,
				3D1E04F814F73FFB00BF8C44 /* so3.h */,
				3D1E04F914F73FFB00BF8C44 /* SVD.h */,
				3D1E04FA14F73FFB00BF8C44 /* SymEigen.h */,
				3D1E04FB14F73FFB00BF8C44 /* TooN.h */,
				3D1E04FC14F73FFB00BF8C44 /* wls.h */,
			);
			path = TooN;
			sourceTree = "<group>";
		};
		3D1E04C714F73FFB00BF8C44 /* functions */ = {
			isa = PBXGroup;
			children = (
				3D1E04C814F73FFB00BF8C44 /* derivatives.h */,
				3D1E04C914F73FFB00BF8C44 /* fadbad.h */,
			);
			path = functions;
			sourceTree = "<group>";
		};
		3D1E04CF14F73FFB00BF8C44 /* internal */ = {
			isa = PBXGroup;
			children = (
				3D1E04D014F73FFB00BF8C44 /* allocator.hh */,
				3D1E04D114F73FFB00BF8C44 /* builtin_typeof.h */,
				3D1E04D214F73FFB00BF8C44 /* comma.hh */,
				3D1E04D314F73FFB00BF8C44 /* config.hh */,
				3D1E04D414F73FFB00BF8C44 /* config.hh.in */,
				3D1E04D514F73FFB00BF8C44 /* data.hh */,
				3D1E04D614F73FFB00BF8C44 /* data_functions.hh */,
				3D1E04D714F73FFB00BF8C44 /* dchecktest.hh */,
				3D1E04D814F73FFB00BF8C44 /* debug.hh */,
				3D1E04D914F73FFB00BF8C44 /* deprecated.hh */,
				3D1E04DA14F73FFB00BF8C44 /* diagmatrix.h */,
				3D1E04DB14F73FFB00BF8C44 /* make_vector.hh */,
				3D1E04DC14F73FFB00BF8C44 /* matrix.hh */,
				3D1E04DD14F73FFB00BF8C44 /* mbase.hh */,
				3D1E04DE14F73FFB00BF8C44 /* objects.h */,
				3D1E04DF14F73FFB00BF8C44 /* operators.hh */,
				3D1E04E014F73FFB00BF8C44 /* overfill_error.hh */,
				3D1E04E114F73FFB00BF8C44 /* planar_complex.hh */,
				3D1E04E214F73FFB00BF8C44 /* reference.hh */,
				3D1E04E314F73FFB00BF8C44 /* size_mismatch.hh */,
				3D1E04E414F73FFB00BF8C44 /* slice_error.hh */,
				3D1E04E514F73FFB00BF8C44 /* typeof.hh */,
				3D1E04E614F73FFB00BF8C44 /* vbase.hh */,
				3D1E04E714F73FFB00BF8C44 /* vector.hh */,
			);
			path = internal;
			sourceTree = "<group>";
		};
		3D1E04EC14F73FFB00BF8C44 /* optimization */ = {
			isa = PBXGroup;
			children = (
				3D1E04ED14F73FFB00BF8C44 /* brent.h */,
				3D1E04EE14F73FFB00BF8C44 /* conjugate_gradient.h */,
				3D1E04EF14F73FFB00BF8C44 /* downhill_simplex.h */,
				3D1E04F014F73FFB00BF8C44 /* golden_section.h */,
			);
			path = optimization;
			sourceTree = "<group>";
		};
		3D1E04FE14F73FFB00BF8C44 /* src */ = {
			isa = PBXGroup;
			children = (
				3D1E04FF14F73FFB00BF8C44 /* ofxATANCamera.cpp */,
				3D1E050014F73FFB00BF8C44 /* ofxATANCamera.h */,
				3D1E050114F73FFB00BF8C44 /* ofxCalibImage.cpp */,
				3D1E050214F73FFB00BF8C44 /* ofxCalibImage.h */,
				3D1E050314F73FFB00BF8C44 /* ofxCameraCalibrator.cpp */,
				3D1E050414F73FFB00BF8C44 /* ofxCameraCalibrator.h */,
				3D1E050514F73FFB00BF8C44 /* ofxPTAMM.cpp */,
				3D1E050614F73FFB00BF8C44 /* ofxPTAMM.h */,
				3D1E050714F73FFB00BF8C44 /* ofxTracker.cpp */,
				3D1E050814F73FFB00BF8C44 /* ofxTracker.h */,
			);
			path = src;
			sourceTree = "<group>";
		};
		BB4B014C10F69532006C3DED /* addons */ = {
			isa = PBXGroup;
			children = (
				3D1E03EE14F73FFB00BF8C44 /* ofxPTAMM */,
			);
			name = addons;
			sourceTree = "<group>";
		};
		BBAB23C913894ECA00AA2426 /* system frameworks */ = {
			isa = PBXGroup;
			children = (
				E4C2424410CC5A17004149E2 /* AppKit.framework */,
				E4C2424510CC5A17004149E2 /* Cocoa.framework */,
				E4C2424610CC5A17004149E2 /* IOKit.framework */,
				E45BE9710E8CC7DD009D7055 /* AGL.framework */,
				E45BE9720E8CC7DD009D7055 /* ApplicationServices.framework */,
				E45BE9730E8CC7DD009D7055 /* AudioToolbox.framework */,
				E45BE9740E8CC7DD009D7055 /* Carbon.framework */,
				E45BE9750E8CC7DD009D7055 /* CoreAudio.framework */,
				E45BE9760E8CC7DD009D7055 /* CoreFoundation.framework */,
				E45BE9770E8CC7DD009D7055 /* CoreServices.framework */,
				E45BE9790E8CC7DD009D7055 /* OpenGL.framework */,
				E45BE97A0E8CC7DD009D7055 /* QuickTime.framework */,
			);
			name = "system frameworks";
			sourceTree = "<group>";
		};
		BBAB23CA13894EDB00AA2426 /* 3rd party frameworks */ = {
			isa = PBXGroup;
			children = (
				3DAACC9014F1C81700F711FE /* vecLib.framework */,
				BBAB23BE13894E4700AA2426 /* GLUT.framework */,
			);
			name = "3rd party frameworks";
			sourceTree = "<group>";
		};
		E4328144138ABC890047C5CB /* Products */ = {
			isa = PBXGroup;
			children = (
				E4328148138ABC890047C5CB /* openFrameworksDebug.a */,
			);
			name = Products;
			sourceTree = "<group>";
		};
		E45BE5980E8CC70C009D7055 /* frameworks */ = {
			isa = PBXGroup;
			children = (
				BBAB23CA13894EDB00AA2426 /* 3rd party frameworks */,
				BBAB23C913894ECA00AA2426 /* system frameworks */,
			);
			name = frameworks;
			sourceTree = "<group>";
		};
		E4B69B4A0A3A1720003C02F2 = {
			isa = PBXGroup;
			children = (
				E4B6FCAD0C3E899E008CF71C /* openFrameworks-Info.plist */,
				E4EB6923138AFD0F00A09F29 /* Project.xcconfig */,
				E4B69E1C0A3A1BDC003C02F2 /* src */,
				E4EEC9E9138DF44700A80321 /* openFrameworks */,
				BB4B014C10F69532006C3DED /* addons */,
				E45BE5980E8CC70C009D7055 /* frameworks */,
				E4B69B5B0A3A1756003C02F2 /* emptyExampleDebug.app */,
			);
			sourceTree = "<group>";
		};
		E4B69E1C0A3A1BDC003C02F2 /* src */ = {
			isa = PBXGroup;
			children = (
				E4B69E1D0A3A1BDC003C02F2 /* main.cpp */,
				E4B69E1F0A3A1BDC003C02F2 /* testApp.h */,
				E4B69E1E0A3A1BDC003C02F2 /* testApp.cpp */,
			);
			path = src;
			sourceTree = SOURCE_ROOT;
		};
		E4EEC9E9138DF44700A80321 /* openFrameworks */ = {
			isa = PBXGroup;
			children = (
				E4EB691F138AFCF100A09F29 /* CoreOF.xcconfig */,
				E4328143138ABC890047C5CB /* openFrameworksLib.xcodeproj */,
			);
			name = openFrameworks;
			sourceTree = "<group>";
		};
/* End PBXGroup section */

/* Begin PBXNativeTarget section */
		E4B69B5A0A3A1756003C02F2 /* emptyExample */ = {
			isa = PBXNativeTarget;
			buildConfigurationList = E4B69B5F0A3A1757003C02F2 /* Build configuration list for PBXNativeTarget "emptyExample" */;
			buildPhases = (
				E4B69B580A3A1756003C02F2 /* Sources */,
				E4B69B590A3A1756003C02F2 /* Frameworks */,
				E4B6FFFD0C3F9AB9008CF71C /* ShellScript */,
				E4C2427710CC5ABF004149E2 /* CopyFiles */,
			);
			buildRules = (
			);
			dependencies = (
				E4EEB9AC138B136A00A80321 /* PBXTargetDependency */,
			);
			name = emptyExample;
			productName = myOFApp;
			productReference = E4B69B5B0A3A1756003C02F2 /* emptyExampleDebug.app */;
			productType = "com.apple.product-type.application";
		};
/* End PBXNativeTarget section */

/* Begin PBXProject section */
		E4B69B4C0A3A1720003C02F2 /* Project object */ = {
			isa = PBXProject;
			buildConfigurationList = E4B69B4D0A3A1720003C02F2 /* Build configuration list for PBXProject "emptyExample" */;
			compatibilityVersion = "Xcode 2.4";
			developmentRegion = English;
			hasScannedForEncodings = 0;
			knownRegions = (
				English,
				Japanese,
				French,
				German,
			);
			mainGroup = E4B69B4A0A3A1720003C02F2;
			productRefGroup = E4B69B4A0A3A1720003C02F2;
			projectDirPath = "";
			projectReferences = (
				{
					ProductGroup = E4328144138ABC890047C5CB /* Products */;
					ProjectRef = E4328143138ABC890047C5CB /* openFrameworksLib.xcodeproj */;
				},
			);
			projectRoot = "";
			targets = (
				E4B69B5A0A3A1756003C02F2 /* emptyExample */,
			);
		};
/* End PBXProject section */

/* Begin PBXReferenceProxy section */
		E4328148138ABC890047C5CB /* openFrameworksDebug.a */ = {
			isa = PBXReferenceProxy;
			fileType = archive.ar;
			path = openFrameworksDebug.a;
			remoteRef = E4328147138ABC890047C5CB /* PBXContainerItemProxy */;
			sourceTree = BUILT_PRODUCTS_DIR;
		};
/* End PBXReferenceProxy section */

/* Begin PBXShellScriptBuildPhase section */
		E4B6FFFD0C3F9AB9008CF71C /* ShellScript */ = {
			isa = PBXShellScriptBuildPhase;
			buildActionMask = 2147483647;
			files = (
			);
			inputPaths = (
			);
			outputPaths = (
			);
			runOnlyForDeploymentPostprocessing = 0;
			shellPath = /bin/sh;
			shellScript = "cp -f ../../../libs/fmodex/lib/osx/libfmodex.dylib \"$TARGET_BUILD_DIR/$PRODUCT_NAME.app/Contents/MacOS/libfmodex.dylib\"; install_name_tool -change ./libfmodex.dylib @executable_path/libfmodex.dylib \"$TARGET_BUILD_DIR/$PRODUCT_NAME.app/Contents/MacOS/$PRODUCT_NAME\";";
		};
/* End PBXShellScriptBuildPhase section */

/* Begin PBXSourcesBuildPhase section */
		E4B69B580A3A1756003C02F2 /* Sources */ = {
			isa = PBXSourcesBuildPhase;
			buildActionMask = 2147483647;
			files = (
				E4B69E200A3A1BDC003C02F2 /* main.cpp in Sources */,
				E4B69E210A3A1BDC003C02F2 /* testApp.cpp in Sources */,
				3D1E051214F73FFC00BF8C44 /* GStringUtil.cc in Sources */,
				3D1E051314F73FFC00BF8C44 /* gvars2.cc in Sources */,
				3D1E051414F73FFC00BF8C44 /* gvars3.cc in Sources */,
				3D1E051514F73FFC00BF8C44 /* serialize.cc in Sources */,
				3D1E051614F73FFC00BF8C44 /* ATANCamera.cc in Sources */,
				3D1E051714F73FFC00BF8C44 /* Bundle.cc in Sources */,
				3D1E051814F73FFC00BF8C44 /* CalibCornerPatch.cc in Sources */,
				3D1E051914F73FFC00BF8C44 /* HomographyInit.cc in Sources */,
				3D1E051A14F73FFC00BF8C44 /* KeyFrame.cc in Sources */,
				3D1E051B14F73FFC00BF8C44 /* Map.cc in Sources */,
				3D1E051C14F73FFC00BF8C44 /* MapLockManager.cc in Sources */,
				3D1E051D14F73FFC00BF8C44 /* MapMaker.cc in Sources */,
				3D1E051E14F73FFC00BF8C44 /* MapPoint.cc in Sources */,
				3D1E051F14F73FFC00BF8C44 /* MapSerializer.cc in Sources */,
				3D1E052014F73FFC00BF8C44 /* MD5.cc in Sources */,
				3D1E052114F73FFC00BF8C44 /* MD5Wrapper.cc in Sources */,
				3D1E052214F73FFC00BF8C44 /* MiniPatch.cc in Sources */,
				3D1E052314F73FFC00BF8C44 /* PatchFinder.cc in Sources */,
				3D1E052414F73FFC00BF8C44 /* Relocaliser.cc in Sources */,
				3D1E052514F73FFC00BF8C44 /* ShiTomasi.cc in Sources */,
				3D1E052614F73FFC00BF8C44 /* SmallBlurryImage.cc in Sources */,
				3D1E052714F73FFC00BF8C44 /* tinyxml.cc in Sources */,
				3D1E052814F73FFC00BF8C44 /* tinyxmlerror.cc in Sources */,
				3D1E052914F73FFC00BF8C44 /* tinyxmlparser.cc in Sources */,
				3D1E052A14F73FFC00BF8C44 /* Tracker.cc in Sources */,
				3D1E052B14F73FFC00BF8C44 /* Utils.cc in Sources */,
				3D1E052C14F73FFC00BF8C44 /* ofxATANCamera.cpp in Sources */,
				3D1E052D14F73FFC00BF8C44 /* ofxCalibImage.cpp in Sources */,
				3D1E052E14F73FFC00BF8C44 /* ofxCameraCalibrator.cpp in Sources */,
				3D1E052F14F73FFC00BF8C44 /* ofxPTAMM.cpp in Sources */,
				3D1E053014F73FFC00BF8C44 /* ofxTracker.cpp in Sources */,
			);
			runOnlyForDeploymentPostprocessing = 0;
		};
/* End PBXSourcesBuildPhase section */

/* Begin PBXTargetDependency section */
		E4EEB9AC138B136A00A80321 /* PBXTargetDependency */ = {
			isa = PBXTargetDependency;
			name = openFrameworks;
			targetProxy = E4EEB9AB138B136A00A80321 /* PBXContainerItemProxy */;
		};
/* End PBXTargetDependency section */

/* Begin XCBuildConfiguration section */
		E4B69B4E0A3A1720003C02F2 /* Debug */ = {
			isa = XCBuildConfiguration;
			baseConfigurationReference = E4EB6923138AFD0F00A09F29 /* Project.xcconfig */;
			buildSettings = {
				ARCHS = "$(NATIVE_ARCH)";
				CONFIGURATION_BUILD_DIR = "$(SRCROOT)/bin/";
				COPY_PHASE_STRIP = NO;
				DEAD_CODE_STRIPPING = YES;
				GCC_AUTO_VECTORIZATION = YES;
				GCC_ENABLE_SSE3_EXTENSIONS = YES;
				GCC_ENABLE_SUPPLEMENTAL_SSE3_INSTRUCTIONS = YES;
				GCC_INLINES_ARE_PRIVATE_EXTERN = NO;
				GCC_MODEL_TUNING = G5;
				GCC_SYMBOLS_PRIVATE_EXTERN = NO;
				GCC_WARN_ABOUT_DEPRECATED_FUNCTIONS = NO;
				GCC_WARN_ABOUT_INVALID_OFFSETOF_MACRO = NO;
				GCC_WARN_ALLOW_INCOMPLETE_PROTOCOL = NO;
				GCC_WARN_UNINITIALIZED_AUTOS = NO;
				GCC_WARN_UNUSED_VALUE = NO;
				GCC_WARN_UNUSED_VARIABLE = NO;
				OTHER_CPLUSPLUSFLAGS = (
					"-D__MACOSX_CORE__",
					"-lpthread",
				);
			};
			name = Debug;
		};
		E4B69B4F0A3A1720003C02F2 /* Release */ = {
			isa = XCBuildConfiguration;
			baseConfigurationReference = E4EB6923138AFD0F00A09F29 /* Project.xcconfig */;
			buildSettings = {
				ARCHS = "$(NATIVE_ARCH)";
				CONFIGURATION_BUILD_DIR = "$(SRCROOT)/bin/";
				COPY_PHASE_STRIP = YES;
				DEAD_CODE_STRIPPING = YES;
				GCC_AUTO_VECTORIZATION = YES;
				GCC_ENABLE_SSE3_EXTENSIONS = YES;
				GCC_ENABLE_SUPPLEMENTAL_SSE3_INSTRUCTIONS = YES;
				GCC_INLINES_ARE_PRIVATE_EXTERN = NO;
				GCC_MODEL_TUNING = G5;
				GCC_OPTIMIZATION_LEVEL = 3;
				GCC_SYMBOLS_PRIVATE_EXTERN = NO;
				GCC_UNROLL_LOOPS = YES;
				GCC_WARN_ABOUT_DEPRECATED_FUNCTIONS = NO;
				GCC_WARN_ABOUT_INVALID_OFFSETOF_MACRO = NO;
				GCC_WARN_ALLOW_INCOMPLETE_PROTOCOL = NO;
				GCC_WARN_UNINITIALIZED_AUTOS = NO;
				GCC_WARN_UNUSED_VALUE = NO;
				GCC_WARN_UNUSED_VARIABLE = NO;
				OTHER_CPLUSPLUSFLAGS = (
					"-D__MACOSX_CORE__",
					"-lpthread",
				);
			};
			name = Release;
		};
		E4B69B600A3A1757003C02F2 /* Debug */ = {
			isa = XCBuildConfiguration;
			buildSettings = {
				COPY_PHASE_STRIP = NO;
				FRAMEWORK_SEARCH_PATHS = (
					"$(inherited)",
					"$(FRAMEWORK_SEARCH_PATHS_QUOTED_FOR_TARGET_1)",
				);
				FRAMEWORK_SEARCH_PATHS_QUOTED_FOR_TARGET_1 = "\"$(SRCROOT)/../../../libs/glut/lib/osx\"";
				GCC_DYNAMIC_NO_PIC = NO;
				GCC_ENABLE_FIX_AND_CONTINUE = YES;
				GCC_GENERATE_DEBUGGING_SYMBOLS = YES;
				GCC_MODEL_TUNING = G4;
				GCC_PRECOMPILE_PREFIX_HEADER = YES;
				GCC_PREFIX_HEADER = "$(SYSTEM_LIBRARY_DIR)/Frameworks/Carbon.framework/Headers/Carbon.h";
				INFOPLIST_FILE = "openFrameworks-Info.plist";
				INSTALL_PATH = "$(HOME)/Applications";
				LIBRARY_SEARCH_PATHS = (
					"$(inherited)",
					"$(LIBRARY_SEARCH_PATHS_QUOTED_FOR_TARGET_1)",
					"$(LIBRARY_SEARCH_PATHS_QUOTED_FOR_TARGET_2)",
					"$(LIBRARY_SEARCH_PATHS_QUOTED_FOR_TARGET_3)",
					"$(LIBRARY_SEARCH_PATHS_QUOTED_FOR_TARGET_4)",
					"$(LIBRARY_SEARCH_PATHS_QUOTED_FOR_TARGET_5)",
					"$(LIBRARY_SEARCH_PATHS_QUOTED_FOR_TARGET_6)",
					"$(LIBRARY_SEARCH_PATHS_QUOTED_FOR_TARGET_7)",
				);
				LIBRARY_SEARCH_PATHS_QUOTED_FOR_TARGET_1 = "\"$(SRCROOT)/../../../addons/ofxPTAMM/libs/osx\"";
				LIBRARY_SEARCH_PATHS_QUOTED_FOR_TARGET_2 = "\"$(SRCROOT)/../../../addons/ofxPTAMM/libs/iphone\"";
				LIBRARY_SEARCH_PATHS_QUOTED_FOR_TARGET_3 = "\"$(SRCROOT)/../../../addons/ofxPTAMM/libs/osx\"";
				LIBRARY_SEARCH_PATHS_QUOTED_FOR_TARGET_4 = "\"$(SRCROOT)/../../../addons/ofxPTAMM/libs/iphone\"";
				LIBRARY_SEARCH_PATHS_QUOTED_FOR_TARGET_5 = "\"$(SRCROOT)/../../../addons/ofxPTAMM/libs/osx\"";
				LIBRARY_SEARCH_PATHS_QUOTED_FOR_TARGET_6 = "\"$(SRCROOT)/../../../addons/ofxPTAMM/libs/cvd/lib/iphone\"";
				LIBRARY_SEARCH_PATHS_QUOTED_FOR_TARGET_7 = "\"$(SRCROOT)/../../../addons/ofxPTAMM/libs/cvd/lib/osx\"";
				PREBINDING = NO;
				PRODUCT_NAME = "$(TARGET_NAME)Debug";
				WRAPPER_EXTENSION = app;
			};
			name = Debug;
		};
		E4B69B610A3A1757003C02F2 /* Release */ = {
			isa = XCBuildConfiguration;
			buildSettings = {
				COPY_PHASE_STRIP = YES;
				FRAMEWORK_SEARCH_PATHS = (
					"$(inherited)",
					"$(FRAMEWORK_SEARCH_PATHS_QUOTED_FOR_TARGET_1)",
				);
				FRAMEWORK_SEARCH_PATHS_QUOTED_FOR_TARGET_1 = "\"$(SRCROOT)/../../../libs/glut/lib/osx\"";
				GCC_ENABLE_FIX_AND_CONTINUE = NO;
				GCC_GENERATE_DEBUGGING_SYMBOLS = NO;
				GCC_MODEL_TUNING = G4;
				GCC_PRECOMPILE_PREFIX_HEADER = YES;
				GCC_PREFIX_HEADER = "$(SYSTEM_LIBRARY_DIR)/Frameworks/Carbon.framework/Headers/Carbon.h";
				INFOPLIST_FILE = "openFrameworks-Info.plist";
				INSTALL_PATH = "$(HOME)/Applications";
				LIBRARY_SEARCH_PATHS = (
					"$(inherited)",
					"$(LIBRARY_SEARCH_PATHS_QUOTED_FOR_TARGET_1)",
					"$(LIBRARY_SEARCH_PATHS_QUOTED_FOR_TARGET_2)",
					"$(LIBRARY_SEARCH_PATHS_QUOTED_FOR_TARGET_3)",
					"$(LIBRARY_SEARCH_PATHS_QUOTED_FOR_TARGET_4)",
					"$(LIBRARY_SEARCH_PATHS_QUOTED_FOR_TARGET_5)",
					"$(LIBRARY_SEARCH_PATHS_QUOTED_FOR_TARGET_6)",
					"$(LIBRARY_SEARCH_PATHS_QUOTED_FOR_TARGET_7)",
				);
				LIBRARY_SEARCH_PATHS_QUOTED_FOR_TARGET_1 = "\"$(SRCROOT)/../../../addons/ofxPTAMM/libs/osx\"";
				LIBRARY_SEARCH_PATHS_QUOTED_FOR_TARGET_2 = "\"$(SRCROOT)/../../../addons/ofxPTAMM/libs/iphone\"";
				LIBRARY_SEARCH_PATHS_QUOTED_FOR_TARGET_3 = "\"$(SRCROOT)/../../../addons/ofxPTAMM/libs/osx\"";
				LIBRARY_SEARCH_PATHS_QUOTED_FOR_TARGET_4 = "\"$(SRCROOT)/../../../addons/ofxPTAMM/libs/iphone\"";
				LIBRARY_SEARCH_PATHS_QUOTED_FOR_TARGET_5 = "\"$(SRCROOT)/../../../addons/ofxPTAMM/libs/osx\"";
				LIBRARY_SEARCH_PATHS_QUOTED_FOR_TARGET_6 = "\"$(SRCROOT)/../../../addons/ofxPTAMM/libs/cvd/lib/iphone\"";
				LIBRARY_SEARCH_PATHS_QUOTED_FOR_TARGET_7 = "\"$(SRCROOT)/../../../addons/ofxPTAMM/libs/cvd/lib/osx\"";
				PREBINDING = NO;
				PRODUCT_NAME = "$(TARGET_NAME)";
				WRAPPER_EXTENSION = app;
			};
			name = Release;
		};
/* End XCBuildConfiguration section */

/* Begin XCConfigurationList section */
		E4B69B4D0A3A1720003C02F2 /* Build configuration list for PBXProject "emptyExample" */ = {
			isa = XCConfigurationList;
			buildConfigurations = (
				E4B69B4E0A3A1720003C02F2 /* Debug */,
				E4B69B4F0A3A1720003C02F2 /* Release */,
			);
			defaultConfigurationIsVisible = 0;
			defaultConfigurationName = Release;
		};
		E4B69B5F0A3A1757003C02F2 /* Build configuration list for PBXNativeTarget "emptyExample" */ = {
			isa = XCConfigurationList;
			buildConfigurations = (
				E4B69B600A3A1757003C02F2 /* Debug */,
				E4B69B610A3A1757003C02F2 /* Release */,
			);
			defaultConfigurationIsVisible = 0;
			defaultConfigurationName = Release;
		};
/* End XCConfigurationList section */
	};
	rootObject = E4B69B4C0A3A1720003C02F2 /* Project object */;
}
